// !$*UTF8*$!
{
	archiveVersion = 1;
	classes = {
	};
	objectVersion = 55;
	objects = {

/* Begin PBXBuildFile section */
		620069402857B58300BD2EB9 /* URLSessionHTTPClient.swift in Sources */ = {isa = PBXBuildFile; fileRef = 6200693F2857B58300BD2EB9 /* URLSessionHTTPClient.swift */; };
		621E1E66283E02C20042FBB4 /* RemoteFeedLoader.swift in Sources */ = {isa = PBXBuildFile; fileRef = 621E1E65283E02C20042FBB4 /* RemoteFeedLoader.swift */; };
		62224026292B5F8600096617 /* FeedPresenter.swift in Sources */ = {isa = PBXBuildFile; fileRef = 62224025292B5F8600096617 /* FeedPresenter.swift */; };
		6230B06A2926179500F9666A /* FeedImageCellController.swift in Sources */ = {isa = PBXBuildFile; fileRef = 6230B0692926179500F9666A /* FeedImageCellController.swift */; };
		6230B06D29261B4800F9666A /* FeedUIComposer.swift in Sources */ = {isa = PBXBuildFile; fileRef = 6230B06C29261B4800F9666A /* FeedUIComposer.swift */; };
		6230B0722927A17E00F9666A /* FeedImageViewModel.swift in Sources */ = {isa = PBXBuildFile; fileRef = 6230B0712927A17E00F9666A /* FeedImageViewModel.swift */; };
		6246902A283768EE006C4046 /* EssentialDeveloperFeed.docc in Sources */ = {isa = PBXBuildFile; fileRef = 62469029283768EE006C4046 /* EssentialDeveloperFeed.docc */; };
		62469030283768EE006C4046 /* EssentialDeveloperFeed.framework in Frameworks */ = {isa = PBXBuildFile; fileRef = 62469025283768EE006C4046 /* EssentialDeveloperFeed.framework */; };
		62469035283768EE006C4046 /* EssentialDeveloperFeedTests.swift in Sources */ = {isa = PBXBuildFile; fileRef = 62469034283768EE006C4046 /* EssentialDeveloperFeedTests.swift */; };
		62469036283768EE006C4046 /* EssentialDeveloperFeed.h in Headers */ = {isa = PBXBuildFile; fileRef = 62469028283768EE006C4046 /* EssentialDeveloperFeed.h */; settings = {ATTRIBUTES = (Public, ); }; };
		6246904128376A9B006C4046 /* FeedImage.swift in Sources */ = {isa = PBXBuildFile; fileRef = 6246904028376A9B006C4046 /* FeedImage.swift */; };
		6246904328376AF2006C4046 /* FeedLoader.swift in Sources */ = {isa = PBXBuildFile; fileRef = 6246904228376AF2006C4046 /* FeedLoader.swift */; };
		6246904528376C18006C4046 /* LoadFeedFromRemoteUseCaseTests.swift in Sources */ = {isa = PBXBuildFile; fileRef = 6246904428376C18006C4046 /* LoadFeedFromRemoteUseCaseTests.swift */; };
		6253DA37292224E80028B552 /* FeedImageDataLoader.swift in Sources */ = {isa = PBXBuildFile; fileRef = 6253DA36292224E80028B552 /* FeedImageDataLoader.swift */; };
		6253DA39292225980028B552 /* UIImage+TestHelpers.swift in Sources */ = {isa = PBXBuildFile; fileRef = 6253DA38292225980028B552 /* UIImage+TestHelpers.swift */; };
		6253DA3B292225CB0028B552 /* UIRefreshControl+TestHelpers.swift in Sources */ = {isa = PBXBuildFile; fileRef = 6253DA3A292225CB0028B552 /* UIRefreshControl+TestHelpers.swift */; };
		6253DA3D2922265B0028B552 /* UIButton+TestHelpers.swift in Sources */ = {isa = PBXBuildFile; fileRef = 6253DA3C2922265B0028B552 /* UIButton+TestHelpers.swift */; };
		6253DA3F292226AA0028B552 /* UIControl+TestHelpers.swift in Sources */ = {isa = PBXBuildFile; fileRef = 6253DA3E292226AA0028B552 /* UIControl+TestHelpers.swift */; };
		6253DA41292227EF0028B552 /* FeedViewController+TestHelpers.swift in Sources */ = {isa = PBXBuildFile; fileRef = 6253DA40292227EF0028B552 /* FeedViewController+TestHelpers.swift */; };
		6253DA43292229860028B552 /* FeedImageCell+TestHelpers.swift in Sources */ = {isa = PBXBuildFile; fileRef = 6253DA42292229860028B552 /* FeedImageCell+TestHelpers.swift */; };
		6253DA45292229DB0028B552 /* FeedViewControllerTests+LoaderSpy.swift in Sources */ = {isa = PBXBuildFile; fileRef = 6253DA44292229DB0028B552 /* FeedViewControllerTests+LoaderSpy.swift */; };
		6253DA4729222A270028B552 /* FeedViewControllerTests+Assertions.swift in Sources */ = {isa = PBXBuildFile; fileRef = 6253DA4629222A270028B552 /* FeedViewControllerTests+Assertions.swift */; };
		6253DA4929222D060028B552 /* FeedRefreshViewController.swift in Sources */ = {isa = PBXBuildFile; fileRef = 6253DA4829222D060028B552 /* FeedRefreshViewController.swift */; };
		625C6D1C28DCB717004016D8 /* CacheFeedUseCaseTest.swift in Sources */ = {isa = PBXBuildFile; fileRef = 625C6D1B28DCB717004016D8 /* CacheFeedUseCaseTest.swift */; };
		62601FA829168BD3008CBA90 /* EssentialFeediOS.docc in Sources */ = {isa = PBXBuildFile; fileRef = 62601FA729168BD3008CBA90 /* EssentialFeediOS.docc */; };
		62601FAE29168BD4008CBA90 /* EssentialFeediOS.framework in Frameworks */ = {isa = PBXBuildFile; fileRef = 62601FA429168BD3008CBA90 /* EssentialFeediOS.framework */; };
		62601FB329168BD4008CBA90 /* FeedViewControllerTests.swift in Sources */ = {isa = PBXBuildFile; fileRef = 62601FB229168BD4008CBA90 /* FeedViewControllerTests.swift */; };
		62601FB429168BD4008CBA90 /* EssentialFeediOS.h in Headers */ = {isa = PBXBuildFile; fileRef = 62601FA629168BD3008CBA90 /* EssentialFeediOS.h */; settings = {ATTRIBUTES = (Public, ); }; };
		62601FBD2918EAC2008CBA90 /* EssentialDeveloperFeed.framework in Frameworks */ = {isa = PBXBuildFile; fileRef = 62469025283768EE006C4046 /* EssentialDeveloperFeed.framework */; };
		62601FBE2918EAC2008CBA90 /* EssentialDeveloperFeed.framework in Embed Frameworks */ = {isa = PBXBuildFile; fileRef = 62469025283768EE006C4046 /* EssentialDeveloperFeed.framework */; settings = {ATTRIBUTES = (CodeSignOnCopy, RemoveHeadersOnCopy, ); }; };
		62601FC32918EB58008CBA90 /* XCTestCaseMemoryTracking.swift in Sources */ = {isa = PBXBuildFile; fileRef = 62DA6700285772E10026302F /* XCTestCaseMemoryTracking.swift */; };
		62601FC529190BE0008CBA90 /* FeedViewController.swift in Sources */ = {isa = PBXBuildFile; fileRef = 62601FC429190BE0008CBA90 /* FeedViewController.swift */; };
		626D614928E2090400AFCA13 /* LocalFeedLoader.swift in Sources */ = {isa = PBXBuildFile; fileRef = 626D614828E2090400AFCA13 /* LocalFeedLoader.swift */; };
		626D614B28E2096C00AFCA13 /* FeedStore.swift in Sources */ = {isa = PBXBuildFile; fileRef = 626D614A28E2096C00AFCA13 /* FeedStore.swift */; };
		626D614D28E2D36600AFCA13 /* RemoteFeedItems.swift in Sources */ = {isa = PBXBuildFile; fileRef = 626D614C28E2D36600AFCA13 /* RemoteFeedItems.swift */; };
		626D614F28E2D39F00AFCA13 /* LocalFeedImage.swift in Sources */ = {isa = PBXBuildFile; fileRef = 626D614E28E2D39F00AFCA13 /* LocalFeedImage.swift */; };
		6293BACE28FDA0AA0078DCAE /* FeedStoreSpecs.swift in Sources */ = {isa = PBXBuildFile; fileRef = 6293BACD28FDA0AA0078DCAE /* FeedStoreSpecs.swift */; };
		6293BAD328FDBB9E0078DCAE /* XCTestCase+FailableDeleteFeedStoreSpecs.swift in Sources */ = {isa = PBXBuildFile; fileRef = 6293BAD228FDBB9E0078DCAE /* XCTestCase+FailableDeleteFeedStoreSpecs.swift */; };
		6293BAD528FDBBBD0078DCAE /* XCTestCase+FailableInsertFeedStoreSpecs.swift in Sources */ = {isa = PBXBuildFile; fileRef = 6293BAD428FDBBBD0078DCAE /* XCTestCase+FailableInsertFeedStoreSpecs.swift */; };
		6293BAD728FDBBD50078DCAE /* XCTestCase+FailableRetrieveFeedStoreSpecs.swift in Sources */ = {isa = PBXBuildFile; fileRef = 6293BAD628FDBBD50078DCAE /* XCTestCase+FailableRetrieveFeedStoreSpecs.swift */; };
		6293BAD928FDBBED0078DCAE /* XCTestCase+FeedStoreSpecs.swift in Sources */ = {isa = PBXBuildFile; fileRef = 6293BAD828FDBBED0078DCAE /* XCTestCase+FeedStoreSpecs.swift */; };
		6293BADB28FE7F3E0078DCAE /* CoreDataFeedStoreTests.swift in Sources */ = {isa = PBXBuildFile; fileRef = 6293BADA28FE7F3E0078DCAE /* CoreDataFeedStoreTests.swift */; };
		6293BAE928FE81E60078DCAE /* CoreDataHelpers.swift in Sources */ = {isa = PBXBuildFile; fileRef = 6293BAE028FE7FE90078DCAE /* CoreDataHelpers.swift */; };
		6293BAEA28FE81E60078DCAE /* CoreDataFeedStore.swift in Sources */ = {isa = PBXBuildFile; fileRef = 6293BADE28FE7FD40078DCAE /* CoreDataFeedStore.swift */; };
		6293BAEB28FE81E60078DCAE /* ManagedFeedImage.swift in Sources */ = {isa = PBXBuildFile; fileRef = 6293BAE728FE815D0078DCAE /* ManagedFeedImage.swift */; };
		6293BAED28FE81EB0078DCAE /* FeedStore.xcdatamodeld in Sources */ = {isa = PBXBuildFile; fileRef = 6293BAE228FE80610078DCAE /* FeedStore.xcdatamodeld */; };
		6293BAEE28FE823A0078DCAE /* ManagedCache.swift in Sources */ = {isa = PBXBuildFile; fileRef = 6293BAE528FE81410078DCAE /* ManagedCache.swift */; };
		629D0EC4291A3C70001A0B21 /* FeedImageCell.swift in Sources */ = {isa = PBXBuildFile; fileRef = 629D0EC3291A3C70001A0B21 /* FeedImageCell.swift */; };
		62AE669D292CAE6B009BB99B /* FeedImagePresenter.swift in Sources */ = {isa = PBXBuildFile; fileRef = 62AE669C292CAE6B009BB99B /* FeedImagePresenter.swift */; };
		62AE669F292CAFBE009BB99B /* FeedLoadingViewModel.swift in Sources */ = {isa = PBXBuildFile; fileRef = 62AE669E292CAFBE009BB99B /* FeedLoadingViewModel.swift */; };
		62AE66A1292CAFED009BB99B /* FeedViewModel.swift in Sources */ = {isa = PBXBuildFile; fileRef = 62AE66A0292CAFED009BB99B /* FeedViewModel.swift */; };
		62B0780428E42140003FDE12 /* LoadFeedFromCacheUseCaseTest.swift in Sources */ = {isa = PBXBuildFile; fileRef = 62B0780328E42140003FDE12 /* LoadFeedFromCacheUseCaseTest.swift */; };
		62B0780728E422A5003FDE12 /* FeedStoreSpy.swift in Sources */ = {isa = PBXBuildFile; fileRef = 62B0780628E422A5003FDE12 /* FeedStoreSpy.swift */; };
		62B0781128E5713C003FDE12 /* ValidateFeedCacheUseCaseTests.swift in Sources */ = {isa = PBXBuildFile; fileRef = 62B0781028E5713C003FDE12 /* ValidateFeedCacheUseCaseTests.swift */; };
		62B0781328E57588003FDE12 /* FeedCacheTestHelper.swift in Sources */ = {isa = PBXBuildFile; fileRef = 62B0781228E57588003FDE12 /* FeedCacheTestHelper.swift */; };
		62B0781528E57612003FDE12 /* ShareTestHelpers.swift in Sources */ = {isa = PBXBuildFile; fileRef = 62B0781428E57612003FDE12 /* ShareTestHelpers.swift */; };
		62B0781728E6C360003FDE12 /* FeedCachePolicy.swift in Sources */ = {isa = PBXBuildFile; fileRef = 62B0781628E6C360003FDE12 /* FeedCachePolicy.swift */; };
		62DA667A28523E320026302F /* URLSessionHTTPClientTests.swift in Sources */ = {isa = PBXBuildFile; fileRef = 62DA667928523E320026302F /* URLSessionHTTPClientTests.swift */; };
		62DA6701285772E10026302F /* XCTestCaseMemoryTracking.swift in Sources */ = {isa = PBXBuildFile; fileRef = 62DA6700285772E10026302F /* XCTestCaseMemoryTracking.swift */; };
		62DB74B52847987E00748AF5 /* HTTPClient.swift in Sources */ = {isa = PBXBuildFile; fileRef = 62DB74B42847987E00748AF5 /* HTTPClient.swift */; };
		62DB74B7284798E800748AF5 /* FeedItemsMapper.swift in Sources */ = {isa = PBXBuildFile; fileRef = 62DB74B6284798E800748AF5 /* FeedItemsMapper.swift */; };
		62E616A3291E30A700C4E686 /* UIView+Shimmering.swift in Sources */ = {isa = PBXBuildFile; fileRef = 62E616A2291E30A700C4E686 /* UIView+Shimmering.swift */; };
		62F18D7B28FFD26600D3DD04 /* EssentialDeveloperFeedCacheIntegrationTests.swift in Sources */ = {isa = PBXBuildFile; fileRef = 62F18D7A28FFD26600D3DD04 /* EssentialDeveloperFeedCacheIntegrationTests.swift */; };
		62F18D7C28FFD26600D3DD04 /* EssentialDeveloperFeed.framework in Frameworks */ = {isa = PBXBuildFile; fileRef = 62469025283768EE006C4046 /* EssentialDeveloperFeed.framework */; };
		62F18D8228FFD50400D3DD04 /* XCTestCaseMemoryTracking.swift in Sources */ = {isa = PBXBuildFile; fileRef = 62DA6700285772E10026302F /* XCTestCaseMemoryTracking.swift */; };
		62F18D8428FFD6D800D3DD04 /* FeedCacheTestHelper.swift in Sources */ = {isa = PBXBuildFile; fileRef = 62B0781228E57588003FDE12 /* FeedCacheTestHelper.swift */; };
		62F18D8528FFD6E200D3DD04 /* ShareTestHelpers.swift in Sources */ = {isa = PBXBuildFile; fileRef = 62B0781428E57612003FDE12 /* ShareTestHelpers.swift */; };
		62F594712864450F00FE48B8 /* EssentialFeedApiEndToEndTest.swift in Sources */ = {isa = PBXBuildFile; fileRef = 62F594702864450F00FE48B8 /* EssentialFeedApiEndToEndTest.swift */; };
		62F59477286457F300FE48B8 /* EssentialDeveloperFeed.framework in Frameworks */ = {isa = PBXBuildFile; fileRef = 62469025283768EE006C4046 /* EssentialDeveloperFeed.framework */; };
		62F59478286458A700FE48B8 /* XCTestCaseMemoryTracking.swift in Sources */ = {isa = PBXBuildFile; fileRef = 62DA6700285772E10026302F /* XCTestCaseMemoryTracking.swift */; };
/* End PBXBuildFile section */

/* Begin PBXContainerItemProxy section */
		62469031283768EE006C4046 /* PBXContainerItemProxy */ = {
			isa = PBXContainerItemProxy;
			containerPortal = 6246901C283768EE006C4046 /* Project object */;
			proxyType = 1;
			remoteGlobalIDString = 62469024283768EE006C4046;
			remoteInfo = EssentialDeveloperFeed;
		};
		62601FAF29168BD4008CBA90 /* PBXContainerItemProxy */ = {
			isa = PBXContainerItemProxy;
			containerPortal = 6246901C283768EE006C4046 /* Project object */;
			proxyType = 1;
			remoteGlobalIDString = 62601FA329168BD3008CBA90;
			remoteInfo = EssentialFeediOS;
		};
		62601FBF2918EAC2008CBA90 /* PBXContainerItemProxy */ = {
			isa = PBXContainerItemProxy;
			containerPortal = 6246901C283768EE006C4046 /* Project object */;
			proxyType = 1;
			remoteGlobalIDString = 62469024283768EE006C4046;
			remoteInfo = EssentialDeveloperFeed;
		};
		62F18D7D28FFD26600D3DD04 /* PBXContainerItemProxy */ = {
			isa = PBXContainerItemProxy;
			containerPortal = 6246901C283768EE006C4046 /* Project object */;
			proxyType = 1;
			remoteGlobalIDString = 62469024283768EE006C4046;
			remoteInfo = EssentialDeveloperFeed;
		};
/* End PBXContainerItemProxy section */

/* Begin PBXCopyFilesBuildPhase section */
		62601FC12918EAC2008CBA90 /* Embed Frameworks */ = {
			isa = PBXCopyFilesBuildPhase;
			buildActionMask = 2147483647;
			dstPath = "";
			dstSubfolderSpec = 10;
			files = (
				62601FBE2918EAC2008CBA90 /* EssentialDeveloperFeed.framework in Embed Frameworks */,
			);
			name = "Embed Frameworks";
			runOnlyForDeploymentPostprocessing = 0;
		};
/* End PBXCopyFilesBuildPhase section */

/* Begin PBXFileReference section */
		6200693F2857B58300BD2EB9 /* URLSessionHTTPClient.swift */ = {isa = PBXFileReference; lastKnownFileType = sourcecode.swift; path = URLSessionHTTPClient.swift; sourceTree = "<group>"; };
		621E1E65283E02C20042FBB4 /* RemoteFeedLoader.swift */ = {isa = PBXFileReference; lastKnownFileType = sourcecode.swift; path = RemoteFeedLoader.swift; sourceTree = "<group>"; };
		62224025292B5F8600096617 /* FeedPresenter.swift */ = {isa = PBXFileReference; lastKnownFileType = sourcecode.swift; path = FeedPresenter.swift; sourceTree = "<group>"; };
		6230B0692926179500F9666A /* FeedImageCellController.swift */ = {isa = PBXFileReference; lastKnownFileType = sourcecode.swift; path = FeedImageCellController.swift; sourceTree = "<group>"; };
		6230B06C29261B4800F9666A /* FeedUIComposer.swift */ = {isa = PBXFileReference; lastKnownFileType = sourcecode.swift; path = FeedUIComposer.swift; sourceTree = "<group>"; };
		6230B0712927A17E00F9666A /* FeedImageViewModel.swift */ = {isa = PBXFileReference; lastKnownFileType = sourcecode.swift; path = FeedImageViewModel.swift; sourceTree = "<group>"; };
		62469025283768EE006C4046 /* EssentialDeveloperFeed.framework */ = {isa = PBXFileReference; explicitFileType = wrapper.framework; includeInIndex = 0; path = EssentialDeveloperFeed.framework; sourceTree = BUILT_PRODUCTS_DIR; };
		62469028283768EE006C4046 /* EssentialDeveloperFeed.h */ = {isa = PBXFileReference; lastKnownFileType = sourcecode.c.h; path = EssentialDeveloperFeed.h; sourceTree = "<group>"; };
		62469029283768EE006C4046 /* EssentialDeveloperFeed.docc */ = {isa = PBXFileReference; lastKnownFileType = folder.documentationcatalog; path = EssentialDeveloperFeed.docc; sourceTree = "<group>"; };
		6246902F283768EE006C4046 /* EssentialDeveloperFeedTests.xctest */ = {isa = PBXFileReference; explicitFileType = wrapper.cfbundle; includeInIndex = 0; path = EssentialDeveloperFeedTests.xctest; sourceTree = BUILT_PRODUCTS_DIR; };
		62469034283768EE006C4046 /* EssentialDeveloperFeedTests.swift */ = {isa = PBXFileReference; lastKnownFileType = sourcecode.swift; path = EssentialDeveloperFeedTests.swift; sourceTree = "<group>"; };
		6246904028376A9B006C4046 /* FeedImage.swift */ = {isa = PBXFileReference; lastKnownFileType = sourcecode.swift; path = FeedImage.swift; sourceTree = "<group>"; };
		6246904228376AF2006C4046 /* FeedLoader.swift */ = {isa = PBXFileReference; lastKnownFileType = sourcecode.swift; path = FeedLoader.swift; sourceTree = "<group>"; };
		6246904428376C18006C4046 /* LoadFeedFromRemoteUseCaseTests.swift */ = {isa = PBXFileReference; lastKnownFileType = sourcecode.swift; path = LoadFeedFromRemoteUseCaseTests.swift; sourceTree = "<group>"; };
		6253DA36292224E80028B552 /* FeedImageDataLoader.swift */ = {isa = PBXFileReference; lastKnownFileType = sourcecode.swift; path = FeedImageDataLoader.swift; sourceTree = "<group>"; };
		6253DA38292225980028B552 /* UIImage+TestHelpers.swift */ = {isa = PBXFileReference; lastKnownFileType = sourcecode.swift; path = "UIImage+TestHelpers.swift"; sourceTree = "<group>"; };
		6253DA3A292225CB0028B552 /* UIRefreshControl+TestHelpers.swift */ = {isa = PBXFileReference; lastKnownFileType = sourcecode.swift; path = "UIRefreshControl+TestHelpers.swift"; sourceTree = "<group>"; };
		6253DA3C2922265B0028B552 /* UIButton+TestHelpers.swift */ = {isa = PBXFileReference; lastKnownFileType = sourcecode.swift; path = "UIButton+TestHelpers.swift"; sourceTree = "<group>"; };
		6253DA3E292226AA0028B552 /* UIControl+TestHelpers.swift */ = {isa = PBXFileReference; lastKnownFileType = sourcecode.swift; path = "UIControl+TestHelpers.swift"; sourceTree = "<group>"; };
		6253DA40292227EF0028B552 /* FeedViewController+TestHelpers.swift */ = {isa = PBXFileReference; lastKnownFileType = sourcecode.swift; path = "FeedViewController+TestHelpers.swift"; sourceTree = "<group>"; };
		6253DA42292229860028B552 /* FeedImageCell+TestHelpers.swift */ = {isa = PBXFileReference; lastKnownFileType = sourcecode.swift; path = "FeedImageCell+TestHelpers.swift"; sourceTree = "<group>"; };
		6253DA44292229DB0028B552 /* FeedViewControllerTests+LoaderSpy.swift */ = {isa = PBXFileReference; lastKnownFileType = sourcecode.swift; path = "FeedViewControllerTests+LoaderSpy.swift"; sourceTree = "<group>"; };
		6253DA4629222A270028B552 /* FeedViewControllerTests+Assertions.swift */ = {isa = PBXFileReference; lastKnownFileType = sourcecode.swift; path = "FeedViewControllerTests+Assertions.swift"; sourceTree = "<group>"; };
		6253DA4829222D060028B552 /* FeedRefreshViewController.swift */ = {isa = PBXFileReference; lastKnownFileType = sourcecode.swift; path = FeedRefreshViewController.swift; sourceTree = "<group>"; };
		625C6D1B28DCB717004016D8 /* CacheFeedUseCaseTest.swift */ = {isa = PBXFileReference; lastKnownFileType = sourcecode.swift; path = CacheFeedUseCaseTest.swift; sourceTree = "<group>"; };
		62601FA429168BD3008CBA90 /* EssentialFeediOS.framework */ = {isa = PBXFileReference; explicitFileType = wrapper.framework; includeInIndex = 0; path = EssentialFeediOS.framework; sourceTree = BUILT_PRODUCTS_DIR; };
		62601FA629168BD3008CBA90 /* EssentialFeediOS.h */ = {isa = PBXFileReference; lastKnownFileType = sourcecode.c.h; path = EssentialFeediOS.h; sourceTree = "<group>"; };
		62601FA729168BD3008CBA90 /* EssentialFeediOS.docc */ = {isa = PBXFileReference; lastKnownFileType = folder.documentationcatalog; path = EssentialFeediOS.docc; sourceTree = "<group>"; };
		62601FAD29168BD3008CBA90 /* EssentialFeediOSTests.xctest */ = {isa = PBXFileReference; explicitFileType = wrapper.cfbundle; includeInIndex = 0; path = EssentialFeediOSTests.xctest; sourceTree = BUILT_PRODUCTS_DIR; };
		62601FB229168BD4008CBA90 /* FeedViewControllerTests.swift */ = {isa = PBXFileReference; lastKnownFileType = sourcecode.swift; path = FeedViewControllerTests.swift; sourceTree = "<group>"; };
		62601FC429190BE0008CBA90 /* FeedViewController.swift */ = {isa = PBXFileReference; lastKnownFileType = sourcecode.swift; path = FeedViewController.swift; sourceTree = "<group>"; };
		626D614828E2090400AFCA13 /* LocalFeedLoader.swift */ = {isa = PBXFileReference; lastKnownFileType = sourcecode.swift; path = LocalFeedLoader.swift; sourceTree = "<group>"; };
		626D614A28E2096C00AFCA13 /* FeedStore.swift */ = {isa = PBXFileReference; lastKnownFileType = sourcecode.swift; path = FeedStore.swift; sourceTree = "<group>"; };
		626D614C28E2D36600AFCA13 /* RemoteFeedItems.swift */ = {isa = PBXFileReference; lastKnownFileType = sourcecode.swift; path = RemoteFeedItems.swift; sourceTree = "<group>"; };
		626D614E28E2D39F00AFCA13 /* LocalFeedImage.swift */ = {isa = PBXFileReference; lastKnownFileType = sourcecode.swift; path = LocalFeedImage.swift; sourceTree = "<group>"; };
		6293BACD28FDA0AA0078DCAE /* FeedStoreSpecs.swift */ = {isa = PBXFileReference; lastKnownFileType = sourcecode.swift; path = FeedStoreSpecs.swift; sourceTree = "<group>"; };
		6293BAD228FDBB9E0078DCAE /* XCTestCase+FailableDeleteFeedStoreSpecs.swift */ = {isa = PBXFileReference; lastKnownFileType = sourcecode.swift; path = "XCTestCase+FailableDeleteFeedStoreSpecs.swift"; sourceTree = "<group>"; };
		6293BAD428FDBBBD0078DCAE /* XCTestCase+FailableInsertFeedStoreSpecs.swift */ = {isa = PBXFileReference; lastKnownFileType = sourcecode.swift; path = "XCTestCase+FailableInsertFeedStoreSpecs.swift"; sourceTree = "<group>"; };
		6293BAD628FDBBD50078DCAE /* XCTestCase+FailableRetrieveFeedStoreSpecs.swift */ = {isa = PBXFileReference; lastKnownFileType = sourcecode.swift; path = "XCTestCase+FailableRetrieveFeedStoreSpecs.swift"; sourceTree = "<group>"; };
		6293BAD828FDBBED0078DCAE /* XCTestCase+FeedStoreSpecs.swift */ = {isa = PBXFileReference; lastKnownFileType = sourcecode.swift; path = "XCTestCase+FeedStoreSpecs.swift"; sourceTree = "<group>"; };
		6293BADA28FE7F3E0078DCAE /* CoreDataFeedStoreTests.swift */ = {isa = PBXFileReference; lastKnownFileType = sourcecode.swift; path = CoreDataFeedStoreTests.swift; sourceTree = "<group>"; };
		6293BADE28FE7FD40078DCAE /* CoreDataFeedStore.swift */ = {isa = PBXFileReference; lastKnownFileType = sourcecode.swift; path = CoreDataFeedStore.swift; sourceTree = "<group>"; };
		6293BAE028FE7FE90078DCAE /* CoreDataHelpers.swift */ = {isa = PBXFileReference; lastKnownFileType = sourcecode.swift; path = CoreDataHelpers.swift; sourceTree = "<group>"; };
		6293BAE328FE80610078DCAE /* FeedStore.xcdatamodel */ = {isa = PBXFileReference; lastKnownFileType = wrapper.xcdatamodel; path = FeedStore.xcdatamodel; sourceTree = "<group>"; };
		6293BAE528FE81410078DCAE /* ManagedCache.swift */ = {isa = PBXFileReference; lastKnownFileType = sourcecode.swift; path = ManagedCache.swift; sourceTree = "<group>"; };
		6293BAE728FE815D0078DCAE /* ManagedFeedImage.swift */ = {isa = PBXFileReference; lastKnownFileType = sourcecode.swift; path = ManagedFeedImage.swift; sourceTree = "<group>"; };
		629D0EC3291A3C70001A0B21 /* FeedImageCell.swift */ = {isa = PBXFileReference; lastKnownFileType = sourcecode.swift; path = FeedImageCell.swift; sourceTree = "<group>"; };
		62AE669C292CAE6B009BB99B /* FeedImagePresenter.swift */ = {isa = PBXFileReference; lastKnownFileType = sourcecode.swift; path = FeedImagePresenter.swift; sourceTree = "<group>"; };
		62AE669E292CAFBE009BB99B /* FeedLoadingViewModel.swift */ = {isa = PBXFileReference; lastKnownFileType = sourcecode.swift; path = FeedLoadingViewModel.swift; sourceTree = "<group>"; };
		62AE66A0292CAFED009BB99B /* FeedViewModel.swift */ = {isa = PBXFileReference; lastKnownFileType = sourcecode.swift; path = FeedViewModel.swift; sourceTree = "<group>"; };
		62B0780328E42140003FDE12 /* LoadFeedFromCacheUseCaseTest.swift */ = {isa = PBXFileReference; lastKnownFileType = sourcecode.swift; path = LoadFeedFromCacheUseCaseTest.swift; sourceTree = "<group>"; };
		62B0780628E422A5003FDE12 /* FeedStoreSpy.swift */ = {isa = PBXFileReference; lastKnownFileType = sourcecode.swift; path = FeedStoreSpy.swift; sourceTree = "<group>"; };
		62B0781028E5713C003FDE12 /* ValidateFeedCacheUseCaseTests.swift */ = {isa = PBXFileReference; lastKnownFileType = sourcecode.swift; path = ValidateFeedCacheUseCaseTests.swift; sourceTree = "<group>"; };
		62B0781228E57588003FDE12 /* FeedCacheTestHelper.swift */ = {isa = PBXFileReference; lastKnownFileType = sourcecode.swift; path = FeedCacheTestHelper.swift; sourceTree = "<group>"; };
		62B0781428E57612003FDE12 /* ShareTestHelpers.swift */ = {isa = PBXFileReference; lastKnownFileType = sourcecode.swift; path = ShareTestHelpers.swift; sourceTree = "<group>"; };
		62B0781628E6C360003FDE12 /* FeedCachePolicy.swift */ = {isa = PBXFileReference; lastKnownFileType = sourcecode.swift; path = FeedCachePolicy.swift; sourceTree = "<group>"; };
		62DA667928523E320026302F /* URLSessionHTTPClientTests.swift */ = {isa = PBXFileReference; lastKnownFileType = sourcecode.swift; path = URLSessionHTTPClientTests.swift; sourceTree = "<group>"; };
		62DA6700285772E10026302F /* XCTestCaseMemoryTracking.swift */ = {isa = PBXFileReference; lastKnownFileType = sourcecode.swift; path = XCTestCaseMemoryTracking.swift; sourceTree = "<group>"; };
		62DB74B42847987E00748AF5 /* HTTPClient.swift */ = {isa = PBXFileReference; lastKnownFileType = sourcecode.swift; path = HTTPClient.swift; sourceTree = "<group>"; };
		62DB74B6284798E800748AF5 /* FeedItemsMapper.swift */ = {isa = PBXFileReference; lastKnownFileType = sourcecode.swift; path = FeedItemsMapper.swift; sourceTree = "<group>"; };
		62E616A2291E30A700C4E686 /* UIView+Shimmering.swift */ = {isa = PBXFileReference; lastKnownFileType = sourcecode.swift; path = "UIView+Shimmering.swift"; sourceTree = "<group>"; };
		62F18D7828FFD26600D3DD04 /* EssentialDeveloperFeedCacheIntegrationTests.xctest */ = {isa = PBXFileReference; explicitFileType = wrapper.cfbundle; includeInIndex = 0; path = EssentialDeveloperFeedCacheIntegrationTests.xctest; sourceTree = BUILT_PRODUCTS_DIR; };
		62F18D7A28FFD26600D3DD04 /* EssentialDeveloperFeedCacheIntegrationTests.swift */ = {isa = PBXFileReference; lastKnownFileType = sourcecode.swift; path = EssentialDeveloperFeedCacheIntegrationTests.swift; sourceTree = "<group>"; };
		62F5946E2864450F00FE48B8 /* EssentialFeedApiEndToEndTest.xctest */ = {isa = PBXFileReference; explicitFileType = wrapper.cfbundle; includeInIndex = 0; path = EssentialFeedApiEndToEndTest.xctest; sourceTree = BUILT_PRODUCTS_DIR; };
		62F594702864450F00FE48B8 /* EssentialFeedApiEndToEndTest.swift */ = {isa = PBXFileReference; lastKnownFileType = sourcecode.swift; path = EssentialFeedApiEndToEndTest.swift; sourceTree = "<group>"; };
/* End PBXFileReference section */

/* Begin PBXFrameworksBuildPhase section */
		62469022283768EE006C4046 /* Frameworks */ = {
			isa = PBXFrameworksBuildPhase;
			buildActionMask = 2147483647;
			files = (
			);
			runOnlyForDeploymentPostprocessing = 0;
		};
		6246902C283768EE006C4046 /* Frameworks */ = {
			isa = PBXFrameworksBuildPhase;
			buildActionMask = 2147483647;
			files = (
				62469030283768EE006C4046 /* EssentialDeveloperFeed.framework in Frameworks */,
			);
			runOnlyForDeploymentPostprocessing = 0;
		};
		62601FA129168BD3008CBA90 /* Frameworks */ = {
			isa = PBXFrameworksBuildPhase;
			buildActionMask = 2147483647;
			files = (
				62601FBD2918EAC2008CBA90 /* EssentialDeveloperFeed.framework in Frameworks */,
			);
			runOnlyForDeploymentPostprocessing = 0;
		};
		62601FAA29168BD3008CBA90 /* Frameworks */ = {
			isa = PBXFrameworksBuildPhase;
			buildActionMask = 2147483647;
			files = (
				62601FAE29168BD4008CBA90 /* EssentialFeediOS.framework in Frameworks */,
			);
			runOnlyForDeploymentPostprocessing = 0;
		};
		62F18D7528FFD26600D3DD04 /* Frameworks */ = {
			isa = PBXFrameworksBuildPhase;
			buildActionMask = 2147483647;
			files = (
				62F18D7C28FFD26600D3DD04 /* EssentialDeveloperFeed.framework in Frameworks */,
			);
			runOnlyForDeploymentPostprocessing = 0;
		};
		62F5946B2864450F00FE48B8 /* Frameworks */ = {
			isa = PBXFrameworksBuildPhase;
			buildActionMask = 2147483647;
			files = (
				62F59477286457F300FE48B8 /* EssentialDeveloperFeed.framework in Frameworks */,
			);
			runOnlyForDeploymentPostprocessing = 0;
		};
/* End PBXFrameworksBuildPhase section */

/* Begin PBXGroup section */
		621E1E63283E02780042FBB4 /* EssentialFeed */ = {
			isa = PBXGroup;
			children = (
				626D614728E208F300AFCA13 /* Feed Cache */,
				6246903F28376A89006C4046 /* FeedFeature */,
				621E1E64283E028D0042FBB4 /* Feed API */,
			);
			path = EssentialFeed;
			sourceTree = "<group>";
		};
		621E1E64283E028D0042FBB4 /* Feed API */ = {
			isa = PBXGroup;
			children = (
				621E1E65283E02C20042FBB4 /* RemoteFeedLoader.swift */,
				62DB74B42847987E00748AF5 /* HTTPClient.swift */,
				62DB74B6284798E800748AF5 /* FeedItemsMapper.swift */,
				626D614C28E2D36600AFCA13 /* RemoteFeedItems.swift */,
				6200693F2857B58300BD2EB9 /* URLSessionHTTPClient.swift */,
			);
			path = "Feed API";
			sourceTree = "<group>";
		};
		6230B06B29261B3C00F9666A /* Composer */ = {
			isa = PBXGroup;
			children = (
				6230B06C29261B4800F9666A /* FeedUIComposer.swift */,
			);
			path = Composer;
			sourceTree = "<group>";
		};
		6230B06E29276E3900F9666A /* Feed Presentation */ = {
			isa = PBXGroup;
			children = (
				62224025292B5F8600096617 /* FeedPresenter.swift */,
				6230B0712927A17E00F9666A /* FeedImageViewModel.swift */,
				62AE669C292CAE6B009BB99B /* FeedImagePresenter.swift */,
				62AE669E292CAFBE009BB99B /* FeedLoadingViewModel.swift */,
				62AE66A0292CAFED009BB99B /* FeedViewModel.swift */,
			);
			path = "Feed Presentation";
			sourceTree = "<group>";
		};
		6246901B283768EE006C4046 = {
			isa = PBXGroup;
			children = (
				621E1E63283E02780042FBB4 /* EssentialFeed */,
				62469033283768EE006C4046 /* EssentialDeveloperFeedTests */,
				62F5946F2864450F00FE48B8 /* EssentialFeedApiEndToEndTest */,
				62F18D7928FFD26600D3DD04 /* EssentialDeveloperFeedCacheIntegrationTests */,
				62469027283768EE006C4046 /* EssentialDeveloperFeed */,
				62601FA529168BD3008CBA90 /* EssentialFeediOS */,
				62601FB129168BD4008CBA90 /* EssentialFeediOSTests */,
				62469026283768EE006C4046 /* Products */,
				62F594752864569F00FE48B8 /* Frameworks */,
			);
			sourceTree = "<group>";
		};
		62469026283768EE006C4046 /* Products */ = {
			isa = PBXGroup;
			children = (
				62469025283768EE006C4046 /* EssentialDeveloperFeed.framework */,
				6246902F283768EE006C4046 /* EssentialDeveloperFeedTests.xctest */,
				62F5946E2864450F00FE48B8 /* EssentialFeedApiEndToEndTest.xctest */,
				62F18D7828FFD26600D3DD04 /* EssentialDeveloperFeedCacheIntegrationTests.xctest */,
				62601FA429168BD3008CBA90 /* EssentialFeediOS.framework */,
				62601FAD29168BD3008CBA90 /* EssentialFeediOSTests.xctest */,
			);
			name = Products;
			sourceTree = "<group>";
		};
		62469027283768EE006C4046 /* EssentialDeveloperFeed */ = {
			isa = PBXGroup;
			children = (
				62469028283768EE006C4046 /* EssentialDeveloperFeed.h */,
				62469029283768EE006C4046 /* EssentialDeveloperFeed.docc */,
			);
			path = EssentialDeveloperFeed;
			sourceTree = "<group>";
		};
		62469033283768EE006C4046 /* EssentialDeveloperFeedTests */ = {
			isa = PBXGroup;
			children = (
				62469034283768EE006C4046 /* EssentialDeveloperFeedTests.swift */,
				62DA66FF285772C60026302F /* Helpers */,
				625C6D1A28DCB6E4004016D8 /* Feed Cache */,
				62DB74B828479EDC00748AF5 /* FeedAPI */,
			);
			path = EssentialDeveloperFeedTests;
			sourceTree = "<group>";
		};
		6246903F28376A89006C4046 /* FeedFeature */ = {
			isa = PBXGroup;
			children = (
				6246904028376A9B006C4046 /* FeedImage.swift */,
				6246904228376AF2006C4046 /* FeedLoader.swift */,
			);
			path = FeedFeature;
			sourceTree = "<group>";
		};
		6253DA2E2922241C0028B552 /* Feed UI */ = {
			isa = PBXGroup;
			children = (
				6230B06E29276E3900F9666A /* Feed Presentation */,
				6230B06B29261B3C00F9666A /* Composer */,
				6253DA2F2922242A0028B552 /* Controllers */,
				6253DA302922243D0028B552 /* Views */,
			);
			path = "Feed UI";
			sourceTree = "<group>";
		};
		6253DA2F2922242A0028B552 /* Controllers */ = {
			isa = PBXGroup;
			children = (
				62601FC429190BE0008CBA90 /* FeedViewController.swift */,
				6253DA4829222D060028B552 /* FeedRefreshViewController.swift */,
				6230B0692926179500F9666A /* FeedImageCellController.swift */,
			);
			path = Controllers;
			sourceTree = "<group>";
		};
		6253DA302922243D0028B552 /* Views */ = {
			isa = PBXGroup;
			children = (
				629D0EC3291A3C70001A0B21 /* FeedImageCell.swift */,
				62E616A2291E30A700C4E686 /* UIView+Shimmering.swift */,
			);
			path = Views;
			sourceTree = "<group>";
		};
		6253DA312922245D0028B552 /* Helpers */ = {
			isa = PBXGroup;
			children = (
				6253DA38292225980028B552 /* UIImage+TestHelpers.swift */,
				6253DA3A292225CB0028B552 /* UIRefreshControl+TestHelpers.swift */,
				6253DA3C2922265B0028B552 /* UIButton+TestHelpers.swift */,
				6253DA3E292226AA0028B552 /* UIControl+TestHelpers.swift */,
			);
			path = Helpers;
			sourceTree = "<group>";
		};
		6253DA322922246A0028B552 /* Feed UI */ = {
			isa = PBXGroup;
			children = (
				6253DA332922247A0028B552 /* Controllers */,
			);
			path = "Feed UI";
			sourceTree = "<group>";
		};
		6253DA332922247A0028B552 /* Controllers */ = {
			isa = PBXGroup;
			children = (
				6253DA34292224930028B552 /* Helpers */,
				62601FB229168BD4008CBA90 /* FeedViewControllerTests.swift */,
			);
			path = Controllers;
			sourceTree = "<group>";
		};
		6253DA34292224930028B552 /* Helpers */ = {
			isa = PBXGroup;
			children = (
				6253DA40292227EF0028B552 /* FeedViewController+TestHelpers.swift */,
				6253DA42292229860028B552 /* FeedImageCell+TestHelpers.swift */,
				6253DA44292229DB0028B552 /* FeedViewControllerTests+LoaderSpy.swift */,
				6253DA4629222A270028B552 /* FeedViewControllerTests+Assertions.swift */,
			);
			path = Helpers;
			sourceTree = "<group>";
		};
		6253DA35292224C00028B552 /* Feed Image Loader */ = {
			isa = PBXGroup;
			children = (
				6253DA36292224E80028B552 /* FeedImageDataLoader.swift */,
			);
			path = "Feed Image Loader";
			sourceTree = "<group>";
		};
		625C6D1A28DCB6E4004016D8 /* Feed Cache */ = {
			isa = PBXGroup;
			children = (
				6293BAD128FDBB840078DCAE /* FeedStoreSpecs */,
				62B0780528E4228F003FDE12 /* Helpers */,
				625C6D1B28DCB717004016D8 /* CacheFeedUseCaseTest.swift */,
				62B0780328E42140003FDE12 /* LoadFeedFromCacheUseCaseTest.swift */,
				62B0781028E5713C003FDE12 /* ValidateFeedCacheUseCaseTests.swift */,
				6293BADA28FE7F3E0078DCAE /* CoreDataFeedStoreTests.swift */,
			);
			path = "Feed Cache";
			sourceTree = "<group>";
		};
		62601FA529168BD3008CBA90 /* EssentialFeediOS */ = {
			isa = PBXGroup;
			children = (
				62601FA629168BD3008CBA90 /* EssentialFeediOS.h */,
				62601FA729168BD3008CBA90 /* EssentialFeediOS.docc */,
				6253DA35292224C00028B552 /* Feed Image Loader */,
				6253DA2E2922241C0028B552 /* Feed UI */,
			);
			path = EssentialFeediOS;
			sourceTree = "<group>";
		};
		62601FB129168BD4008CBA90 /* EssentialFeediOSTests */ = {
			isa = PBXGroup;
			children = (
				6253DA312922245D0028B552 /* Helpers */,
				6253DA322922246A0028B552 /* Feed UI */,
			);
			path = EssentialFeediOSTests;
			sourceTree = "<group>";
		};
		626D614728E208F300AFCA13 /* Feed Cache */ = {
			isa = PBXGroup;
			children = (
				626D614828E2090400AFCA13 /* LocalFeedLoader.swift */,
				626D614A28E2096C00AFCA13 /* FeedStore.swift */,
				626D614E28E2D39F00AFCA13 /* LocalFeedImage.swift */,
				62B0781628E6C360003FDE12 /* FeedCachePolicy.swift */,
				6293BADC28FE7F660078DCAE /* Infrastructure */,
			);
			path = "Feed Cache";
			sourceTree = "<group>";
		};
		6293BAD128FDBB840078DCAE /* FeedStoreSpecs */ = {
			isa = PBXGroup;
			children = (
				6293BACD28FDA0AA0078DCAE /* FeedStoreSpecs.swift */,
				6293BAD828FDBBED0078DCAE /* XCTestCase+FeedStoreSpecs.swift */,
				6293BAD428FDBBBD0078DCAE /* XCTestCase+FailableInsertFeedStoreSpecs.swift */,
				6293BAD628FDBBD50078DCAE /* XCTestCase+FailableRetrieveFeedStoreSpecs.swift */,
				6293BAD228FDBB9E0078DCAE /* XCTestCase+FailableDeleteFeedStoreSpecs.swift */,
			);
			path = FeedStoreSpecs;
			sourceTree = "<group>";
		};
		6293BADC28FE7F660078DCAE /* Infrastructure */ = {
			isa = PBXGroup;
			children = (
				6293BADD28FE7F9D0078DCAE /* CoreData */,
			);
			path = Infrastructure;
			sourceTree = "<group>";
		};
		6293BADD28FE7F9D0078DCAE /* CoreData */ = {
			isa = PBXGroup;
			children = (
				6293BADE28FE7FD40078DCAE /* CoreDataFeedStore.swift */,
				6293BAE028FE7FE90078DCAE /* CoreDataHelpers.swift */,
				6293BAE228FE80610078DCAE /* FeedStore.xcdatamodeld */,
				6293BAE528FE81410078DCAE /* ManagedCache.swift */,
				6293BAE728FE815D0078DCAE /* ManagedFeedImage.swift */,
			);
			path = CoreData;
			sourceTree = "<group>";
		};
		62B0780528E4228F003FDE12 /* Helpers */ = {
			isa = PBXGroup;
			children = (
				62B0780628E422A5003FDE12 /* FeedStoreSpy.swift */,
				62B0781228E57588003FDE12 /* FeedCacheTestHelper.swift */,
			);
			path = Helpers;
			sourceTree = "<group>";
		};
		62DA66FF285772C60026302F /* Helpers */ = {
			isa = PBXGroup;
			children = (
				62DA6700285772E10026302F /* XCTestCaseMemoryTracking.swift */,
				62B0781428E57612003FDE12 /* ShareTestHelpers.swift */,
			);
			path = Helpers;
			sourceTree = "<group>";
		};
		62DB74B828479EDC00748AF5 /* FeedAPI */ = {
			isa = PBXGroup;
			children = (
				6246904428376C18006C4046 /* LoadFeedFromRemoteUseCaseTests.swift */,
				62DA667928523E320026302F /* URLSessionHTTPClientTests.swift */,
			);
			path = FeedAPI;
			sourceTree = "<group>";
		};
		62F18D7928FFD26600D3DD04 /* EssentialDeveloperFeedCacheIntegrationTests */ = {
			isa = PBXGroup;
			children = (
				62F18D7A28FFD26600D3DD04 /* EssentialDeveloperFeedCacheIntegrationTests.swift */,
			);
			path = EssentialDeveloperFeedCacheIntegrationTests;
			sourceTree = "<group>";
		};
		62F5946F2864450F00FE48B8 /* EssentialFeedApiEndToEndTest */ = {
			isa = PBXGroup;
			children = (
				62F594702864450F00FE48B8 /* EssentialFeedApiEndToEndTest.swift */,
			);
			path = EssentialFeedApiEndToEndTest;
			sourceTree = "<group>";
		};
		62F594752864569F00FE48B8 /* Frameworks */ = {
			isa = PBXGroup;
			children = (
			);
			name = Frameworks;
			sourceTree = "<group>";
		};
/* End PBXGroup section */

/* Begin PBXHeadersBuildPhase section */
		62469020283768EE006C4046 /* Headers */ = {
			isa = PBXHeadersBuildPhase;
			buildActionMask = 2147483647;
			files = (
				62469036283768EE006C4046 /* EssentialDeveloperFeed.h in Headers */,
			);
			runOnlyForDeploymentPostprocessing = 0;
		};
		62601F9F29168BD3008CBA90 /* Headers */ = {
			isa = PBXHeadersBuildPhase;
			buildActionMask = 2147483647;
			files = (
				62601FB429168BD4008CBA90 /* EssentialFeediOS.h in Headers */,
			);
			runOnlyForDeploymentPostprocessing = 0;
		};
/* End PBXHeadersBuildPhase section */

/* Begin PBXNativeTarget section */
		62469024283768EE006C4046 /* EssentialDeveloperFeed */ = {
			isa = PBXNativeTarget;
			buildConfigurationList = 62469039283768EE006C4046 /* Build configuration list for PBXNativeTarget "EssentialDeveloperFeed" */;
			buildPhases = (
				62469020283768EE006C4046 /* Headers */,
				62469021283768EE006C4046 /* Sources */,
				62469022283768EE006C4046 /* Frameworks */,
				62469023283768EE006C4046 /* Resources */,
			);
			buildRules = (
			);
			dependencies = (
			);
			name = EssentialDeveloperFeed;
			productName = EssentialDeveloperFeed;
			productReference = 62469025283768EE006C4046 /* EssentialDeveloperFeed.framework */;
			productType = "com.apple.product-type.framework";
		};
		6246902E283768EE006C4046 /* EssentialDeveloperFeedTests */ = {
			isa = PBXNativeTarget;
			buildConfigurationList = 6246903C283768EE006C4046 /* Build configuration list for PBXNativeTarget "EssentialDeveloperFeedTests" */;
			buildPhases = (
				6246902B283768EE006C4046 /* Sources */,
				6246902C283768EE006C4046 /* Frameworks */,
				6246902D283768EE006C4046 /* Resources */,
			);
			buildRules = (
			);
			dependencies = (
				62469032283768EE006C4046 /* PBXTargetDependency */,
			);
			name = EssentialDeveloperFeedTests;
			productName = EssentialDeveloperFeedTests;
			productReference = 6246902F283768EE006C4046 /* EssentialDeveloperFeedTests.xctest */;
			productType = "com.apple.product-type.bundle.unit-test";
		};
		62601FA329168BD3008CBA90 /* EssentialFeediOS */ = {
			isa = PBXNativeTarget;
			buildConfigurationList = 62601FB529168BD4008CBA90 /* Build configuration list for PBXNativeTarget "EssentialFeediOS" */;
			buildPhases = (
				62601F9F29168BD3008CBA90 /* Headers */,
				62601FA029168BD3008CBA90 /* Sources */,
				62601FA129168BD3008CBA90 /* Frameworks */,
				62601FA229168BD3008CBA90 /* Resources */,
				62601FC12918EAC2008CBA90 /* Embed Frameworks */,
			);
			buildRules = (
			);
			dependencies = (
				62601FC02918EAC2008CBA90 /* PBXTargetDependency */,
			);
			name = EssentialFeediOS;
			productName = EssentialFeediOS;
			productReference = 62601FA429168BD3008CBA90 /* EssentialFeediOS.framework */;
			productType = "com.apple.product-type.framework";
		};
		62601FAC29168BD3008CBA90 /* EssentialFeediOSTests */ = {
			isa = PBXNativeTarget;
			buildConfigurationList = 62601FB829168BD4008CBA90 /* Build configuration list for PBXNativeTarget "EssentialFeediOSTests" */;
			buildPhases = (
				62601FA929168BD3008CBA90 /* Sources */,
				62601FAA29168BD3008CBA90 /* Frameworks */,
				62601FAB29168BD3008CBA90 /* Resources */,
			);
			buildRules = (
			);
			dependencies = (
				62601FB029168BD4008CBA90 /* PBXTargetDependency */,
			);
			name = EssentialFeediOSTests;
			productName = EssentialFeediOSTests;
			productReference = 62601FAD29168BD3008CBA90 /* EssentialFeediOSTests.xctest */;
			productType = "com.apple.product-type.bundle.unit-test";
		};
		62F18D7728FFD26600D3DD04 /* EssentialDeveloperFeedCacheIntegrationTests */ = {
			isa = PBXNativeTarget;
			buildConfigurationList = 62F18D8128FFD26600D3DD04 /* Build configuration list for PBXNativeTarget "EssentialDeveloperFeedCacheIntegrationTests" */;
			buildPhases = (
				62F18D7428FFD26600D3DD04 /* Sources */,
				62F18D7528FFD26600D3DD04 /* Frameworks */,
				62F18D7628FFD26600D3DD04 /* Resources */,
			);
			buildRules = (
			);
			dependencies = (
				62F18D7E28FFD26600D3DD04 /* PBXTargetDependency */,
			);
			name = EssentialDeveloperFeedCacheIntegrationTests;
			productName = EssentialDeveloperFeedCacheIntegrationTests;
			productReference = 62F18D7828FFD26600D3DD04 /* EssentialDeveloperFeedCacheIntegrationTests.xctest */;
			productType = "com.apple.product-type.bundle.unit-test";
		};
		62F5946D2864450F00FE48B8 /* EssentialFeedApiEndToEndTest */ = {
			isa = PBXNativeTarget;
			buildConfigurationList = 62F594742864450F00FE48B8 /* Build configuration list for PBXNativeTarget "EssentialFeedApiEndToEndTest" */;
			buildPhases = (
				62F5946A2864450F00FE48B8 /* Sources */,
				62F5946B2864450F00FE48B8 /* Frameworks */,
				62F5946C2864450F00FE48B8 /* Resources */,
			);
			buildRules = (
			);
			dependencies = (
			);
			name = EssentialFeedApiEndToEndTest;
			productName = EssentialFeedApiEndToEndTest;
			productReference = 62F5946E2864450F00FE48B8 /* EssentialFeedApiEndToEndTest.xctest */;
			productType = "com.apple.product-type.bundle.unit-test";
		};
/* End PBXNativeTarget section */

/* Begin PBXProject section */
		6246901C283768EE006C4046 /* Project object */ = {
			isa = PBXProject;
			attributes = {
				BuildIndependentTargetsInParallel = 1;
				LastSwiftUpdateCheck = 1410;
				LastUpgradeCheck = 1340;
				TargetAttributes = {
					62469024283768EE006C4046 = {
						CreatedOnToolsVersion = 13.4;
					};
					6246902E283768EE006C4046 = {
						CreatedOnToolsVersion = 13.4;
					};
					62601FA329168BD3008CBA90 = {
						CreatedOnToolsVersion = 14.1;
					};
					62601FAC29168BD3008CBA90 = {
						CreatedOnToolsVersion = 14.1;
					};
					62F18D7728FFD26600D3DD04 = {
						CreatedOnToolsVersion = 14.0.1;
					};
					62F5946D2864450F00FE48B8 = {
						CreatedOnToolsVersion = 13.4.1;
					};
				};
			};
			buildConfigurationList = 6246901F283768EE006C4046 /* Build configuration list for PBXProject "EssentialDeveloperFeed" */;
			compatibilityVersion = "Xcode 13.0";
			developmentRegion = en;
			hasScannedForEncodings = 0;
			knownRegions = (
				en,
				Base,
			);
			mainGroup = 6246901B283768EE006C4046;
			productRefGroup = 62469026283768EE006C4046 /* Products */;
			projectDirPath = "";
			projectRoot = "";
			targets = (
				62469024283768EE006C4046 /* EssentialDeveloperFeed */,
				6246902E283768EE006C4046 /* EssentialDeveloperFeedTests */,
				62F5946D2864450F00FE48B8 /* EssentialFeedApiEndToEndTest */,
				62F18D7728FFD26600D3DD04 /* EssentialDeveloperFeedCacheIntegrationTests */,
				62601FA329168BD3008CBA90 /* EssentialFeediOS */,
				62601FAC29168BD3008CBA90 /* EssentialFeediOSTests */,
			);
		};
/* End PBXProject section */

/* Begin PBXResourcesBuildPhase section */
		62469023283768EE006C4046 /* Resources */ = {
			isa = PBXResourcesBuildPhase;
			buildActionMask = 2147483647;
			files = (
			);
			runOnlyForDeploymentPostprocessing = 0;
		};
		6246902D283768EE006C4046 /* Resources */ = {
			isa = PBXResourcesBuildPhase;
			buildActionMask = 2147483647;
			files = (
			);
			runOnlyForDeploymentPostprocessing = 0;
		};
		62601FA229168BD3008CBA90 /* Resources */ = {
			isa = PBXResourcesBuildPhase;
			buildActionMask = 2147483647;
			files = (
			);
			runOnlyForDeploymentPostprocessing = 0;
		};
		62601FAB29168BD3008CBA90 /* Resources */ = {
			isa = PBXResourcesBuildPhase;
			buildActionMask = 2147483647;
			files = (
			);
			runOnlyForDeploymentPostprocessing = 0;
		};
		62F18D7628FFD26600D3DD04 /* Resources */ = {
			isa = PBXResourcesBuildPhase;
			buildActionMask = 2147483647;
			files = (
			);
			runOnlyForDeploymentPostprocessing = 0;
		};
		62F5946C2864450F00FE48B8 /* Resources */ = {
			isa = PBXResourcesBuildPhase;
			buildActionMask = 2147483647;
			files = (
			);
			runOnlyForDeploymentPostprocessing = 0;
		};
/* End PBXResourcesBuildPhase section */

/* Begin PBXSourcesBuildPhase section */
		62469021283768EE006C4046 /* Sources */ = {
			isa = PBXSourcesBuildPhase;
			buildActionMask = 2147483647;
			files = (
				6293BAEA28FE81E60078DCAE /* CoreDataFeedStore.swift in Sources */,
				626D614F28E2D39F00AFCA13 /* LocalFeedImage.swift in Sources */,
				626D614B28E2096C00AFCA13 /* FeedStore.swift in Sources */,
				620069402857B58300BD2EB9 /* URLSessionHTTPClient.swift in Sources */,
				626D614D28E2D36600AFCA13 /* RemoteFeedItems.swift in Sources */,
				6293BAEB28FE81E60078DCAE /* ManagedFeedImage.swift in Sources */,
				6293BAEE28FE823A0078DCAE /* ManagedCache.swift in Sources */,
				6293BAE928FE81E60078DCAE /* CoreDataHelpers.swift in Sources */,
				621E1E66283E02C20042FBB4 /* RemoteFeedLoader.swift in Sources */,
				626D614928E2090400AFCA13 /* LocalFeedLoader.swift in Sources */,
				62DB74B52847987E00748AF5 /* HTTPClient.swift in Sources */,
				6246904328376AF2006C4046 /* FeedLoader.swift in Sources */,
				6293BAED28FE81EB0078DCAE /* FeedStore.xcdatamodeld in Sources */,
				62B0781728E6C360003FDE12 /* FeedCachePolicy.swift in Sources */,
				62DB74B7284798E800748AF5 /* FeedItemsMapper.swift in Sources */,
				6246904128376A9B006C4046 /* FeedImage.swift in Sources */,
				6246902A283768EE006C4046 /* EssentialDeveloperFeed.docc in Sources */,
			);
			runOnlyForDeploymentPostprocessing = 0;
		};
		6246902B283768EE006C4046 /* Sources */ = {
			isa = PBXSourcesBuildPhase;
			buildActionMask = 2147483647;
			files = (
				62B0780428E42140003FDE12 /* LoadFeedFromCacheUseCaseTest.swift in Sources */,
				62DA6701285772E10026302F /* XCTestCaseMemoryTracking.swift in Sources */,
				6246904528376C18006C4046 /* LoadFeedFromRemoteUseCaseTests.swift in Sources */,
				6293BADB28FE7F3E0078DCAE /* CoreDataFeedStoreTests.swift in Sources */,
				625C6D1C28DCB717004016D8 /* CacheFeedUseCaseTest.swift in Sources */,
				6293BAD528FDBBBD0078DCAE /* XCTestCase+FailableInsertFeedStoreSpecs.swift in Sources */,
				62B0781128E5713C003FDE12 /* ValidateFeedCacheUseCaseTests.swift in Sources */,
				6293BAD328FDBB9E0078DCAE /* XCTestCase+FailableDeleteFeedStoreSpecs.swift in Sources */,
				6293BAD728FDBBD50078DCAE /* XCTestCase+FailableRetrieveFeedStoreSpecs.swift in Sources */,
				62B0780728E422A5003FDE12 /* FeedStoreSpy.swift in Sources */,
				62B0781328E57588003FDE12 /* FeedCacheTestHelper.swift in Sources */,
				6293BAD928FDBBED0078DCAE /* XCTestCase+FeedStoreSpecs.swift in Sources */,
				62B0781528E57612003FDE12 /* ShareTestHelpers.swift in Sources */,
				62DA667A28523E320026302F /* URLSessionHTTPClientTests.swift in Sources */,
				6293BACE28FDA0AA0078DCAE /* FeedStoreSpecs.swift in Sources */,
				62469035283768EE006C4046 /* EssentialDeveloperFeedTests.swift in Sources */,
			);
			runOnlyForDeploymentPostprocessing = 0;
		};
		62601FA029168BD3008CBA90 /* Sources */ = {
			isa = PBXSourcesBuildPhase;
			buildActionMask = 2147483647;
			files = (
				6253DA37292224E80028B552 /* FeedImageDataLoader.swift in Sources */,
				62AE669F292CAFBE009BB99B /* FeedLoadingViewModel.swift in Sources */,
				62601FA829168BD3008CBA90 /* EssentialFeediOS.docc in Sources */,
				6253DA4929222D060028B552 /* FeedRefreshViewController.swift in Sources */,
				62224026292B5F8600096617 /* FeedPresenter.swift in Sources */,
				6230B06A2926179500F9666A /* FeedImageCellController.swift in Sources */,
				6230B0722927A17E00F9666A /* FeedImageViewModel.swift in Sources */,
				62AE669D292CAE6B009BB99B /* FeedImagePresenter.swift in Sources */,
				62E616A3291E30A700C4E686 /* UIView+Shimmering.swift in Sources */,
				6230B06D29261B4800F9666A /* FeedUIComposer.swift in Sources */,
				629D0EC4291A3C70001A0B21 /* FeedImageCell.swift in Sources */,
				62601FC529190BE0008CBA90 /* FeedViewController.swift in Sources */,
				62AE66A1292CAFED009BB99B /* FeedViewModel.swift in Sources */,
			);
			runOnlyForDeploymentPostprocessing = 0;
		};
		62601FA929168BD3008CBA90 /* Sources */ = {
			isa = PBXSourcesBuildPhase;
			buildActionMask = 2147483647;
			files = (
				6253DA3B292225CB0028B552 /* UIRefreshControl+TestHelpers.swift in Sources */,
				6253DA4729222A270028B552 /* FeedViewControllerTests+Assertions.swift in Sources */,
				6253DA3F292226AA0028B552 /* UIControl+TestHelpers.swift in Sources */,
				6253DA41292227EF0028B552 /* FeedViewController+TestHelpers.swift in Sources */,
				6253DA3D2922265B0028B552 /* UIButton+TestHelpers.swift in Sources */,
				6253DA45292229DB0028B552 /* FeedViewControllerTests+LoaderSpy.swift in Sources */,
				62601FC32918EB58008CBA90 /* XCTestCaseMemoryTracking.swift in Sources */,
				62601FB329168BD4008CBA90 /* FeedViewControllerTests.swift in Sources */,
				6253DA39292225980028B552 /* UIImage+TestHelpers.swift in Sources */,
				6253DA43292229860028B552 /* FeedImageCell+TestHelpers.swift in Sources */,
			);
			runOnlyForDeploymentPostprocessing = 0;
		};
		62F18D7428FFD26600D3DD04 /* Sources */ = {
			isa = PBXSourcesBuildPhase;
			buildActionMask = 2147483647;
			files = (
				62F18D8428FFD6D800D3DD04 /* FeedCacheTestHelper.swift in Sources */,
				62F18D8228FFD50400D3DD04 /* XCTestCaseMemoryTracking.swift in Sources */,
				62F18D7B28FFD26600D3DD04 /* EssentialDeveloperFeedCacheIntegrationTests.swift in Sources */,
				62F18D8528FFD6E200D3DD04 /* ShareTestHelpers.swift in Sources */,
			);
			runOnlyForDeploymentPostprocessing = 0;
		};
		62F5946A2864450F00FE48B8 /* Sources */ = {
			isa = PBXSourcesBuildPhase;
			buildActionMask = 2147483647;
			files = (
				62F59478286458A700FE48B8 /* XCTestCaseMemoryTracking.swift in Sources */,
				62F594712864450F00FE48B8 /* EssentialFeedApiEndToEndTest.swift in Sources */,
			);
			runOnlyForDeploymentPostprocessing = 0;
		};
/* End PBXSourcesBuildPhase section */

/* Begin PBXTargetDependency section */
		62469032283768EE006C4046 /* PBXTargetDependency */ = {
			isa = PBXTargetDependency;
			target = 62469024283768EE006C4046 /* EssentialDeveloperFeed */;
			targetProxy = 62469031283768EE006C4046 /* PBXContainerItemProxy */;
		};
		62601FB029168BD4008CBA90 /* PBXTargetDependency */ = {
			isa = PBXTargetDependency;
			target = 62601FA329168BD3008CBA90 /* EssentialFeediOS */;
			targetProxy = 62601FAF29168BD4008CBA90 /* PBXContainerItemProxy */;
		};
		62601FC02918EAC2008CBA90 /* PBXTargetDependency */ = {
			isa = PBXTargetDependency;
			target = 62469024283768EE006C4046 /* EssentialDeveloperFeed */;
			targetProxy = 62601FBF2918EAC2008CBA90 /* PBXContainerItemProxy */;
		};
		62F18D7E28FFD26600D3DD04 /* PBXTargetDependency */ = {
			isa = PBXTargetDependency;
			target = 62469024283768EE006C4046 /* EssentialDeveloperFeed */;
			targetProxy = 62F18D7D28FFD26600D3DD04 /* PBXContainerItemProxy */;
		};
/* End PBXTargetDependency section */

/* Begin XCBuildConfiguration section */
		62469037283768EE006C4046 /* Debug */ = {
			isa = XCBuildConfiguration;
			buildSettings = {
				ALWAYS_SEARCH_USER_PATHS = NO;
				CLANG_ANALYZER_NONNULL = YES;
				CLANG_ANALYZER_NUMBER_OBJECT_CONVERSION = YES_AGGRESSIVE;
				CLANG_CXX_LANGUAGE_STANDARD = "gnu++17";
				CLANG_ENABLE_MODULES = YES;
				CLANG_ENABLE_OBJC_ARC = YES;
				CLANG_ENABLE_OBJC_WEAK = YES;
				CLANG_WARN_BLOCK_CAPTURE_AUTORELEASING = YES;
				CLANG_WARN_BOOL_CONVERSION = YES;
				CLANG_WARN_COMMA = YES;
				CLANG_WARN_CONSTANT_CONVERSION = YES;
				CLANG_WARN_DEPRECATED_OBJC_IMPLEMENTATIONS = YES;
				CLANG_WARN_DIRECT_OBJC_ISA_USAGE = YES_ERROR;
				CLANG_WARN_DOCUMENTATION_COMMENTS = YES;
				CLANG_WARN_EMPTY_BODY = YES;
				CLANG_WARN_ENUM_CONVERSION = YES;
				CLANG_WARN_INFINITE_RECURSION = YES;
				CLANG_WARN_INT_CONVERSION = YES;
				CLANG_WARN_NON_LITERAL_NULL_CONVERSION = YES;
				CLANG_WARN_OBJC_IMPLICIT_RETAIN_SELF = YES;
				CLANG_WARN_OBJC_LITERAL_CONVERSION = YES;
				CLANG_WARN_OBJC_ROOT_CLASS = YES_ERROR;
				CLANG_WARN_QUOTED_INCLUDE_IN_FRAMEWORK_HEADER = YES;
				CLANG_WARN_RANGE_LOOP_ANALYSIS = YES;
				CLANG_WARN_STRICT_PROTOTYPES = YES;
				CLANG_WARN_SUSPICIOUS_MOVE = YES;
				CLANG_WARN_UNGUARDED_AVAILABILITY = YES_AGGRESSIVE;
				CLANG_WARN_UNREACHABLE_CODE = YES;
				CLANG_WARN__DUPLICATE_METHOD_MATCH = YES;
				COPY_PHASE_STRIP = NO;
				CURRENT_PROJECT_VERSION = 1;
				DEBUG_INFORMATION_FORMAT = dwarf;
				ENABLE_STRICT_OBJC_MSGSEND = YES;
				ENABLE_TESTABILITY = YES;
				GCC_C_LANGUAGE_STANDARD = gnu11;
				GCC_DYNAMIC_NO_PIC = NO;
				GCC_NO_COMMON_BLOCKS = YES;
				GCC_OPTIMIZATION_LEVEL = 0;
				GCC_PREPROCESSOR_DEFINITIONS = (
					"DEBUG=1",
					"$(inherited)",
				);
				GCC_WARN_64_TO_32_BIT_CONVERSION = YES;
				GCC_WARN_ABOUT_RETURN_TYPE = YES_ERROR;
				GCC_WARN_UNDECLARED_SELECTOR = YES;
				GCC_WARN_UNINITIALIZED_AUTOS = YES_AGGRESSIVE;
				GCC_WARN_UNUSED_FUNCTION = YES;
				GCC_WARN_UNUSED_VARIABLE = YES;
				IPHONEOS_DEPLOYMENT_TARGET = 15.5;
				MTL_ENABLE_DEBUG_INFO = INCLUDE_SOURCE;
				MTL_FAST_MATH = YES;
				ONLY_ACTIVE_ARCH = YES;
				SDKROOT = iphoneos;
				SWIFT_ACTIVE_COMPILATION_CONDITIONS = DEBUG;
				SWIFT_OPTIMIZATION_LEVEL = "-Onone";
				VERSIONING_SYSTEM = "apple-generic";
				VERSION_INFO_PREFIX = "";
			};
			name = Debug;
		};
		62469038283768EE006C4046 /* Release */ = {
			isa = XCBuildConfiguration;
			buildSettings = {
				ALWAYS_SEARCH_USER_PATHS = NO;
				CLANG_ANALYZER_NONNULL = YES;
				CLANG_ANALYZER_NUMBER_OBJECT_CONVERSION = YES_AGGRESSIVE;
				CLANG_CXX_LANGUAGE_STANDARD = "gnu++17";
				CLANG_ENABLE_MODULES = YES;
				CLANG_ENABLE_OBJC_ARC = YES;
				CLANG_ENABLE_OBJC_WEAK = YES;
				CLANG_WARN_BLOCK_CAPTURE_AUTORELEASING = YES;
				CLANG_WARN_BOOL_CONVERSION = YES;
				CLANG_WARN_COMMA = YES;
				CLANG_WARN_CONSTANT_CONVERSION = YES;
				CLANG_WARN_DEPRECATED_OBJC_IMPLEMENTATIONS = YES;
				CLANG_WARN_DIRECT_OBJC_ISA_USAGE = YES_ERROR;
				CLANG_WARN_DOCUMENTATION_COMMENTS = YES;
				CLANG_WARN_EMPTY_BODY = YES;
				CLANG_WARN_ENUM_CONVERSION = YES;
				CLANG_WARN_INFINITE_RECURSION = YES;
				CLANG_WARN_INT_CONVERSION = YES;
				CLANG_WARN_NON_LITERAL_NULL_CONVERSION = YES;
				CLANG_WARN_OBJC_IMPLICIT_RETAIN_SELF = YES;
				CLANG_WARN_OBJC_LITERAL_CONVERSION = YES;
				CLANG_WARN_OBJC_ROOT_CLASS = YES_ERROR;
				CLANG_WARN_QUOTED_INCLUDE_IN_FRAMEWORK_HEADER = YES;
				CLANG_WARN_RANGE_LOOP_ANALYSIS = YES;
				CLANG_WARN_STRICT_PROTOTYPES = YES;
				CLANG_WARN_SUSPICIOUS_MOVE = YES;
				CLANG_WARN_UNGUARDED_AVAILABILITY = YES_AGGRESSIVE;
				CLANG_WARN_UNREACHABLE_CODE = YES;
				CLANG_WARN__DUPLICATE_METHOD_MATCH = YES;
				COPY_PHASE_STRIP = NO;
				CURRENT_PROJECT_VERSION = 1;
				DEBUG_INFORMATION_FORMAT = "dwarf-with-dsym";
				ENABLE_NS_ASSERTIONS = NO;
				ENABLE_STRICT_OBJC_MSGSEND = YES;
				GCC_C_LANGUAGE_STANDARD = gnu11;
				GCC_NO_COMMON_BLOCKS = YES;
				GCC_WARN_64_TO_32_BIT_CONVERSION = YES;
				GCC_WARN_ABOUT_RETURN_TYPE = YES_ERROR;
				GCC_WARN_UNDECLARED_SELECTOR = YES;
				GCC_WARN_UNINITIALIZED_AUTOS = YES_AGGRESSIVE;
				GCC_WARN_UNUSED_FUNCTION = YES;
				GCC_WARN_UNUSED_VARIABLE = YES;
				IPHONEOS_DEPLOYMENT_TARGET = 15.5;
				MTL_ENABLE_DEBUG_INFO = NO;
				MTL_FAST_MATH = YES;
				SDKROOT = iphoneos;
				SWIFT_COMPILATION_MODE = wholemodule;
				SWIFT_OPTIMIZATION_LEVEL = "-O";
				VALIDATE_PRODUCT = YES;
				VERSIONING_SYSTEM = "apple-generic";
				VERSION_INFO_PREFIX = "";
			};
			name = Release;
		};
		6246903A283768EE006C4046 /* Debug */ = {
			isa = XCBuildConfiguration;
			buildSettings = {
				CODE_SIGN_STYLE = Automatic;
				CURRENT_PROJECT_VERSION = 1;
				DEFINES_MODULE = YES;
				DEVELOPMENT_TEAM = RGD5MKD799;
				DYLIB_COMPATIBILITY_VERSION = 1;
				DYLIB_CURRENT_VERSION = 1;
				DYLIB_INSTALL_NAME_BASE = "@rpath";
				GENERATE_INFOPLIST_FILE = YES;
				INFOPLIST_KEY_NSHumanReadableCopyright = "";
				INSTALL_PATH = "$(LOCAL_LIBRARY_DIR)/Frameworks";
				LD_RUNPATH_SEARCH_PATHS = (
					"$(inherited)",
					"@executable_path/Frameworks",
					"@loader_path/Frameworks",
				);
				MARKETING_VERSION = 1.0;
				PRODUCT_BUNDLE_IDENTIFIER = study.EssentialDeveloperFeed;
				PRODUCT_NAME = "$(TARGET_NAME:c99extidentifier)";
				SKIP_INSTALL = YES;
				SUPPORTED_PLATFORMS = "iphonesimulator iphoneos macOS";
				SWIFT_EMIT_LOC_STRINGS = YES;
				SWIFT_VERSION = 5.0;
				TARGETED_DEVICE_FAMILY = "1,2";
			};
			name = Debug;
		};
		6246903B283768EE006C4046 /* Release */ = {
			isa = XCBuildConfiguration;
			buildSettings = {
				CODE_SIGN_STYLE = Automatic;
				CURRENT_PROJECT_VERSION = 1;
				DEFINES_MODULE = YES;
				DEVELOPMENT_TEAM = RGD5MKD799;
				DYLIB_COMPATIBILITY_VERSION = 1;
				DYLIB_CURRENT_VERSION = 1;
				DYLIB_INSTALL_NAME_BASE = "@rpath";
				GENERATE_INFOPLIST_FILE = YES;
				INFOPLIST_KEY_NSHumanReadableCopyright = "";
				INSTALL_PATH = "$(LOCAL_LIBRARY_DIR)/Frameworks";
				LD_RUNPATH_SEARCH_PATHS = (
					"$(inherited)",
					"@executable_path/Frameworks",
					"@loader_path/Frameworks",
				);
				MARKETING_VERSION = 1.0;
				PRODUCT_BUNDLE_IDENTIFIER = study.EssentialDeveloperFeed;
				PRODUCT_NAME = "$(TARGET_NAME:c99extidentifier)";
				SKIP_INSTALL = YES;
				SUPPORTED_PLATFORMS = "iphonesimulator iphoneos macOS";
				SWIFT_EMIT_LOC_STRINGS = YES;
				SWIFT_VERSION = 5.0;
				TARGETED_DEVICE_FAMILY = "1,2";
			};
			name = Release;
		};
		6246903D283768EE006C4046 /* Debug */ = {
			isa = XCBuildConfiguration;
			buildSettings = {
				ALWAYS_EMBED_SWIFT_STANDARD_LIBRARIES = YES;
				CODE_SIGN_STYLE = Automatic;
				CURRENT_PROJECT_VERSION = 1;
				DEVELOPMENT_TEAM = RGD5MKD799;
				GENERATE_INFOPLIST_FILE = YES;
				MARKETING_VERSION = 1.0;
				PRODUCT_BUNDLE_IDENTIFIER = study.EssentialDeveloperFeedTests;
				PRODUCT_NAME = "$(TARGET_NAME)";
				SUPPORTED_PLATFORMS = "iphonesimulator iphoneos macOS";
				SWIFT_EMIT_LOC_STRINGS = NO;
				SWIFT_VERSION = 5.0;
				TARGETED_DEVICE_FAMILY = "1,2";
			};
			name = Debug;
		};
		6246903E283768EE006C4046 /* Release */ = {
			isa = XCBuildConfiguration;
			buildSettings = {
				ALWAYS_EMBED_SWIFT_STANDARD_LIBRARIES = YES;
				CODE_SIGN_STYLE = Automatic;
				CURRENT_PROJECT_VERSION = 1;
				DEVELOPMENT_TEAM = RGD5MKD799;
				GENERATE_INFOPLIST_FILE = YES;
				MARKETING_VERSION = 1.0;
				PRODUCT_BUNDLE_IDENTIFIER = study.EssentialDeveloperFeedTests;
				PRODUCT_NAME = "$(TARGET_NAME)";
				SUPPORTED_PLATFORMS = "iphonesimulator iphoneos macOS";
				SWIFT_EMIT_LOC_STRINGS = NO;
				SWIFT_VERSION = 5.0;
				TARGETED_DEVICE_FAMILY = "1,2";
			};
			name = Release;
		};
		62601FB629168BD4008CBA90 /* Debug */ = {
			isa = XCBuildConfiguration;
			buildSettings = {
				CLANG_CXX_LANGUAGE_STANDARD = "gnu++20";
				CODE_SIGN_STYLE = Automatic;
				CURRENT_PROJECT_VERSION = 1;
				DEFINES_MODULE = YES;
				DEVELOPMENT_TEAM = RGD5MKD799;
				DYLIB_COMPATIBILITY_VERSION = 1;
				DYLIB_CURRENT_VERSION = 1;
				DYLIB_INSTALL_NAME_BASE = "@rpath";
				GENERATE_INFOPLIST_FILE = YES;
				INFOPLIST_KEY_NSHumanReadableCopyright = "";
				INSTALL_PATH = "$(LOCAL_LIBRARY_DIR)/Frameworks";
				IPHONEOS_DEPLOYMENT_TARGET = 16.1;
				LD_RUNPATH_SEARCH_PATHS = (
					"$(inherited)",
					"@executable_path/Frameworks",
					"@loader_path/Frameworks",
				);
				MARKETING_VERSION = 1.0;
				PRODUCT_BUNDLE_IDENTIFIER = com.study.EssentialFeediOS;
				PRODUCT_NAME = "$(TARGET_NAME:c99extidentifier)";
				SKIP_INSTALL = YES;
				SWIFT_EMIT_LOC_STRINGS = YES;
				SWIFT_VERSION = 5.0;
				TARGETED_DEVICE_FAMILY = "1,2";
			};
			name = Debug;
		};
		62601FB729168BD4008CBA90 /* Release */ = {
			isa = XCBuildConfiguration;
			buildSettings = {
				CLANG_CXX_LANGUAGE_STANDARD = "gnu++20";
				CODE_SIGN_STYLE = Automatic;
				CURRENT_PROJECT_VERSION = 1;
				DEFINES_MODULE = YES;
				DEVELOPMENT_TEAM = RGD5MKD799;
				DYLIB_COMPATIBILITY_VERSION = 1;
				DYLIB_CURRENT_VERSION = 1;
				DYLIB_INSTALL_NAME_BASE = "@rpath";
				GENERATE_INFOPLIST_FILE = YES;
				INFOPLIST_KEY_NSHumanReadableCopyright = "";
				INSTALL_PATH = "$(LOCAL_LIBRARY_DIR)/Frameworks";
				IPHONEOS_DEPLOYMENT_TARGET = 16.1;
				LD_RUNPATH_SEARCH_PATHS = (
					"$(inherited)",
					"@executable_path/Frameworks",
					"@loader_path/Frameworks",
				);
				MARKETING_VERSION = 1.0;
				PRODUCT_BUNDLE_IDENTIFIER = com.study.EssentialFeediOS;
				PRODUCT_NAME = "$(TARGET_NAME:c99extidentifier)";
				SKIP_INSTALL = YES;
				SWIFT_EMIT_LOC_STRINGS = YES;
				SWIFT_VERSION = 5.0;
				TARGETED_DEVICE_FAMILY = "1,2";
			};
			name = Release;
		};
		62601FB929168BD4008CBA90 /* Debug */ = {
			isa = XCBuildConfiguration;
			buildSettings = {
				ALWAYS_EMBED_SWIFT_STANDARD_LIBRARIES = YES;
				CLANG_CXX_LANGUAGE_STANDARD = "gnu++20";
				CODE_SIGN_STYLE = Automatic;
				CURRENT_PROJECT_VERSION = 1;
				DEVELOPMENT_TEAM = RGD5MKD799;
				GENERATE_INFOPLIST_FILE = YES;
				IPHONEOS_DEPLOYMENT_TARGET = 16.1;
				MARKETING_VERSION = 1.0;
				PRODUCT_BUNDLE_IDENTIFIER = com.study.EssentialFeediOSTests;
				PRODUCT_NAME = "$(TARGET_NAME)";
				SWIFT_EMIT_LOC_STRINGS = NO;
				SWIFT_VERSION = 5.0;
				TARGETED_DEVICE_FAMILY = "1,2";
			};
			name = Debug;
		};
		62601FBA29168BD4008CBA90 /* Release */ = {
			isa = XCBuildConfiguration;
			buildSettings = {
				ALWAYS_EMBED_SWIFT_STANDARD_LIBRARIES = YES;
				CLANG_CXX_LANGUAGE_STANDARD = "gnu++20";
				CODE_SIGN_STYLE = Automatic;
				CURRENT_PROJECT_VERSION = 1;
				DEVELOPMENT_TEAM = RGD5MKD799;
				GENERATE_INFOPLIST_FILE = YES;
				IPHONEOS_DEPLOYMENT_TARGET = 16.1;
				MARKETING_VERSION = 1.0;
				PRODUCT_BUNDLE_IDENTIFIER = com.study.EssentialFeediOSTests;
				PRODUCT_NAME = "$(TARGET_NAME)";
				SWIFT_EMIT_LOC_STRINGS = NO;
				SWIFT_VERSION = 5.0;
				TARGETED_DEVICE_FAMILY = "1,2";
			};
			name = Release;
		};
		62F18D7F28FFD26600D3DD04 /* Debug */ = {
			isa = XCBuildConfiguration;
			buildSettings = {
				CLANG_CXX_LANGUAGE_STANDARD = "gnu++20";
				CODE_SIGN_STYLE = Automatic;
				CURRENT_PROJECT_VERSION = 1;
				DEVELOPMENT_TEAM = RGD5MKD799;
				GENERATE_INFOPLIST_FILE = YES;
				IPHONEOS_DEPLOYMENT_TARGET = 16.0;
				MARKETING_VERSION = 1.0;
				PRODUCT_BUNDLE_IDENTIFIER = com.study.EssentialDeveloperFeedCacheIntegrationTests;
				PRODUCT_NAME = "$(TARGET_NAME)";
				SUPPORTED_PLATFORMS = "iphonesimulator iphoneos macOS";
				SWIFT_EMIT_LOC_STRINGS = NO;
				SWIFT_VERSION = 5.0;
				TARGETED_DEVICE_FAMILY = "1,2";
			};
			name = Debug;
		};
		62F18D8028FFD26600D3DD04 /* Release */ = {
			isa = XCBuildConfiguration;
			buildSettings = {
				CLANG_CXX_LANGUAGE_STANDARD = "gnu++20";
				CODE_SIGN_STYLE = Automatic;
				CURRENT_PROJECT_VERSION = 1;
				DEVELOPMENT_TEAM = RGD5MKD799;
				GENERATE_INFOPLIST_FILE = YES;
				IPHONEOS_DEPLOYMENT_TARGET = 16.0;
				MARKETING_VERSION = 1.0;
				PRODUCT_BUNDLE_IDENTIFIER = com.study.EssentialDeveloperFeedCacheIntegrationTests;
				PRODUCT_NAME = "$(TARGET_NAME)";
				SUPPORTED_PLATFORMS = "iphonesimulator iphoneos macOS";
				SWIFT_EMIT_LOC_STRINGS = NO;
				SWIFT_VERSION = 5.0;
				TARGETED_DEVICE_FAMILY = "1,2";
			};
			name = Release;
		};
		62F594722864450F00FE48B8 /* Debug */ = {
			isa = XCBuildConfiguration;
			buildSettings = {
				CODE_SIGN_STYLE = Automatic;
				CURRENT_PROJECT_VERSION = 1;
				DEVELOPMENT_TEAM = RGD5MKD799;
				GENERATE_INFOPLIST_FILE = YES;
				MACOSX_DEPLOYMENT_TARGET = 12.3;
				MARKETING_VERSION = 1.0;
				PRODUCT_BUNDLE_IDENTIFIER = com.study.EssentialFeedApiEndToEndTest;
				PRODUCT_NAME = "$(TARGET_NAME)";
				SDKROOT = iphoneos;
				SUPPORTED_PLATFORMS = "iphonesimulator iphoneos macOS";
				SWIFT_EMIT_LOC_STRINGS = NO;
				SWIFT_VERSION = 5.0;
			};
			name = Debug;
		};
		62F594732864450F00FE48B8 /* Release */ = {
			isa = XCBuildConfiguration;
			buildSettings = {
				CODE_SIGN_STYLE = Automatic;
				CURRENT_PROJECT_VERSION = 1;
				DEVELOPMENT_TEAM = RGD5MKD799;
				GENERATE_INFOPLIST_FILE = YES;
				MACOSX_DEPLOYMENT_TARGET = 12.3;
				MARKETING_VERSION = 1.0;
				PRODUCT_BUNDLE_IDENTIFIER = com.study.EssentialFeedApiEndToEndTest;
				PRODUCT_NAME = "$(TARGET_NAME)";
				SDKROOT = iphoneos;
				SUPPORTED_PLATFORMS = "iphonesimulator iphoneos macOS";
				SWIFT_EMIT_LOC_STRINGS = NO;
				SWIFT_VERSION = 5.0;
			};
			name = Release;
		};
/* End XCBuildConfiguration section */

/* Begin XCConfigurationList section */
		6246901F283768EE006C4046 /* Build configuration list for PBXProject "EssentialDeveloperFeed" */ = {
			isa = XCConfigurationList;
			buildConfigurations = (
				62469037283768EE006C4046 /* Debug */,
				62469038283768EE006C4046 /* Release */,
			);
			defaultConfigurationIsVisible = 0;
			defaultConfigurationName = Release;
		};
		62469039283768EE006C4046 /* Build configuration list for PBXNativeTarget "EssentialDeveloperFeed" */ = {
			isa = XCConfigurationList;
			buildConfigurations = (
				6246903A283768EE006C4046 /* Debug */,
				6246903B283768EE006C4046 /* Release */,
			);
			defaultConfigurationIsVisible = 0;
			defaultConfigurationName = Release;
		};
		6246903C283768EE006C4046 /* Build configuration list for PBXNativeTarget "EssentialDeveloperFeedTests" */ = {
			isa = XCConfigurationList;
			buildConfigurations = (
				6246903D283768EE006C4046 /* Debug */,
				6246903E283768EE006C4046 /* Release */,
			);
			defaultConfigurationIsVisible = 0;
			defaultConfigurationName = Release;
		};
		62601FB529168BD4008CBA90 /* Build configuration list for PBXNativeTarget "EssentialFeediOS" */ = {
			isa = XCConfigurationList;
			buildConfigurations = (
				62601FB629168BD4008CBA90 /* Debug */,
				62601FB729168BD4008CBA90 /* Release */,
			);
			defaultConfigurationIsVisible = 0;
			defaultConfigurationName = Release;
		};
		62601FB829168BD4008CBA90 /* Build configuration list for PBXNativeTarget "EssentialFeediOSTests" */ = {
			isa = XCConfigurationList;
			buildConfigurations = (
				62601FB929168BD4008CBA90 /* Debug */,
				62601FBA29168BD4008CBA90 /* Release */,
			);
			defaultConfigurationIsVisible = 0;
			defaultConfigurationName = Release;
		};
		62F18D8128FFD26600D3DD04 /* Build configuration list for PBXNativeTarget "EssentialDeveloperFeedCacheIntegrationTests" */ = {
			isa = XCConfigurationList;
			buildConfigurations = (
				62F18D7F28FFD26600D3DD04 /* Debug */,
				62F18D8028FFD26600D3DD04 /* Release */,
			);
			defaultConfigurationIsVisible = 0;
			defaultConfigurationName = Release;
		};
		62F594742864450F00FE48B8 /* Build configuration list for PBXNativeTarget "EssentialFeedApiEndToEndTest" */ = {
			isa = XCConfigurationList;
			buildConfigurations = (
				62F594722864450F00FE48B8 /* Debug */,
				62F594732864450F00FE48B8 /* Release */,
			);
			defaultConfigurationIsVisible = 0;
			defaultConfigurationName = Release;
		};
/* End XCConfigurationList section */

/* Begin XCVersionGroup section */
		6293BAE228FE80610078DCAE /* FeedStore.xcdatamodeld */ = {
			isa = XCVersionGroup;
			children = (
				6293BAE328FE80610078DCAE /* FeedStore.xcdatamodel */,
			);
			currentVersion = 6293BAE328FE80610078DCAE /* FeedStore.xcdatamodel */;
			path = FeedStore.xcdatamodeld;
			sourceTree = "<group>";
			versionGroupType = wrapper.xcdatamodel;
		};
/* End XCVersionGroup section */
	};
	rootObject = 6246901C283768EE006C4046 /* Project object */;
}
