// !$*UTF8*$!
{
	archiveVersion = 1;
	classes = {
	};
	objectVersion = 55;
	objects = {

/* Begin PBXBuildFile section */
		620069402857B58300BD2EB9 /* URLSessionHTTPClient.swift in Sources */ = {isa = PBXBuildFile; fileRef = 6200693F2857B58300BD2EB9 /* URLSessionHTTPClient.swift */; };
		621E1E66283E02C20042FBB4 /* RemoteFeedLoader.swift in Sources */ = {isa = PBXBuildFile; fileRef = 621E1E65283E02C20042FBB4 /* RemoteFeedLoader.swift */; };
		6246902A283768EE006C4046 /* EssentialDeveloperFeed.docc in Sources */ = {isa = PBXBuildFile; fileRef = 62469029283768EE006C4046 /* EssentialDeveloperFeed.docc */; };
		62469030283768EE006C4046 /* EssentialDeveloperFeed.framework in Frameworks */ = {isa = PBXBuildFile; fileRef = 62469025283768EE006C4046 /* EssentialDeveloperFeed.framework */; };
		62469035283768EE006C4046 /* EssentialDeveloperFeedTests.swift in Sources */ = {isa = PBXBuildFile; fileRef = 62469034283768EE006C4046 /* EssentialDeveloperFeedTests.swift */; };
		62469036283768EE006C4046 /* EssentialDeveloperFeed.h in Headers */ = {isa = PBXBuildFile; fileRef = 62469028283768EE006C4046 /* EssentialDeveloperFeed.h */; settings = {ATTRIBUTES = (Public, ); }; };
		6246904128376A9B006C4046 /* FeedItem.swift in Sources */ = {isa = PBXBuildFile; fileRef = 6246904028376A9B006C4046 /* FeedItem.swift */; };
		6246904328376AF2006C4046 /* FeedLoader.swift in Sources */ = {isa = PBXBuildFile; fileRef = 6246904228376AF2006C4046 /* FeedLoader.swift */; };
		6246904528376C18006C4046 /* LoadFeedFromRemoteUseCaseTests.swift in Sources */ = {isa = PBXBuildFile; fileRef = 6246904428376C18006C4046 /* LoadFeedFromRemoteUseCaseTests.swift */; };
		625C6D1C28DCB717004016D8 /* CacheFeedUseCaseTest.swift in Sources */ = {isa = PBXBuildFile; fileRef = 625C6D1B28DCB717004016D8 /* CacheFeedUseCaseTest.swift */; };
		626D614928E2090400AFCA13 /* LocalFeedCache.swift in Sources */ = {isa = PBXBuildFile; fileRef = 626D614828E2090400AFCA13 /* LocalFeedCache.swift */; };
		626D614B28E2096C00AFCA13 /* FeedStore.swift in Sources */ = {isa = PBXBuildFile; fileRef = 626D614A28E2096C00AFCA13 /* FeedStore.swift */; };
		626D614D28E2D36600AFCA13 /* RemoteFeedItems.swift in Sources */ = {isa = PBXBuildFile; fileRef = 626D614C28E2D36600AFCA13 /* RemoteFeedItems.swift */; };
		626D614F28E2D39F00AFCA13 /* LocalFeedItem.swift in Sources */ = {isa = PBXBuildFile; fileRef = 626D614E28E2D39F00AFCA13 /* LocalFeedItem.swift */; };
		62DA667A28523E320026302F /* URLSessionHTTPClientTests.swift in Sources */ = {isa = PBXBuildFile; fileRef = 62DA667928523E320026302F /* URLSessionHTTPClientTests.swift */; };
		62DA6701285772E10026302F /* XCTestCaseMemoryTracking.swift in Sources */ = {isa = PBXBuildFile; fileRef = 62DA6700285772E10026302F /* XCTestCaseMemoryTracking.swift */; };
		62DB74B52847987E00748AF5 /* HTTPClient.swift in Sources */ = {isa = PBXBuildFile; fileRef = 62DB74B42847987E00748AF5 /* HTTPClient.swift */; };
		62DB74B7284798E800748AF5 /* FeedItemsMapper.swift in Sources */ = {isa = PBXBuildFile; fileRef = 62DB74B6284798E800748AF5 /* FeedItemsMapper.swift */; };
		62F594712864450F00FE48B8 /* EssentialFeedApiEndToEndTest.swift in Sources */ = {isa = PBXBuildFile; fileRef = 62F594702864450F00FE48B8 /* EssentialFeedApiEndToEndTest.swift */; };
		62F59477286457F300FE48B8 /* EssentialDeveloperFeed.framework in Frameworks */ = {isa = PBXBuildFile; fileRef = 62469025283768EE006C4046 /* EssentialDeveloperFeed.framework */; };
		62F59478286458A700FE48B8 /* XCTestCaseMemoryTracking.swift in Sources */ = {isa = PBXBuildFile; fileRef = 62DA6700285772E10026302F /* XCTestCaseMemoryTracking.swift */; };
/* End PBXBuildFile section */

/* Begin PBXContainerItemProxy section */
		62469031283768EE006C4046 /* PBXContainerItemProxy */ = {
			isa = PBXContainerItemProxy;
			containerPortal = 6246901C283768EE006C4046 /* Project object */;
			proxyType = 1;
			remoteGlobalIDString = 62469024283768EE006C4046;
			remoteInfo = EssentialDeveloperFeed;
		};
/* End PBXContainerItemProxy section */

/* Begin PBXFileReference section */
		6200693F2857B58300BD2EB9 /* URLSessionHTTPClient.swift */ = {isa = PBXFileReference; lastKnownFileType = sourcecode.swift; path = URLSessionHTTPClient.swift; sourceTree = "<group>"; };
		621E1E65283E02C20042FBB4 /* RemoteFeedLoader.swift */ = {isa = PBXFileReference; lastKnownFileType = sourcecode.swift; path = RemoteFeedLoader.swift; sourceTree = "<group>"; };
		62469025283768EE006C4046 /* EssentialDeveloperFeed.framework */ = {isa = PBXFileReference; explicitFileType = wrapper.framework; includeInIndex = 0; path = EssentialDeveloperFeed.framework; sourceTree = BUILT_PRODUCTS_DIR; };
		62469028283768EE006C4046 /* EssentialDeveloperFeed.h */ = {isa = PBXFileReference; lastKnownFileType = sourcecode.c.h; path = EssentialDeveloperFeed.h; sourceTree = "<group>"; };
		62469029283768EE006C4046 /* EssentialDeveloperFeed.docc */ = {isa = PBXFileReference; lastKnownFileType = folder.documentationcatalog; path = EssentialDeveloperFeed.docc; sourceTree = "<group>"; };
		6246902F283768EE006C4046 /* EssentialDeveloperFeedTests.xctest */ = {isa = PBXFileReference; explicitFileType = wrapper.cfbundle; includeInIndex = 0; path = EssentialDeveloperFeedTests.xctest; sourceTree = BUILT_PRODUCTS_DIR; };
		62469034283768EE006C4046 /* EssentialDeveloperFeedTests.swift */ = {isa = PBXFileReference; lastKnownFileType = sourcecode.swift; path = EssentialDeveloperFeedTests.swift; sourceTree = "<group>"; };
		6246904028376A9B006C4046 /* FeedItem.swift */ = {isa = PBXFileReference; lastKnownFileType = sourcecode.swift; path = FeedItem.swift; sourceTree = "<group>"; };
		6246904228376AF2006C4046 /* FeedLoader.swift */ = {isa = PBXFileReference; lastKnownFileType = sourcecode.swift; path = FeedLoader.swift; sourceTree = "<group>"; };
		6246904428376C18006C4046 /* LoadFeedFromRemoteUseCaseTests.swift */ = {isa = PBXFileReference; lastKnownFileType = sourcecode.swift; path = LoadFeedFromRemoteUseCaseTests.swift; sourceTree = "<group>"; };
		625C6D1B28DCB717004016D8 /* CacheFeedUseCaseTest.swift */ = {isa = PBXFileReference; lastKnownFileType = sourcecode.swift; path = CacheFeedUseCaseTest.swift; sourceTree = "<group>"; };
		626D614828E2090400AFCA13 /* LocalFeedCache.swift */ = {isa = PBXFileReference; lastKnownFileType = sourcecode.swift; path = LocalFeedCache.swift; sourceTree = "<group>"; };
		626D614A28E2096C00AFCA13 /* FeedStore.swift */ = {isa = PBXFileReference; lastKnownFileType = sourcecode.swift; path = FeedStore.swift; sourceTree = "<group>"; };
		626D614C28E2D36600AFCA13 /* RemoteFeedItems.swift */ = {isa = PBXFileReference; lastKnownFileType = sourcecode.swift; path = RemoteFeedItems.swift; sourceTree = "<group>"; };
		626D614E28E2D39F00AFCA13 /* LocalFeedItem.swift */ = {isa = PBXFileReference; lastKnownFileType = sourcecode.swift; path = LocalFeedItem.swift; sourceTree = "<group>"; };
		62DA667928523E320026302F /* URLSessionHTTPClientTests.swift */ = {isa = PBXFileReference; lastKnownFileType = sourcecode.swift; path = URLSessionHTTPClientTests.swift; sourceTree = "<group>"; };
		62DA6700285772E10026302F /* XCTestCaseMemoryTracking.swift */ = {isa = PBXFileReference; lastKnownFileType = sourcecode.swift; path = XCTestCaseMemoryTracking.swift; sourceTree = "<group>"; };
		62DB74B42847987E00748AF5 /* HTTPClient.swift */ = {isa = PBXFileReference; lastKnownFileType = sourcecode.swift; path = HTTPClient.swift; sourceTree = "<group>"; };
		62DB74B6284798E800748AF5 /* FeedItemsMapper.swift */ = {isa = PBXFileReference; lastKnownFileType = sourcecode.swift; path = FeedItemsMapper.swift; sourceTree = "<group>"; };
		62F5946E2864450F00FE48B8 /* EssentialFeedApiEndToEndTest.xctest */ = {isa = PBXFileReference; explicitFileType = wrapper.cfbundle; includeInIndex = 0; path = EssentialFeedApiEndToEndTest.xctest; sourceTree = BUILT_PRODUCTS_DIR; };
		62F594702864450F00FE48B8 /* EssentialFeedApiEndToEndTest.swift */ = {isa = PBXFileReference; lastKnownFileType = sourcecode.swift; path = EssentialFeedApiEndToEndTest.swift; sourceTree = "<group>"; };
/* End PBXFileReference section */

/* Begin PBXFrameworksBuildPhase section */
		62469022283768EE006C4046 /* Frameworks */ = {
			isa = PBXFrameworksBuildPhase;
			buildActionMask = 2147483647;
			files = (
			);
			runOnlyForDeploymentPostprocessing = 0;
		};
		6246902C283768EE006C4046 /* Frameworks */ = {
			isa = PBXFrameworksBuildPhase;
			buildActionMask = 2147483647;
			files = (
				62469030283768EE006C4046 /* EssentialDeveloperFeed.framework in Frameworks */,
			);
			runOnlyForDeploymentPostprocessing = 0;
		};
		62F5946B2864450F00FE48B8 /* Frameworks */ = {
			isa = PBXFrameworksBuildPhase;
			buildActionMask = 2147483647;
			files = (
				62F59477286457F300FE48B8 /* EssentialDeveloperFeed.framework in Frameworks */,
			);
			runOnlyForDeploymentPostprocessing = 0;
		};
/* End PBXFrameworksBuildPhase section */

/* Begin PBXGroup section */
		621E1E63283E02780042FBB4 /* EssentialFeed */ = {
			isa = PBXGroup;
			children = (
				626D614728E208F300AFCA13 /* Feed Cache */,
				6246903F28376A89006C4046 /* FeedFeature */,
				621E1E64283E028D0042FBB4 /* Feed API */,
			);
			path = EssentialFeed;
			sourceTree = "<group>";
		};
		621E1E64283E028D0042FBB4 /* Feed API */ = {
			isa = PBXGroup;
			children = (
				621E1E65283E02C20042FBB4 /* RemoteFeedLoader.swift */,
				62DB74B42847987E00748AF5 /* HTTPClient.swift */,
				62DB74B6284798E800748AF5 /* FeedItemsMapper.swift */,
				626D614C28E2D36600AFCA13 /* RemoteFeedItems.swift */,
				6200693F2857B58300BD2EB9 /* URLSessionHTTPClient.swift */,
			);
			path = "Feed API";
			sourceTree = "<group>";
		};
		6246901B283768EE006C4046 = {
			isa = PBXGroup;
			children = (
				621E1E63283E02780042FBB4 /* EssentialFeed */,
				62469033283768EE006C4046 /* EssentialDeveloperFeedTests */,
				62F5946F2864450F00FE48B8 /* EssentialFeedApiEndToEndTest */,
				62469027283768EE006C4046 /* EssentialDeveloperFeed */,
				62469026283768EE006C4046 /* Products */,
				62F594752864569F00FE48B8 /* Frameworks */,
			);
			sourceTree = "<group>";
		};
		62469026283768EE006C4046 /* Products */ = {
			isa = PBXGroup;
			children = (
				62469025283768EE006C4046 /* EssentialDeveloperFeed.framework */,
				6246902F283768EE006C4046 /* EssentialDeveloperFeedTests.xctest */,
				62F5946E2864450F00FE48B8 /* EssentialFeedApiEndToEndTest.xctest */,
			);
			name = Products;
			sourceTree = "<group>";
		};
		62469027283768EE006C4046 /* EssentialDeveloperFeed */ = {
			isa = PBXGroup;
			children = (
				62469028283768EE006C4046 /* EssentialDeveloperFeed.h */,
				62469029283768EE006C4046 /* EssentialDeveloperFeed.docc */,
			);
			path = EssentialDeveloperFeed;
			sourceTree = "<group>";
		};
		62469033283768EE006C4046 /* EssentialDeveloperFeedTests */ = {
			isa = PBXGroup;
			children = (
				62469034283768EE006C4046 /* EssentialDeveloperFeedTests.swift */,
				62DA66FF285772C60026302F /* Helpers */,
				625C6D1A28DCB6E4004016D8 /* Feed Cache */,
				62DB74B828479EDC00748AF5 /* FeedAPI */,
			);
			path = EssentialDeveloperFeedTests;
			sourceTree = "<group>";
		};
		6246903F28376A89006C4046 /* FeedFeature */ = {
			isa = PBXGroup;
			children = (
				6246904028376A9B006C4046 /* FeedItem.swift */,
				6246904228376AF2006C4046 /* FeedLoader.swift */,
			);
			path = FeedFeature;
			sourceTree = "<group>";
		};
		625C6D1A28DCB6E4004016D8 /* Feed Cache */ = {
			isa = PBXGroup;
			children = (
				625C6D1B28DCB717004016D8 /* CacheFeedUseCaseTest.swift */,
			);
			path = "Feed Cache";
			sourceTree = "<group>";
		};
		626D614728E208F300AFCA13 /* Feed Cache */ = {
			isa = PBXGroup;
			children = (
				626D614828E2090400AFCA13 /* LocalFeedCache.swift */,
				626D614A28E2096C00AFCA13 /* FeedStore.swift */,
				626D614E28E2D39F00AFCA13 /* LocalFeedItem.swift */,
			);
			path = "Feed Cache";
			sourceTree = "<group>";
		};
		62DA66FF285772C60026302F /* Helpers */ = {
			isa = PBXGroup;
			children = (
				62DA6700285772E10026302F /* XCTestCaseMemoryTracking.swift */,
			);
			path = Helpers;
			sourceTree = "<group>";
		};
		62DB74B828479EDC00748AF5 /* FeedAPI */ = {
			isa = PBXGroup;
			children = (
				6246904428376C18006C4046 /* LoadFeedFromRemoteUseCaseTests.swift */,
				62DA667928523E320026302F /* URLSessionHTTPClientTests.swift */,
			);
			path = FeedAPI;
			sourceTree = "<group>";
		};
		62F5946F2864450F00FE48B8 /* EssentialFeedApiEndToEndTest */ = {
			isa = PBXGroup;
			children = (
				62F594702864450F00FE48B8 /* EssentialFeedApiEndToEndTest.swift */,
			);
			path = EssentialFeedApiEndToEndTest;
			sourceTree = "<group>";
		};
		62F594752864569F00FE48B8 /* Frameworks */ = {
			isa = PBXGroup;
			children = (
			);
			name = Frameworks;
			sourceTree = "<group>";
		};
/* End PBXGroup section */

/* Begin PBXHeadersBuildPhase section */
		62469020283768EE006C4046 /* Headers */ = {
			isa = PBXHeadersBuildPhase;
			buildActionMask = 2147483647;
			files = (
				62469036283768EE006C4046 /* EssentialDeveloperFeed.h in Headers */,
			);
			runOnlyForDeploymentPostprocessing = 0;
		};
/* End PBXHeadersBuildPhase section */

/* Begin PBXNativeTarget section */
		62469024283768EE006C4046 /* EssentialDeveloperFeed */ = {
			isa = PBXNativeTarget;
			buildConfigurationList = 62469039283768EE006C4046 /* Build configuration list for PBXNativeTarget "EssentialDeveloperFeed" */;
			buildPhases = (
				62469020283768EE006C4046 /* Headers */,
				62469021283768EE006C4046 /* Sources */,
				62469022283768EE006C4046 /* Frameworks */,
				62469023283768EE006C4046 /* Resources */,
			);
			buildRules = (
			);
			dependencies = (
			);
			name = EssentialDeveloperFeed;
			productName = EssentialDeveloperFeed;
			productReference = 62469025283768EE006C4046 /* EssentialDeveloperFeed.framework */;
			productType = "com.apple.product-type.framework";
		};
		6246902E283768EE006C4046 /* EssentialDeveloperFeedTests */ = {
			isa = PBXNativeTarget;
			buildConfigurationList = 6246903C283768EE006C4046 /* Build configuration list for PBXNativeTarget "EssentialDeveloperFeedTests" */;
			buildPhases = (
				6246902B283768EE006C4046 /* Sources */,
				6246902C283768EE006C4046 /* Frameworks */,
				6246902D283768EE006C4046 /* Resources */,
			);
			buildRules = (
			);
			dependencies = (
				62469032283768EE006C4046 /* PBXTargetDependency */,
			);
			name = EssentialDeveloperFeedTests;
			productName = EssentialDeveloperFeedTests;
			productReference = 6246902F283768EE006C4046 /* EssentialDeveloperFeedTests.xctest */;
			productType = "com.apple.product-type.bundle.unit-test";
		};
		62F5946D2864450F00FE48B8 /* EssentialFeedApiEndToEndTest */ = {
			isa = PBXNativeTarget;
			buildConfigurationList = 62F594742864450F00FE48B8 /* Build configuration list for PBXNativeTarget "EssentialFeedApiEndToEndTest" */;
			buildPhases = (
				62F5946A2864450F00FE48B8 /* Sources */,
				62F5946B2864450F00FE48B8 /* Frameworks */,
				62F5946C2864450F00FE48B8 /* Resources */,
			);
			buildRules = (
			);
			dependencies = (
			);
			name = EssentialFeedApiEndToEndTest;
			productName = EssentialFeedApiEndToEndTest;
			productReference = 62F5946E2864450F00FE48B8 /* EssentialFeedApiEndToEndTest.xctest */;
			productType = "com.apple.product-type.bundle.unit-test";
		};
/* End PBXNativeTarget section */

/* Begin PBXProject section */
		6246901C283768EE006C4046 /* Project object */ = {
			isa = PBXProject;
			attributes = {
				BuildIndependentTargetsInParallel = 1;
				LastSwiftUpdateCheck = 1340;
				LastUpgradeCheck = 1340;
				TargetAttributes = {
					62469024283768EE006C4046 = {
						CreatedOnToolsVersion = 13.4;
					};
					6246902E283768EE006C4046 = {
						CreatedOnToolsVersion = 13.4;
					};
					62F5946D2864450F00FE48B8 = {
						CreatedOnToolsVersion = 13.4.1;
					};
				};
			};
			buildConfigurationList = 6246901F283768EE006C4046 /* Build configuration list for PBXProject "EssentialDeveloperFeed" */;
			compatibilityVersion = "Xcode 13.0";
			developmentRegion = en;
			hasScannedForEncodings = 0;
			knownRegions = (
				en,
				Base,
			);
			mainGroup = 6246901B283768EE006C4046;
			productRefGroup = 62469026283768EE006C4046 /* Products */;
			projectDirPath = "";
			projectRoot = "";
			targets = (
				62469024283768EE006C4046 /* EssentialDeveloperFeed */,
				6246902E283768EE006C4046 /* EssentialDeveloperFeedTests */,
				62F5946D2864450F00FE48B8 /* EssentialFeedApiEndToEndTest */,
			);
		};
/* End PBXProject section */

/* Begin PBXResourcesBuildPhase section */
		62469023283768EE006C4046 /* Resources */ = {
			isa = PBXResourcesBuildPhase;
			buildActionMask = 2147483647;
			files = (
			);
			runOnlyForDeploymentPostprocessing = 0;
		};
		6246902D283768EE006C4046 /* Resources */ = {
			isa = PBXResourcesBuildPhase;
			buildActionMask = 2147483647;
			files = (
			);
			runOnlyForDeploymentPostprocessing = 0;
		};
		62F5946C2864450F00FE48B8 /* Resources */ = {
			isa = PBXResourcesBuildPhase;
			buildActionMask = 2147483647;
			files = (
			);
			runOnlyForDeploymentPostprocessing = 0;
		};
/* End PBXResourcesBuildPhase section */

/* Begin PBXSourcesBuildPhase section */
		62469021283768EE006C4046 /* Sources */ = {
			isa = PBXSourcesBuildPhase;
			buildActionMask = 2147483647;
			files = (
				626D614F28E2D39F00AFCA13 /* LocalFeedItem.swift in Sources */,
				626D614B28E2096C00AFCA13 /* FeedStore.swift in Sources */,
				620069402857B58300BD2EB9 /* URLSessionHTTPClient.swift in Sources */,
				626D614D28E2D36600AFCA13 /* RemoteFeedItems.swift in Sources */,
				621E1E66283E02C20042FBB4 /* RemoteFeedLoader.swift in Sources */,
				626D614928E2090400AFCA13 /* LocalFeedCache.swift in Sources */,
				62DB74B52847987E00748AF5 /* HTTPClient.swift in Sources */,
				6246904328376AF2006C4046 /* FeedLoader.swift in Sources */,
				62DB74B7284798E800748AF5 /* FeedItemsMapper.swift in Sources */,
				6246904128376A9B006C4046 /* FeedItem.swift in Sources */,
				6246902A283768EE006C4046 /* EssentialDeveloperFeed.docc in Sources */,
			);
			runOnlyForDeploymentPostprocessing = 0;
		};
		6246902B283768EE006C4046 /* Sources */ = {
			isa = PBXSourcesBuildPhase;
			buildActionMask = 2147483647;
			files = (
				62DA6701285772E10026302F /* XCTestCaseMemoryTracking.swift in Sources */,
				6246904528376C18006C4046 /* LoadFeedFromRemoteUseCaseTests.swift in Sources */,
				625C6D1C28DCB717004016D8 /* CacheFeedUseCaseTest.swift in Sources */,
				62DA667A28523E320026302F /* URLSessionHTTPClientTests.swift in Sources */,
				62469035283768EE006C4046 /* EssentialDeveloperFeedTests.swift in Sources */,
			);
			runOnlyForDeploymentPostprocessing = 0;
		};
		62F5946A2864450F00FE48B8 /* Sources */ = {
			isa = PBXSourcesBuildPhase;
			buildActionMask = 2147483647;
			files = (
				62F59478286458A700FE48B8 /* XCTestCaseMemoryTracking.swift in Sources */,
				62F594712864450F00FE48B8 /* EssentialFeedApiEndToEndTest.swift in Sources */,
			);
			runOnlyForDeploymentPostprocessing = 0;
		};
/* End PBXSourcesBuildPhase section */

/* Begin PBXTargetDependency section */
		62469032283768EE006C4046 /* PBXTargetDependency */ = {
			isa = PBXTargetDependency;
			target = 62469024283768EE006C4046 /* EssentialDeveloperFeed */;
			targetProxy = 62469031283768EE006C4046 /* PBXContainerItemProxy */;
		};
/* End PBXTargetDependency section */

/* Begin XCBuildConfiguration section */
		62469037283768EE006C4046 /* Debug */ = {
			isa = XCBuildConfiguration;
			buildSettings = {
				ALWAYS_SEARCH_USER_PATHS = NO;
				CLANG_ANALYZER_NONNULL = YES;
				CLANG_ANALYZER_NUMBER_OBJECT_CONVERSION = YES_AGGRESSIVE;
				CLANG_CXX_LANGUAGE_STANDARD = "gnu++17";
				CLANG_ENABLE_MODULES = YES;
				CLANG_ENABLE_OBJC_ARC = YES;
				CLANG_ENABLE_OBJC_WEAK = YES;
				CLANG_WARN_BLOCK_CAPTURE_AUTORELEASING = YES;
				CLANG_WARN_BOOL_CONVERSION = YES;
				CLANG_WARN_COMMA = YES;
				CLANG_WARN_CONSTANT_CONVERSION = YES;
				CLANG_WARN_DEPRECATED_OBJC_IMPLEMENTATIONS = YES;
				CLANG_WARN_DIRECT_OBJC_ISA_USAGE = YES_ERROR;
				CLANG_WARN_DOCUMENTATION_COMMENTS = YES;
				CLANG_WARN_EMPTY_BODY = YES;
				CLANG_WARN_ENUM_CONVERSION = YES;
				CLANG_WARN_INFINITE_RECURSION = YES;
				CLANG_WARN_INT_CONVERSION = YES;
				CLANG_WARN_NON_LITERAL_NULL_CONVERSION = YES;
				CLANG_WARN_OBJC_IMPLICIT_RETAIN_SELF = YES;
				CLANG_WARN_OBJC_LITERAL_CONVERSION = YES;
				CLANG_WARN_OBJC_ROOT_CLASS = YES_ERROR;
				CLANG_WARN_QUOTED_INCLUDE_IN_FRAMEWORK_HEADER = YES;
				CLANG_WARN_RANGE_LOOP_ANALYSIS = YES;
				CLANG_WARN_STRICT_PROTOTYPES = YES;
				CLANG_WARN_SUSPICIOUS_MOVE = YES;
				CLANG_WARN_UNGUARDED_AVAILABILITY = YES_AGGRESSIVE;
				CLANG_WARN_UNREACHABLE_CODE = YES;
				CLANG_WARN__DUPLICATE_METHOD_MATCH = YES;
				COPY_PHASE_STRIP = NO;
				CURRENT_PROJECT_VERSION = 1;
				DEBUG_INFORMATION_FORMAT = dwarf;
				ENABLE_STRICT_OBJC_MSGSEND = YES;
				ENABLE_TESTABILITY = YES;
				GCC_C_LANGUAGE_STANDARD = gnu11;
				GCC_DYNAMIC_NO_PIC = NO;
				GCC_NO_COMMON_BLOCKS = YES;
				GCC_OPTIMIZATION_LEVEL = 0;
				GCC_PREPROCESSOR_DEFINITIONS = (
					"DEBUG=1",
					"$(inherited)",
				);
				GCC_WARN_64_TO_32_BIT_CONVERSION = YES;
				GCC_WARN_ABOUT_RETURN_TYPE = YES_ERROR;
				GCC_WARN_UNDECLARED_SELECTOR = YES;
				GCC_WARN_UNINITIALIZED_AUTOS = YES_AGGRESSIVE;
				GCC_WARN_UNUSED_FUNCTION = YES;
				GCC_WARN_UNUSED_VARIABLE = YES;
				IPHONEOS_DEPLOYMENT_TARGET = 15.5;
				MTL_ENABLE_DEBUG_INFO = INCLUDE_SOURCE;
				MTL_FAST_MATH = YES;
				ONLY_ACTIVE_ARCH = YES;
				SDKROOT = iphoneos;
				SWIFT_ACTIVE_COMPILATION_CONDITIONS = DEBUG;
				SWIFT_OPTIMIZATION_LEVEL = "-Onone";
				VERSIONING_SYSTEM = "apple-generic";
				VERSION_INFO_PREFIX = "";
			};
			name = Debug;
		};
		62469038283768EE006C4046 /* Release */ = {
			isa = XCBuildConfiguration;
			buildSettings = {
				ALWAYS_SEARCH_USER_PATHS = NO;
				CLANG_ANALYZER_NONNULL = YES;
				CLANG_ANALYZER_NUMBER_OBJECT_CONVERSION = YES_AGGRESSIVE;
				CLANG_CXX_LANGUAGE_STANDARD = "gnu++17";
				CLANG_ENABLE_MODULES = YES;
				CLANG_ENABLE_OBJC_ARC = YES;
				CLANG_ENABLE_OBJC_WEAK = YES;
				CLANG_WARN_BLOCK_CAPTURE_AUTORELEASING = YES;
				CLANG_WARN_BOOL_CONVERSION = YES;
				CLANG_WARN_COMMA = YES;
				CLANG_WARN_CONSTANT_CONVERSION = YES;
				CLANG_WARN_DEPRECATED_OBJC_IMPLEMENTATIONS = YES;
				CLANG_WARN_DIRECT_OBJC_ISA_USAGE = YES_ERROR;
				CLANG_WARN_DOCUMENTATION_COMMENTS = YES;
				CLANG_WARN_EMPTY_BODY = YES;
				CLANG_WARN_ENUM_CONVERSION = YES;
				CLANG_WARN_INFINITE_RECURSION = YES;
				CLANG_WARN_INT_CONVERSION = YES;
				CLANG_WARN_NON_LITERAL_NULL_CONVERSION = YES;
				CLANG_WARN_OBJC_IMPLICIT_RETAIN_SELF = YES;
				CLANG_WARN_OBJC_LITERAL_CONVERSION = YES;
				CLANG_WARN_OBJC_ROOT_CLASS = YES_ERROR;
				CLANG_WARN_QUOTED_INCLUDE_IN_FRAMEWORK_HEADER = YES;
				CLANG_WARN_RANGE_LOOP_ANALYSIS = YES;
				CLANG_WARN_STRICT_PROTOTYPES = YES;
				CLANG_WARN_SUSPICIOUS_MOVE = YES;
				CLANG_WARN_UNGUARDED_AVAILABILITY = YES_AGGRESSIVE;
				CLANG_WARN_UNREACHABLE_CODE = YES;
				CLANG_WARN__DUPLICATE_METHOD_MATCH = YES;
				COPY_PHASE_STRIP = NO;
				CURRENT_PROJECT_VERSION = 1;
				DEBUG_INFORMATION_FORMAT = "dwarf-with-dsym";
				ENABLE_NS_ASSERTIONS = NO;
				ENABLE_STRICT_OBJC_MSGSEND = YES;
				GCC_C_LANGUAGE_STANDARD = gnu11;
				GCC_NO_COMMON_BLOCKS = YES;
				GCC_WARN_64_TO_32_BIT_CONVERSION = YES;
				GCC_WARN_ABOUT_RETURN_TYPE = YES_ERROR;
				GCC_WARN_UNDECLARED_SELECTOR = YES;
				GCC_WARN_UNINITIALIZED_AUTOS = YES_AGGRESSIVE;
				GCC_WARN_UNUSED_FUNCTION = YES;
				GCC_WARN_UNUSED_VARIABLE = YES;
				IPHONEOS_DEPLOYMENT_TARGET = 15.5;
				MTL_ENABLE_DEBUG_INFO = NO;
				MTL_FAST_MATH = YES;
				SDKROOT = iphoneos;
				SWIFT_COMPILATION_MODE = wholemodule;
				SWIFT_OPTIMIZATION_LEVEL = "-O";
				VALIDATE_PRODUCT = YES;
				VERSIONING_SYSTEM = "apple-generic";
				VERSION_INFO_PREFIX = "";
			};
			name = Release;
		};
		6246903A283768EE006C4046 /* Debug */ = {
			isa = XCBuildConfiguration;
			buildSettings = {
				CODE_SIGN_STYLE = Automatic;
				CURRENT_PROJECT_VERSION = 1;
				DEFINES_MODULE = YES;
				DEVELOPMENT_TEAM = RGD5MKD799;
				DYLIB_COMPATIBILITY_VERSION = 1;
				DYLIB_CURRENT_VERSION = 1;
				DYLIB_INSTALL_NAME_BASE = "@rpath";
				GENERATE_INFOPLIST_FILE = YES;
				INFOPLIST_KEY_NSHumanReadableCopyright = "";
				INSTALL_PATH = "$(LOCAL_LIBRARY_DIR)/Frameworks";
				LD_RUNPATH_SEARCH_PATHS = (
					"$(inherited)",
					"@executable_path/Frameworks",
					"@loader_path/Frameworks",
				);
				MARKETING_VERSION = 1.0;
				PRODUCT_BUNDLE_IDENTIFIER = study.EssentialDeveloperFeed;
				PRODUCT_NAME = "$(TARGET_NAME:c99extidentifier)";
				SKIP_INSTALL = YES;
				SWIFT_EMIT_LOC_STRINGS = YES;
				SWIFT_VERSION = 5.0;
				TARGETED_DEVICE_FAMILY = "1,2";
			};
			name = Debug;
		};
		6246903B283768EE006C4046 /* Release */ = {
			isa = XCBuildConfiguration;
			buildSettings = {
				CODE_SIGN_STYLE = Automatic;
				CURRENT_PROJECT_VERSION = 1;
				DEFINES_MODULE = YES;
				DEVELOPMENT_TEAM = RGD5MKD799;
				DYLIB_COMPATIBILITY_VERSION = 1;
				DYLIB_CURRENT_VERSION = 1;
				DYLIB_INSTALL_NAME_BASE = "@rpath";
				GENERATE_INFOPLIST_FILE = YES;
				INFOPLIST_KEY_NSHumanReadableCopyright = "";
				INSTALL_PATH = "$(LOCAL_LIBRARY_DIR)/Frameworks";
				LD_RUNPATH_SEARCH_PATHS = (
					"$(inherited)",
					"@executable_path/Frameworks",
					"@loader_path/Frameworks",
				);
				MARKETING_VERSION = 1.0;
				PRODUCT_BUNDLE_IDENTIFIER = study.EssentialDeveloperFeed;
				PRODUCT_NAME = "$(TARGET_NAME:c99extidentifier)";
				SKIP_INSTALL = YES;
				SWIFT_EMIT_LOC_STRINGS = YES;
				SWIFT_VERSION = 5.0;
				TARGETED_DEVICE_FAMILY = "1,2";
			};
			name = Release;
		};
		6246903D283768EE006C4046 /* Debug */ = {
			isa = XCBuildConfiguration;
			buildSettings = {
				ALWAYS_EMBED_SWIFT_STANDARD_LIBRARIES = YES;
				CODE_SIGN_STYLE = Automatic;
				CURRENT_PROJECT_VERSION = 1;
				DEVELOPMENT_TEAM = RGD5MKD799;
				GENERATE_INFOPLIST_FILE = YES;
				MARKETING_VERSION = 1.0;
				PRODUCT_BUNDLE_IDENTIFIER = study.EssentialDeveloperFeedTests;
				PRODUCT_NAME = "$(TARGET_NAME)";
				SWIFT_EMIT_LOC_STRINGS = NO;
				SWIFT_VERSION = 5.0;
				TARGETED_DEVICE_FAMILY = "1,2";
			};
			name = Debug;
		};
		6246903E283768EE006C4046 /* Release */ = {
			isa = XCBuildConfiguration;
			buildSettings = {
				ALWAYS_EMBED_SWIFT_STANDARD_LIBRARIES = YES;
				CODE_SIGN_STYLE = Automatic;
				CURRENT_PROJECT_VERSION = 1;
				DEVELOPMENT_TEAM = RGD5MKD799;
				GENERATE_INFOPLIST_FILE = YES;
				MARKETING_VERSION = 1.0;
				PRODUCT_BUNDLE_IDENTIFIER = study.EssentialDeveloperFeedTests;
				PRODUCT_NAME = "$(TARGET_NAME)";
				SWIFT_EMIT_LOC_STRINGS = NO;
				SWIFT_VERSION = 5.0;
				TARGETED_DEVICE_FAMILY = "1,2";
			};
			name = Release;
		};
		62F594722864450F00FE48B8 /* Debug */ = {
			isa = XCBuildConfiguration;
			buildSettings = {
				CODE_SIGN_STYLE = Automatic;
				CURRENT_PROJECT_VERSION = 1;
				DEVELOPMENT_TEAM = RGD5MKD799;
				GENERATE_INFOPLIST_FILE = YES;
				MACOSX_DEPLOYMENT_TARGET = 12.3;
				MARKETING_VERSION = 1.0;
				PRODUCT_BUNDLE_IDENTIFIER = com.study.EssentialFeedApiEndToEndTest;
				PRODUCT_NAME = "$(TARGET_NAME)";
				SDKROOT = iphoneos;
				SWIFT_EMIT_LOC_STRINGS = NO;
				SWIFT_VERSION = 5.0;
			};
			name = Debug;
		};
		62F594732864450F00FE48B8 /* Release */ = {
			isa = XCBuildConfiguration;
			buildSettings = {
				CODE_SIGN_STYLE = Automatic;
				CURRENT_PROJECT_VERSION = 1;
				DEVELOPMENT_TEAM = RGD5MKD799;
				GENERATE_INFOPLIST_FILE = YES;
				MACOSX_DEPLOYMENT_TARGET = 12.3;
				MARKETING_VERSION = 1.0;
				PRODUCT_BUNDLE_IDENTIFIER = com.study.EssentialFeedApiEndToEndTest;
				PRODUCT_NAME = "$(TARGET_NAME)";
				SDKROOT = iphoneos;
				SWIFT_EMIT_LOC_STRINGS = NO;
				SWIFT_VERSION = 5.0;
			};
			name = Release;
		};
/* End XCBuildConfiguration section */

/* Begin XCConfigurationList section */
		6246901F283768EE006C4046 /* Build configuration list for PBXProject "EssentialDeveloperFeed" */ = {
			isa = XCConfigurationList;
			buildConfigurations = (
				62469037283768EE006C4046 /* Debug */,
				62469038283768EE006C4046 /* Release */,
			);
			defaultConfigurationIsVisible = 0;
			defaultConfigurationName = Release;
		};
		62469039283768EE006C4046 /* Build configuration list for PBXNativeTarget "EssentialDeveloperFeed" */ = {
			isa = XCConfigurationList;
			buildConfigurations = (
				6246903A283768EE006C4046 /* Debug */,
				6246903B283768EE006C4046 /* Release */,
			);
			defaultConfigurationIsVisible = 0;
			defaultConfigurationName = Release;
		};
		6246903C283768EE006C4046 /* Build configuration list for PBXNativeTarget "EssentialDeveloperFeedTests" */ = {
			isa = XCConfigurationList;
			buildConfigurations = (
				6246903D283768EE006C4046 /* Debug */,
				6246903E283768EE006C4046 /* Release */,
			);
			defaultConfigurationIsVisible = 0;
			defaultConfigurationName = Release;
		};
		62F594742864450F00FE48B8 /* Build configuration list for PBXNativeTarget "EssentialFeedApiEndToEndTest" */ = {
			isa = XCConfigurationList;
			buildConfigurations = (
				62F594722864450F00FE48B8 /* Debug */,
				62F594732864450F00FE48B8 /* Release */,
			);
			defaultConfigurationIsVisible = 0;
			defaultConfigurationName = Release;
		};
/* End XCConfigurationList section */
	};
	rootObject = 6246901C283768EE006C4046 /* Project object */;
}
