// !$*UTF8*$!
{
	archiveVersion = 1;
	classes = {
	};
	objectVersion = 55;
	objects = {

/* Begin PBXBuildFile section */
		620069402857B58300BD2EB9 /* URLSessionHTTPClient.swift in Sources */ = {isa = PBXBuildFile; fileRef = 6200693F2857B58300BD2EB9 /* URLSessionHTTPClient.swift */; };
		6217EF302954395D0050BC45 /* UITableView+HeaderSizing.swift in Sources */ = {isa = PBXBuildFile; fileRef = 6217EF2F2954395D0050BC45 /* UITableView+HeaderSizing.swift */; };
		6217EF4129543C420050BC45 /* EssentialFeediOS.framework in Frameworks */ = {isa = PBXBuildFile; fileRef = 62601FA429168BD3008CBA90 /* EssentialFeediOS.framework */; platformFilter = ios; };
		6217EF4729543C520050BC45 /* FeedSnapshotTests.swift in Sources */ = {isa = PBXBuildFile; fileRef = 6217EF31295439C30050BC45 /* FeedSnapshotTests.swift */; };
		6217EF4829543C920050BC45 /* UIImage+TestHelpers.swift in Sources */ = {isa = PBXBuildFile; fileRef = 6217EF3329543A110050BC45 /* UIImage+TestHelpers.swift */; };
		6217EF4929543C950050BC45 /* UIViewController+Snapshot.swift in Sources */ = {isa = PBXBuildFile; fileRef = 6217EF3529543A3E0050BC45 /* UIViewController+Snapshot.swift */; };
		6217EF4A29543C970050BC45 /* XCTestCase+Snapshot.swift in Sources */ = {isa = PBXBuildFile; fileRef = 6217EF3729543A510050BC45 /* XCTestCase+Snapshot.swift */; };
		6230B06A2926179500F9666A /* FeedImageCellController.swift in Sources */ = {isa = PBXBuildFile; fileRef = 6230B0692926179500F9666A /* FeedImageCellController.swift */; };
		6232D3B3293E9F8B0065FAAF /* UIRefreshControl+Helpers.swift in Sources */ = {isa = PBXBuildFile; fileRef = 6232D3B2293E9F8B0065FAAF /* UIRefreshControl+Helpers.swift */; };
		6232D3B5293EA40E0065FAAF /* FeedViewModel.swift in Sources */ = {isa = PBXBuildFile; fileRef = 62AE66A0292CAFED009BB99B /* FeedViewModel.swift */; };
		6232D3B7293EA40E0065FAAF /* FeedPresenter.swift in Sources */ = {isa = PBXBuildFile; fileRef = 62224025292B5F8600096617 /* FeedPresenter.swift */; };
		6232D3B8293EA40E0065FAAF /* FeedImagePresenter.swift in Sources */ = {isa = PBXBuildFile; fileRef = 62AE669C292CAE6B009BB99B /* FeedImagePresenter.swift */; };
		6232D3B9293EA40E0065FAAF /* ResourceLoadingViewModel.swift in Sources */ = {isa = PBXBuildFile; fileRef = 62AE669E292CAFBE009BB99B /* ResourceLoadingViewModel.swift */; };
		6232D3BA293EA40E0065FAAF /* FeedImageViewModel.swift in Sources */ = {isa = PBXBuildFile; fileRef = 6230B0712927A17E00F9666A /* FeedImageViewModel.swift */; };
		6232D3BB293EA4120065FAAF /* Feed.strings in Resources */ = {isa = PBXBuildFile; fileRef = 62FE2EF1292F5985000FA2D6 /* Feed.strings */; };
		6232D3BE293EA4610065FAAF /* FeedImagePresenterTests.swift in Sources */ = {isa = PBXBuildFile; fileRef = 6232D3BD293EA4610065FAAF /* FeedImagePresenterTests.swift */; };
		6232D3BF293EA4930065FAAF /* FeedLocalizationTests.swift in Sources */ = {isa = PBXBuildFile; fileRef = 623A0C612930A840009A1E6B /* FeedLocalizationTests.swift */; };
		6232D3C1293EA4BB0065FAAF /* FeedPresenterTests.swift in Sources */ = {isa = PBXBuildFile; fileRef = 6232D3C0293EA4BB0065FAAF /* FeedPresenterTests.swift */; };
		6246902A283768EE006C4046 /* EssentialDeveloperFeed.docc in Sources */ = {isa = PBXBuildFile; fileRef = 62469029283768EE006C4046 /* EssentialDeveloperFeed.docc */; };
		62469030283768EE006C4046 /* EssentialDeveloperFeed.framework in Frameworks */ = {isa = PBXBuildFile; fileRef = 62469025283768EE006C4046 /* EssentialDeveloperFeed.framework */; };
		62469035283768EE006C4046 /* EssentialDeveloperFeedTests.swift in Sources */ = {isa = PBXBuildFile; fileRef = 62469034283768EE006C4046 /* EssentialDeveloperFeedTests.swift */; };
		62469036283768EE006C4046 /* EssentialDeveloperFeed.h in Headers */ = {isa = PBXBuildFile; fileRef = 62469028283768EE006C4046 /* EssentialDeveloperFeed.h */; settings = {ATTRIBUTES = (Public, ); }; };
		6246904128376A9B006C4046 /* FeedImage.swift in Sources */ = {isa = PBXBuildFile; fileRef = 6246904028376A9B006C4046 /* FeedImage.swift */; };
		625118EA2943214D00EC5527 /* HTTPURLResponse+StatusCode.swift in Sources */ = {isa = PBXBuildFile; fileRef = 625118E92943214D00EC5527 /* HTTPURLResponse+StatusCode.swift */; };
		625118ED294322DB00EC5527 /* FeedImageDataLoader.swift in Sources */ = {isa = PBXBuildFile; fileRef = 6253DA36292224E80028B552 /* FeedImageDataLoader.swift */; };
		625118F22943237600EC5527 /* URLProtocolStub.swift in Sources */ = {isa = PBXBuildFile; fileRef = 625118F12943237600EC5527 /* URLProtocolStub.swift */; };
		62592EAB2981107E00C1982F /* FeedEndpoint.swift in Sources */ = {isa = PBXBuildFile; fileRef = 62592EAA2981107E00C1982F /* FeedEndpoint.swift */; };
		62592EAD298110A800C1982F /* ImageCommentsEndpoint.swift in Sources */ = {isa = PBXBuildFile; fileRef = 62592EAC298110A800C1982F /* ImageCommentsEndpoint.swift */; };
		62592EAF298110FB00C1982F /* FeedEndpointTests.swift in Sources */ = {isa = PBXBuildFile; fileRef = 62592EAE298110FB00C1982F /* FeedEndpointTests.swift */; };
		62592EB12981112300C1982F /* ImageCommentsEndpointTests.swift in Sources */ = {isa = PBXBuildFile; fileRef = 62592EB02981112300C1982F /* ImageCommentsEndpointTests.swift */; };
		625C6D1C28DCB717004016D8 /* CacheFeedUseCaseTest.swift in Sources */ = {isa = PBXBuildFile; fileRef = 625C6D1B28DCB717004016D8 /* CacheFeedUseCaseTest.swift */; };
		62601FA829168BD3008CBA90 /* EssentialFeediOS.docc in Sources */ = {isa = PBXBuildFile; fileRef = 62601FA729168BD3008CBA90 /* EssentialFeediOS.docc */; };
		62601FB429168BD4008CBA90 /* EssentialFeediOS.h in Headers */ = {isa = PBXBuildFile; fileRef = 62601FA629168BD3008CBA90 /* EssentialFeediOS.h */; settings = {ATTRIBUTES = (Public, ); }; };
		62601FBD2918EAC2008CBA90 /* EssentialDeveloperFeed.framework in Frameworks */ = {isa = PBXBuildFile; fileRef = 62469025283768EE006C4046 /* EssentialDeveloperFeed.framework */; };
		62601FBE2918EAC2008CBA90 /* EssentialDeveloperFeed.framework in Embed Frameworks */ = {isa = PBXBuildFile; fileRef = 62469025283768EE006C4046 /* EssentialDeveloperFeed.framework */; settings = {ATTRIBUTES = (CodeSignOnCopy, RemoveHeadersOnCopy, ); }; };
		62698254297DF0D600D6A419 /* ImageCommentCellController.swift in Sources */ = {isa = PBXBuildFile; fileRef = 62698253297DF0D600D6A419 /* ImageCommentCellController.swift */; };
		62698257297DF10E00D6A419 /* ImageComments.storyboard in Resources */ = {isa = PBXBuildFile; fileRef = 62698256297DF10E00D6A419 /* ImageComments.storyboard */; };
		6269825C297DF16A00D6A419 /* CellController.swift in Sources */ = {isa = PBXBuildFile; fileRef = 6269825B297DF16A00D6A419 /* CellController.swift */; };
		6269825E297DF18000D6A419 /* ListViewController.swift in Sources */ = {isa = PBXBuildFile; fileRef = 6269825D297DF18000D6A419 /* ListViewController.swift */; };
		62698261297DF1A900D6A419 /* ErrorView.swift in Sources */ = {isa = PBXBuildFile; fileRef = 62698260297DF1A900D6A419 /* ErrorView.swift */; };
		62698263297DF1CE00D6A419 /* UIView+Container.swift in Sources */ = {isa = PBXBuildFile; fileRef = 62698262297DF1CE00D6A419 /* UIView+Container.swift */; };
		62698279297DF35B00D6A419 /* ImageCommentsSnapshotTests.swift in Sources */ = {isa = PBXBuildFile; fileRef = 62698278297DF35B00D6A419 /* ImageCommentsSnapshotTests.swift */; };
		6269827B297DF3B100D6A419 /* ListSnapshotTests.swift in Sources */ = {isa = PBXBuildFile; fileRef = 6269827A297DF3B100D6A419 /* ListSnapshotTests.swift */; };
		6269828B297DF6EC00D6A419 /* ImageCommentCell.swift in Sources */ = {isa = PBXBuildFile; fileRef = 62698255297DF0ED00D6A419 /* ImageCommentCell.swift */; };
		626D614928E2090400AFCA13 /* LocalFeedLoader.swift in Sources */ = {isa = PBXBuildFile; fileRef = 626D614828E2090400AFCA13 /* LocalFeedLoader.swift */; };
		626D614B28E2096C00AFCA13 /* FeedStore.swift in Sources */ = {isa = PBXBuildFile; fileRef = 626D614A28E2096C00AFCA13 /* FeedStore.swift */; };
		626D614F28E2D39F00AFCA13 /* LocalFeedImage.swift in Sources */ = {isa = PBXBuildFile; fileRef = 626D614E28E2D39F00AFCA13 /* LocalFeedImage.swift */; };
		627F04E4296CA1BE00345BB0 /* FeedImageDataMapper.swift in Sources */ = {isa = PBXBuildFile; fileRef = 627F04E3296CA1BE00345BB0 /* FeedImageDataMapper.swift */; };
		627F04E7296CA26C00345BB0 /* ImageCommentsMapper.swift in Sources */ = {isa = PBXBuildFile; fileRef = 627F04E6296CA26C00345BB0 /* ImageCommentsMapper.swift */; };
		627F04EA296CA2AA00345BB0 /* ImageComment.swift in Sources */ = {isa = PBXBuildFile; fileRef = 627F04E9296CA2AA00345BB0 /* ImageComment.swift */; };
		627F04EE296CA36400345BB0 /* FeedImageDataMapperTests.swift in Sources */ = {isa = PBXBuildFile; fileRef = 627F04ED296CA36400345BB0 /* FeedImageDataMapperTests.swift */; };
		627F04F0296CA36C00345BB0 /* FeedItemsMapperTests.swift in Sources */ = {isa = PBXBuildFile; fileRef = 627F04EF296CA36C00345BB0 /* FeedItemsMapperTests.swift */; };
		627F04F3296CA3EE00345BB0 /* ImageCommentsMapperTests.swift in Sources */ = {isa = PBXBuildFile; fileRef = 627F04F2296CA3EE00345BB0 /* ImageCommentsMapperTests.swift */; };
		6293BACE28FDA0AA0078DCAE /* FeedStoreSpecs.swift in Sources */ = {isa = PBXBuildFile; fileRef = 6293BACD28FDA0AA0078DCAE /* FeedStoreSpecs.swift */; };
		6293BAD328FDBB9E0078DCAE /* XCTestCase+FailableDeleteFeedStoreSpecs.swift in Sources */ = {isa = PBXBuildFile; fileRef = 6293BAD228FDBB9E0078DCAE /* XCTestCase+FailableDeleteFeedStoreSpecs.swift */; };
		6293BAD528FDBBBD0078DCAE /* XCTestCase+FailableInsertFeedStoreSpecs.swift in Sources */ = {isa = PBXBuildFile; fileRef = 6293BAD428FDBBBD0078DCAE /* XCTestCase+FailableInsertFeedStoreSpecs.swift */; };
		6293BAD728FDBBD50078DCAE /* XCTestCase+FailableRetrieveFeedStoreSpecs.swift in Sources */ = {isa = PBXBuildFile; fileRef = 6293BAD628FDBBD50078DCAE /* XCTestCase+FailableRetrieveFeedStoreSpecs.swift */; };
		6293BAD928FDBBED0078DCAE /* XCTestCase+FeedStoreSpecs.swift in Sources */ = {isa = PBXBuildFile; fileRef = 6293BAD828FDBBED0078DCAE /* XCTestCase+FeedStoreSpecs.swift */; };
		6293BADB28FE7F3E0078DCAE /* CoreDataFeedStoreTests.swift in Sources */ = {isa = PBXBuildFile; fileRef = 6293BADA28FE7F3E0078DCAE /* CoreDataFeedStoreTests.swift */; };
		6293BAE928FE81E60078DCAE /* CoreDataHelpers.swift in Sources */ = {isa = PBXBuildFile; fileRef = 6293BAE028FE7FE90078DCAE /* CoreDataHelpers.swift */; };
		6293BAEA28FE81E60078DCAE /* CoreDataFeedStore.swift in Sources */ = {isa = PBXBuildFile; fileRef = 6293BADE28FE7FD40078DCAE /* CoreDataFeedStore.swift */; };
		6293BAEB28FE81E60078DCAE /* ManagedFeedImage.swift in Sources */ = {isa = PBXBuildFile; fileRef = 6293BAE728FE815D0078DCAE /* ManagedFeedImage.swift */; };
		6293BAEE28FE823A0078DCAE /* ManagedCache.swift in Sources */ = {isa = PBXBuildFile; fileRef = 6293BAE528FE81410078DCAE /* ManagedCache.swift */; };
		629AA4A4292D7D7600E3AA31 /* Feed.storyboard in Resources */ = {isa = PBXBuildFile; fileRef = 629AA4A3292D7D7600E3AA31 /* Feed.storyboard */; };
		629AA4A6292D7DF800E3AA31 /* Feed.xcassets in Resources */ = {isa = PBXBuildFile; fileRef = 629AA4A5292D7DF800E3AA31 /* Feed.xcassets */; };
		629AA4A8292D7E0900E3AA31 /* UIImageView+Animations.swift in Sources */ = {isa = PBXBuildFile; fileRef = 629AA4A7292D7E0900E3AA31 /* UIImageView+Animations.swift */; };
		629AA4AA292D7E2600E3AA31 /* UITableView+Dequeueing.swift in Sources */ = {isa = PBXBuildFile; fileRef = 629AA4A9292D7E2600E3AA31 /* UITableView+Dequeueing.swift */; };
		629D0EC4291A3C70001A0B21 /* FeedImageCell.swift in Sources */ = {isa = PBXBuildFile; fileRef = 629D0EC3291A3C70001A0B21 /* FeedImageCell.swift */; };
		62B0780428E42140003FDE12 /* LoadFeedFromCacheUseCaseTest.swift in Sources */ = {isa = PBXBuildFile; fileRef = 62B0780328E42140003FDE12 /* LoadFeedFromCacheUseCaseTest.swift */; };
		62B0780728E422A5003FDE12 /* FeedStoreSpy.swift in Sources */ = {isa = PBXBuildFile; fileRef = 62B0780628E422A5003FDE12 /* FeedStoreSpy.swift */; };
		62B0781128E5713C003FDE12 /* ValidateFeedCacheUseCaseTests.swift in Sources */ = {isa = PBXBuildFile; fileRef = 62B0781028E5713C003FDE12 /* ValidateFeedCacheUseCaseTests.swift */; };
		62B0781328E57588003FDE12 /* FeedCacheTestHelper.swift in Sources */ = {isa = PBXBuildFile; fileRef = 62B0781228E57588003FDE12 /* FeedCacheTestHelper.swift */; };
		62B0781528E57612003FDE12 /* ShareTestHelpers.swift in Sources */ = {isa = PBXBuildFile; fileRef = 62B0781428E57612003FDE12 /* ShareTestHelpers.swift */; };
		62B0781728E6C360003FDE12 /* FeedCachePolicy.swift in Sources */ = {isa = PBXBuildFile; fileRef = 62B0781628E6C360003FDE12 /* FeedCachePolicy.swift */; };
		62CCA30E297145E60027B16F /* LoadResourcePresenter.swift in Sources */ = {isa = PBXBuildFile; fileRef = 62CCA30D297145E60027B16F /* LoadResourcePresenter.swift */; };
		62CCA310297145F80027B16F /* ResourceErrorView.swift in Sources */ = {isa = PBXBuildFile; fileRef = 62CCA30F297145F80027B16F /* ResourceErrorView.swift */; };
		62CCA312297146040027B16F /* ResourceErrorViewModel.swift in Sources */ = {isa = PBXBuildFile; fileRef = 62CCA311297146040027B16F /* ResourceErrorViewModel.swift */; };
		62CCA3142971460C0027B16F /* ResourceLoadingView.swift in Sources */ = {isa = PBXBuildFile; fileRef = 62CCA3132971460C0027B16F /* ResourceLoadingView.swift */; };
		62CCA317297146F90027B16F /* Shared.strings in Resources */ = {isa = PBXBuildFile; fileRef = 62CCA319297146F90027B16F /* Shared.strings */; };
		62CCA31D297147AF0027B16F /* SharedLocalizationTestHelpers.swift in Sources */ = {isa = PBXBuildFile; fileRef = 62CCA31C297147AF0027B16F /* SharedLocalizationTestHelpers.swift */; };
		62CCA320297148A40027B16F /* LoadResourcePresenterTests.swift in Sources */ = {isa = PBXBuildFile; fileRef = 62CCA31F297148A40027B16F /* LoadResourcePresenterTests.swift */; };
		62CCA322297148CB0027B16F /* SharedLocalizationTests.swift in Sources */ = {isa = PBXBuildFile; fileRef = 62CCA321297148CB0027B16F /* SharedLocalizationTests.swift */; };
		62CCA3272975475C0027B16F /* ImageCommentsPresenter.swift in Sources */ = {isa = PBXBuildFile; fileRef = 62CCA3262975475C0027B16F /* ImageCommentsPresenter.swift */; };
		62CCA32A297547BE0027B16F /* ImageComments.strings in Resources */ = {isa = PBXBuildFile; fileRef = 62CCA32C297547BE0027B16F /* ImageComments.strings */; };
		62CCA331297548F30027B16F /* ImageCommentsLocalizationTests.swift in Sources */ = {isa = PBXBuildFile; fileRef = 62CCA330297548F30027B16F /* ImageCommentsLocalizationTests.swift */; };
		62CCA3332975491B0027B16F /* ImageCommentsPresenterTests.swift in Sources */ = {isa = PBXBuildFile; fileRef = 62CCA3322975491B0027B16F /* ImageCommentsPresenterTests.swift */; };
		62DA667A28523E320026302F /* URLSessionHTTPClientTests.swift in Sources */ = {isa = PBXBuildFile; fileRef = 62DA667928523E320026302F /* URLSessionHTTPClientTests.swift */; };
		62DA6701285772E10026302F /* XCTestCaseMemoryTracking.swift in Sources */ = {isa = PBXBuildFile; fileRef = 62DA6700285772E10026302F /* XCTestCaseMemoryTracking.swift */; };
		62DB74B52847987E00748AF5 /* HTTPClient.swift in Sources */ = {isa = PBXBuildFile; fileRef = 62DB74B42847987E00748AF5 /* HTTPClient.swift */; };
		62DB74B7284798E800748AF5 /* FeedItemsMapper.swift in Sources */ = {isa = PBXBuildFile; fileRef = 62DB74B6284798E800748AF5 /* FeedItemsMapper.swift */; };
		62DE3294294708CF0062EBE1 /* FeedImageDataStore.swift in Sources */ = {isa = PBXBuildFile; fileRef = 62DE3293294708CF0062EBE1 /* FeedImageDataStore.swift */; };
		62DE3296294708FC0062EBE1 /* CoreDataFeedStore+FeedImageDataLoader.swift in Sources */ = {isa = PBXBuildFile; fileRef = 62DE3295294708FC0062EBE1 /* CoreDataFeedStore+FeedImageDataLoader.swift */; };
		62DE3298294709170062EBE1 /* CoreDataFeedStore+FeedStore.swift in Sources */ = {isa = PBXBuildFile; fileRef = 62DE3297294709170062EBE1 /* CoreDataFeedStore+FeedStore.swift */; };
		62DE329A29470A310062EBE1 /* LocalFeedImageDataLoader.swift in Sources */ = {isa = PBXBuildFile; fileRef = 62DE329929470A310062EBE1 /* LocalFeedImageDataLoader.swift */; };
		62DE329C29470B7E0062EBE1 /* CacheFeedImageDataUseCaseTests.swift in Sources */ = {isa = PBXBuildFile; fileRef = 62DE329B29470B7E0062EBE1 /* CacheFeedImageDataUseCaseTests.swift */; };
		62DE329E29470B990062EBE1 /* CoreDataFeedImageDataStoreTests.swift in Sources */ = {isa = PBXBuildFile; fileRef = 62DE329D29470B990062EBE1 /* CoreDataFeedImageDataStoreTests.swift */; };
		62DE32A029470C3A0062EBE1 /* FeedImageDataStoreSpy.swift in Sources */ = {isa = PBXBuildFile; fileRef = 62DE329F29470C3A0062EBE1 /* FeedImageDataStoreSpy.swift */; };
		62DE32A229470C690062EBE1 /* LoadFeedImageDataFromCacheUseCaseTests.swift in Sources */ = {isa = PBXBuildFile; fileRef = 62DE32A129470C690062EBE1 /* LoadFeedImageDataFromCacheUseCaseTests.swift */; };
		62DE32A629470D840062EBE1 /* FeedStore.xcdatamodeld in Sources */ = {isa = PBXBuildFile; fileRef = 62DE32A329470D830062EBE1 /* FeedStore.xcdatamodeld */; };
		62E616A3291E30A700C4E686 /* UIView+Shimmering.swift in Sources */ = {isa = PBXBuildFile; fileRef = 62E616A2291E30A700C4E686 /* UIView+Shimmering.swift */; };
		62E70953294C57FB002C46FE /* FeedCache.swift in Sources */ = {isa = PBXBuildFile; fileRef = 62E70952294C57FB002C46FE /* FeedCache.swift */; };
		62E70955294C5814002C46FE /* FeedImageDataCache.swift in Sources */ = {isa = PBXBuildFile; fileRef = 62E70954294C5814002C46FE /* FeedImageDataCache.swift */; };
		62F18D7B28FFD26600D3DD04 /* EssentialDeveloperFeedCacheIntegrationTests.swift in Sources */ = {isa = PBXBuildFile; fileRef = 62F18D7A28FFD26600D3DD04 /* EssentialDeveloperFeedCacheIntegrationTests.swift */; };
		62F18D7C28FFD26600D3DD04 /* EssentialDeveloperFeed.framework in Frameworks */ = {isa = PBXBuildFile; fileRef = 62469025283768EE006C4046 /* EssentialDeveloperFeed.framework */; };
		62F18D8228FFD50400D3DD04 /* XCTestCaseMemoryTracking.swift in Sources */ = {isa = PBXBuildFile; fileRef = 62DA6700285772E10026302F /* XCTestCaseMemoryTracking.swift */; };
		62F18D8428FFD6D800D3DD04 /* FeedCacheTestHelper.swift in Sources */ = {isa = PBXBuildFile; fileRef = 62B0781228E57588003FDE12 /* FeedCacheTestHelper.swift */; };
		62F18D8528FFD6E200D3DD04 /* ShareTestHelpers.swift in Sources */ = {isa = PBXBuildFile; fileRef = 62B0781428E57612003FDE12 /* ShareTestHelpers.swift */; };
		62F594712864450F00FE48B8 /* EssentialFeedApiEndToEndTest.swift in Sources */ = {isa = PBXBuildFile; fileRef = 62F594702864450F00FE48B8 /* EssentialFeedApiEndToEndTest.swift */; };
		62F59477286457F300FE48B8 /* EssentialDeveloperFeed.framework in Frameworks */ = {isa = PBXBuildFile; fileRef = 62469025283768EE006C4046 /* EssentialDeveloperFeed.framework */; };
		62F59478286458A700FE48B8 /* XCTestCaseMemoryTracking.swift in Sources */ = {isa = PBXBuildFile; fileRef = 62DA6700285772E10026302F /* XCTestCaseMemoryTracking.swift */; };
/* End PBXBuildFile section */

/* Begin PBXContainerItemProxy section */
		6217EF4229543C420050BC45 /* PBXContainerItemProxy */ = {
			isa = PBXContainerItemProxy;
			containerPortal = 6246901C283768EE006C4046 /* Project object */;
			proxyType = 1;
			remoteGlobalIDString = 62601FA329168BD3008CBA90;
			remoteInfo = EssentialFeediOS;
		};
		62469031283768EE006C4046 /* PBXContainerItemProxy */ = {
			isa = PBXContainerItemProxy;
			containerPortal = 6246901C283768EE006C4046 /* Project object */;
			proxyType = 1;
			remoteGlobalIDString = 62469024283768EE006C4046;
			remoteInfo = EssentialDeveloperFeed;
		};
		62601FBF2918EAC2008CBA90 /* PBXContainerItemProxy */ = {
			isa = PBXContainerItemProxy;
			containerPortal = 6246901C283768EE006C4046 /* Project object */;
			proxyType = 1;
			remoteGlobalIDString = 62469024283768EE006C4046;
			remoteInfo = EssentialDeveloperFeed;
		};
		62F18D7D28FFD26600D3DD04 /* PBXContainerItemProxy */ = {
			isa = PBXContainerItemProxy;
			containerPortal = 6246901C283768EE006C4046 /* Project object */;
			proxyType = 1;
			remoteGlobalIDString = 62469024283768EE006C4046;
			remoteInfo = EssentialDeveloperFeed;
		};
/* End PBXContainerItemProxy section */

/* Begin PBXCopyFilesBuildPhase section */
		62601FC12918EAC2008CBA90 /* Embed Frameworks */ = {
			isa = PBXCopyFilesBuildPhase;
			buildActionMask = 2147483647;
			dstPath = "";
			dstSubfolderSpec = 10;
			files = (
				62601FBE2918EAC2008CBA90 /* EssentialDeveloperFeed.framework in Embed Frameworks */,
			);
			name = "Embed Frameworks";
			runOnlyForDeploymentPostprocessing = 0;
		};
/* End PBXCopyFilesBuildPhase section */

/* Begin PBXFileReference section */
		6200693F2857B58300BD2EB9 /* URLSessionHTTPClient.swift */ = {isa = PBXFileReference; lastKnownFileType = sourcecode.swift; path = URLSessionHTTPClient.swift; sourceTree = "<group>"; };
		6217EF2F2954395D0050BC45 /* UITableView+HeaderSizing.swift */ = {isa = PBXFileReference; lastKnownFileType = sourcecode.swift; path = "UITableView+HeaderSizing.swift"; sourceTree = "<group>"; };
		6217EF31295439C30050BC45 /* FeedSnapshotTests.swift */ = {isa = PBXFileReference; lastKnownFileType = sourcecode.swift; path = FeedSnapshotTests.swift; sourceTree = "<group>"; };
		6217EF3329543A110050BC45 /* UIImage+TestHelpers.swift */ = {isa = PBXFileReference; lastKnownFileType = sourcecode.swift; path = "UIImage+TestHelpers.swift"; sourceTree = "<group>"; };
		6217EF3529543A3E0050BC45 /* UIViewController+Snapshot.swift */ = {isa = PBXFileReference; lastKnownFileType = sourcecode.swift; path = "UIViewController+Snapshot.swift"; sourceTree = "<group>"; };
		6217EF3729543A510050BC45 /* XCTestCase+Snapshot.swift */ = {isa = PBXFileReference; lastKnownFileType = sourcecode.swift; path = "XCTestCase+Snapshot.swift"; sourceTree = "<group>"; };
		6217EF3D29543C420050BC45 /* EssentialFeediOSTests.xctest */ = {isa = PBXFileReference; explicitFileType = wrapper.cfbundle; includeInIndex = 0; path = EssentialFeediOSTests.xctest; sourceTree = BUILT_PRODUCTS_DIR; };
		62224025292B5F8600096617 /* FeedPresenter.swift */ = {isa = PBXFileReference; lastKnownFileType = sourcecode.swift; path = FeedPresenter.swift; sourceTree = "<group>"; };
		6230B0692926179500F9666A /* FeedImageCellController.swift */ = {isa = PBXFileReference; lastKnownFileType = sourcecode.swift; path = FeedImageCellController.swift; sourceTree = "<group>"; };
		6230B0712927A17E00F9666A /* FeedImageViewModel.swift */ = {isa = PBXFileReference; lastKnownFileType = sourcecode.swift; path = FeedImageViewModel.swift; sourceTree = "<group>"; };
		6232D3B2293E9F8B0065FAAF /* UIRefreshControl+Helpers.swift */ = {isa = PBXFileReference; lastKnownFileType = sourcecode.swift; path = "UIRefreshControl+Helpers.swift"; sourceTree = "<group>"; };
		6232D3BD293EA4610065FAAF /* FeedImagePresenterTests.swift */ = {isa = PBXFileReference; lastKnownFileType = sourcecode.swift; path = FeedImagePresenterTests.swift; sourceTree = "<group>"; };
		6232D3C0293EA4BB0065FAAF /* FeedPresenterTests.swift */ = {isa = PBXFileReference; lastKnownFileType = sourcecode.swift; path = FeedPresenterTests.swift; sourceTree = "<group>"; };
		623A0C612930A840009A1E6B /* FeedLocalizationTests.swift */ = {isa = PBXFileReference; lastKnownFileType = sourcecode.swift; path = FeedLocalizationTests.swift; sourceTree = "<group>"; };
		62469025283768EE006C4046 /* EssentialDeveloperFeed.framework */ = {isa = PBXFileReference; explicitFileType = wrapper.framework; includeInIndex = 0; path = EssentialDeveloperFeed.framework; sourceTree = BUILT_PRODUCTS_DIR; };
		62469028283768EE006C4046 /* EssentialDeveloperFeed.h */ = {isa = PBXFileReference; lastKnownFileType = sourcecode.c.h; path = EssentialDeveloperFeed.h; sourceTree = "<group>"; };
		62469029283768EE006C4046 /* EssentialDeveloperFeed.docc */ = {isa = PBXFileReference; lastKnownFileType = folder.documentationcatalog; path = EssentialDeveloperFeed.docc; sourceTree = "<group>"; };
		6246902F283768EE006C4046 /* EssentialDeveloperFeedTests.xctest */ = {isa = PBXFileReference; explicitFileType = wrapper.cfbundle; includeInIndex = 0; path = EssentialDeveloperFeedTests.xctest; sourceTree = BUILT_PRODUCTS_DIR; };
		62469034283768EE006C4046 /* EssentialDeveloperFeedTests.swift */ = {isa = PBXFileReference; lastKnownFileType = sourcecode.swift; path = EssentialDeveloperFeedTests.swift; sourceTree = "<group>"; };
		6246904028376A9B006C4046 /* FeedImage.swift */ = {isa = PBXFileReference; lastKnownFileType = sourcecode.swift; path = FeedImage.swift; sourceTree = "<group>"; };
		625118E92943214D00EC5527 /* HTTPURLResponse+StatusCode.swift */ = {isa = PBXFileReference; lastKnownFileType = sourcecode.swift; path = "HTTPURLResponse+StatusCode.swift"; sourceTree = "<group>"; };
		625118F12943237600EC5527 /* URLProtocolStub.swift */ = {isa = PBXFileReference; lastKnownFileType = sourcecode.swift; path = URLProtocolStub.swift; sourceTree = "<group>"; };
		6253DA36292224E80028B552 /* FeedImageDataLoader.swift */ = {isa = PBXFileReference; lastKnownFileType = sourcecode.swift; path = FeedImageDataLoader.swift; sourceTree = "<group>"; };
		62592EAA2981107E00C1982F /* FeedEndpoint.swift */ = {isa = PBXFileReference; lastKnownFileType = sourcecode.swift; path = FeedEndpoint.swift; sourceTree = "<group>"; };
		62592EAC298110A800C1982F /* ImageCommentsEndpoint.swift */ = {isa = PBXFileReference; lastKnownFileType = sourcecode.swift; path = ImageCommentsEndpoint.swift; sourceTree = "<group>"; };
		62592EAE298110FB00C1982F /* FeedEndpointTests.swift */ = {isa = PBXFileReference; lastKnownFileType = sourcecode.swift; path = FeedEndpointTests.swift; sourceTree = "<group>"; };
		62592EB02981112300C1982F /* ImageCommentsEndpointTests.swift */ = {isa = PBXFileReference; lastKnownFileType = sourcecode.swift; path = ImageCommentsEndpointTests.swift; sourceTree = "<group>"; };
		625C6D1B28DCB717004016D8 /* CacheFeedUseCaseTest.swift */ = {isa = PBXFileReference; lastKnownFileType = sourcecode.swift; path = CacheFeedUseCaseTest.swift; sourceTree = "<group>"; };
		62601FA429168BD3008CBA90 /* EssentialFeediOS.framework */ = {isa = PBXFileReference; explicitFileType = wrapper.framework; includeInIndex = 0; path = EssentialFeediOS.framework; sourceTree = BUILT_PRODUCTS_DIR; };
		62601FA629168BD3008CBA90 /* EssentialFeediOS.h */ = {isa = PBXFileReference; lastKnownFileType = sourcecode.c.h; path = EssentialFeediOS.h; sourceTree = "<group>"; };
		62601FA729168BD3008CBA90 /* EssentialFeediOS.docc */ = {isa = PBXFileReference; lastKnownFileType = folder.documentationcatalog; path = EssentialFeediOS.docc; sourceTree = "<group>"; };
		62698253297DF0D600D6A419 /* ImageCommentCellController.swift */ = {isa = PBXFileReference; lastKnownFileType = sourcecode.swift; path = ImageCommentCellController.swift; sourceTree = "<group>"; };
		62698255297DF0ED00D6A419 /* ImageCommentCell.swift */ = {isa = PBXFileReference; lastKnownFileType = sourcecode.swift; path = ImageCommentCell.swift; sourceTree = "<group>"; };
		62698256297DF10E00D6A419 /* ImageComments.storyboard */ = {isa = PBXFileReference; lastKnownFileType = file.storyboard; path = ImageComments.storyboard; sourceTree = "<group>"; };
		6269825B297DF16A00D6A419 /* CellController.swift */ = {isa = PBXFileReference; lastKnownFileType = sourcecode.swift; path = CellController.swift; sourceTree = "<group>"; };
		6269825D297DF18000D6A419 /* ListViewController.swift */ = {isa = PBXFileReference; lastKnownFileType = sourcecode.swift; path = ListViewController.swift; sourceTree = "<group>"; };
		62698260297DF1A900D6A419 /* ErrorView.swift */ = {isa = PBXFileReference; lastKnownFileType = sourcecode.swift; path = ErrorView.swift; sourceTree = "<group>"; };
		62698262297DF1CE00D6A419 /* UIView+Container.swift */ = {isa = PBXFileReference; lastKnownFileType = sourcecode.swift; path = "UIView+Container.swift"; sourceTree = "<group>"; };
		62698278297DF35B00D6A419 /* ImageCommentsSnapshotTests.swift */ = {isa = PBXFileReference; lastKnownFileType = sourcecode.swift; path = ImageCommentsSnapshotTests.swift; sourceTree = "<group>"; };
		6269827A297DF3B100D6A419 /* ListSnapshotTests.swift */ = {isa = PBXFileReference; lastKnownFileType = sourcecode.swift; path = ListSnapshotTests.swift; sourceTree = "<group>"; };
		6269827E297DF43200D6A419 /* LIST_WITH_ERROR_MESSAGE_light.png */ = {isa = PBXFileReference; lastKnownFileType = image.png; path = LIST_WITH_ERROR_MESSAGE_light.png; sourceTree = "<group>"; };
		6269827F297DF43200D6A419 /* EMPTY_LIST_light.png */ = {isa = PBXFileReference; lastKnownFileType = image.png; path = EMPTY_LIST_light.png; sourceTree = "<group>"; };
		62698280297DF43200D6A419 /* LIST_WITH_ERROR_MESSAGE_dark.png */ = {isa = PBXFileReference; lastKnownFileType = image.png; path = LIST_WITH_ERROR_MESSAGE_dark.png; sourceTree = "<group>"; };
		62698281297DF43200D6A419 /* EMPTY_LIST_dark.png */ = {isa = PBXFileReference; lastKnownFileType = image.png; path = EMPTY_LIST_dark.png; sourceTree = "<group>"; };
		62698282297DF43200D6A419 /* LIST_WITH_ERROR_MESSAGE_light_extraExtraExtraLarge.png */ = {isa = PBXFileReference; lastKnownFileType = image.png; path = LIST_WITH_ERROR_MESSAGE_light_extraExtraExtraLarge.png; sourceTree = "<group>"; };
		62698283297DF44200D6A419 /* IMAGE_COMMENTS_dark.png */ = {isa = PBXFileReference; lastKnownFileType = image.png; path = IMAGE_COMMENTS_dark.png; sourceTree = "<group>"; };
		62698284297DF44200D6A419 /* IMAGE_COMMENTS_light_extraExtraExtraLarge.png */ = {isa = PBXFileReference; lastKnownFileType = image.png; path = IMAGE_COMMENTS_light_extraExtraExtraLarge.png; sourceTree = "<group>"; };
		62698285297DF44200D6A419 /* IMAGE_COMMENTS_light.png */ = {isa = PBXFileReference; lastKnownFileType = image.png; path = IMAGE_COMMENTS_light.png; sourceTree = "<group>"; };
		62698286297DF44D00D6A419 /* FEED_WITH_FAILED_IMAGE_LOADING_light.png */ = {isa = PBXFileReference; lastKnownFileType = image.png; path = FEED_WITH_FAILED_IMAGE_LOADING_light.png; sourceTree = "<group>"; };
		62698287297DF44D00D6A419 /* FEED_WITH_CONTENT_light_extraExtraExtraLarge.png */ = {isa = PBXFileReference; lastKnownFileType = image.png; path = FEED_WITH_CONTENT_light_extraExtraExtraLarge.png; sourceTree = "<group>"; };
		62698288297DF44D00D6A419 /* FEED_WITH_CONTENT_dark.png */ = {isa = PBXFileReference; lastKnownFileType = image.png; path = FEED_WITH_CONTENT_dark.png; sourceTree = "<group>"; };
		62698289297DF44D00D6A419 /* FEED_WITH_CONTENT_light.png */ = {isa = PBXFileReference; lastKnownFileType = image.png; path = FEED_WITH_CONTENT_light.png; sourceTree = "<group>"; };
		6269828A297DF44D00D6A419 /* FEED_WITH_FAILED_IMAGE_LOADING_dark.png */ = {isa = PBXFileReference; lastKnownFileType = image.png; path = FEED_WITH_FAILED_IMAGE_LOADING_dark.png; sourceTree = "<group>"; };
		626D614828E2090400AFCA13 /* LocalFeedLoader.swift */ = {isa = PBXFileReference; lastKnownFileType = sourcecode.swift; path = LocalFeedLoader.swift; sourceTree = "<group>"; };
		626D614A28E2096C00AFCA13 /* FeedStore.swift */ = {isa = PBXFileReference; lastKnownFileType = sourcecode.swift; path = FeedStore.swift; sourceTree = "<group>"; };
		626D614E28E2D39F00AFCA13 /* LocalFeedImage.swift */ = {isa = PBXFileReference; lastKnownFileType = sourcecode.swift; path = LocalFeedImage.swift; sourceTree = "<group>"; };
		627F04E3296CA1BE00345BB0 /* FeedImageDataMapper.swift */ = {isa = PBXFileReference; lastKnownFileType = sourcecode.swift; path = FeedImageDataMapper.swift; sourceTree = "<group>"; };
		627F04E6296CA26C00345BB0 /* ImageCommentsMapper.swift */ = {isa = PBXFileReference; lastKnownFileType = sourcecode.swift; path = ImageCommentsMapper.swift; sourceTree = "<group>"; };
		627F04E9296CA2AA00345BB0 /* ImageComment.swift */ = {isa = PBXFileReference; lastKnownFileType = sourcecode.swift; path = ImageComment.swift; sourceTree = "<group>"; };
		627F04ED296CA36400345BB0 /* FeedImageDataMapperTests.swift */ = {isa = PBXFileReference; lastKnownFileType = sourcecode.swift; path = FeedImageDataMapperTests.swift; sourceTree = "<group>"; };
		627F04EF296CA36C00345BB0 /* FeedItemsMapperTests.swift */ = {isa = PBXFileReference; lastKnownFileType = sourcecode.swift; path = FeedItemsMapperTests.swift; sourceTree = "<group>"; };
		627F04F2296CA3EE00345BB0 /* ImageCommentsMapperTests.swift */ = {isa = PBXFileReference; lastKnownFileType = sourcecode.swift; path = ImageCommentsMapperTests.swift; sourceTree = "<group>"; };
		6293BACD28FDA0AA0078DCAE /* FeedStoreSpecs.swift */ = {isa = PBXFileReference; lastKnownFileType = sourcecode.swift; path = FeedStoreSpecs.swift; sourceTree = "<group>"; };
		6293BAD228FDBB9E0078DCAE /* XCTestCase+FailableDeleteFeedStoreSpecs.swift */ = {isa = PBXFileReference; lastKnownFileType = sourcecode.swift; path = "XCTestCase+FailableDeleteFeedStoreSpecs.swift"; sourceTree = "<group>"; };
		6293BAD428FDBBBD0078DCAE /* XCTestCase+FailableInsertFeedStoreSpecs.swift */ = {isa = PBXFileReference; lastKnownFileType = sourcecode.swift; path = "XCTestCase+FailableInsertFeedStoreSpecs.swift"; sourceTree = "<group>"; };
		6293BAD628FDBBD50078DCAE /* XCTestCase+FailableRetrieveFeedStoreSpecs.swift */ = {isa = PBXFileReference; lastKnownFileType = sourcecode.swift; path = "XCTestCase+FailableRetrieveFeedStoreSpecs.swift"; sourceTree = "<group>"; };
		6293BAD828FDBBED0078DCAE /* XCTestCase+FeedStoreSpecs.swift */ = {isa = PBXFileReference; lastKnownFileType = sourcecode.swift; path = "XCTestCase+FeedStoreSpecs.swift"; sourceTree = "<group>"; };
		6293BADA28FE7F3E0078DCAE /* CoreDataFeedStoreTests.swift */ = {isa = PBXFileReference; lastKnownFileType = sourcecode.swift; path = CoreDataFeedStoreTests.swift; sourceTree = "<group>"; };
		6293BADE28FE7FD40078DCAE /* CoreDataFeedStore.swift */ = {isa = PBXFileReference; lastKnownFileType = sourcecode.swift; path = CoreDataFeedStore.swift; sourceTree = "<group>"; };
		6293BAE028FE7FE90078DCAE /* CoreDataHelpers.swift */ = {isa = PBXFileReference; lastKnownFileType = sourcecode.swift; path = CoreDataHelpers.swift; sourceTree = "<group>"; };
		6293BAE528FE81410078DCAE /* ManagedCache.swift */ = {isa = PBXFileReference; lastKnownFileType = sourcecode.swift; path = ManagedCache.swift; sourceTree = "<group>"; };
		6293BAE728FE815D0078DCAE /* ManagedFeedImage.swift */ = {isa = PBXFileReference; lastKnownFileType = sourcecode.swift; path = ManagedFeedImage.swift; sourceTree = "<group>"; };
		629AA4A3292D7D7600E3AA31 /* Feed.storyboard */ = {isa = PBXFileReference; lastKnownFileType = file.storyboard; path = Feed.storyboard; sourceTree = "<group>"; };
		629AA4A5292D7DF800E3AA31 /* Feed.xcassets */ = {isa = PBXFileReference; lastKnownFileType = folder.assetcatalog; path = Feed.xcassets; sourceTree = "<group>"; };
		629AA4A7292D7E0900E3AA31 /* UIImageView+Animations.swift */ = {isa = PBXFileReference; lastKnownFileType = sourcecode.swift; path = "UIImageView+Animations.swift"; sourceTree = "<group>"; };
		629AA4A9292D7E2600E3AA31 /* UITableView+Dequeueing.swift */ = {isa = PBXFileReference; lastKnownFileType = sourcecode.swift; path = "UITableView+Dequeueing.swift"; sourceTree = "<group>"; };
		629D0EC3291A3C70001A0B21 /* FeedImageCell.swift */ = {isa = PBXFileReference; lastKnownFileType = sourcecode.swift; path = FeedImageCell.swift; sourceTree = "<group>"; };
		62AE669C292CAE6B009BB99B /* FeedImagePresenter.swift */ = {isa = PBXFileReference; lastKnownFileType = sourcecode.swift; path = FeedImagePresenter.swift; sourceTree = "<group>"; };
		62AE669E292CAFBE009BB99B /* ResourceLoadingViewModel.swift */ = {isa = PBXFileReference; lastKnownFileType = sourcecode.swift; path = ResourceLoadingViewModel.swift; sourceTree = "<group>"; };
		62AE66A0292CAFED009BB99B /* FeedViewModel.swift */ = {isa = PBXFileReference; lastKnownFileType = sourcecode.swift; path = FeedViewModel.swift; sourceTree = "<group>"; };
		62B0780328E42140003FDE12 /* LoadFeedFromCacheUseCaseTest.swift */ = {isa = PBXFileReference; lastKnownFileType = sourcecode.swift; path = LoadFeedFromCacheUseCaseTest.swift; sourceTree = "<group>"; };
		62B0780628E422A5003FDE12 /* FeedStoreSpy.swift */ = {isa = PBXFileReference; lastKnownFileType = sourcecode.swift; path = FeedStoreSpy.swift; sourceTree = "<group>"; };
		62B0781028E5713C003FDE12 /* ValidateFeedCacheUseCaseTests.swift */ = {isa = PBXFileReference; lastKnownFileType = sourcecode.swift; path = ValidateFeedCacheUseCaseTests.swift; sourceTree = "<group>"; };
		62B0781228E57588003FDE12 /* FeedCacheTestHelper.swift */ = {isa = PBXFileReference; lastKnownFileType = sourcecode.swift; path = FeedCacheTestHelper.swift; sourceTree = "<group>"; };
		62B0781428E57612003FDE12 /* ShareTestHelpers.swift */ = {isa = PBXFileReference; lastKnownFileType = sourcecode.swift; path = ShareTestHelpers.swift; sourceTree = "<group>"; };
		62B0781628E6C360003FDE12 /* FeedCachePolicy.swift */ = {isa = PBXFileReference; lastKnownFileType = sourcecode.swift; path = FeedCachePolicy.swift; sourceTree = "<group>"; };
		62CCA30D297145E60027B16F /* LoadResourcePresenter.swift */ = {isa = PBXFileReference; lastKnownFileType = sourcecode.swift; path = LoadResourcePresenter.swift; sourceTree = "<group>"; };
		62CCA30F297145F80027B16F /* ResourceErrorView.swift */ = {isa = PBXFileReference; lastKnownFileType = sourcecode.swift; path = ResourceErrorView.swift; sourceTree = "<group>"; };
		62CCA311297146040027B16F /* ResourceErrorViewModel.swift */ = {isa = PBXFileReference; lastKnownFileType = sourcecode.swift; path = ResourceErrorViewModel.swift; sourceTree = "<group>"; };
		62CCA3132971460C0027B16F /* ResourceLoadingView.swift */ = {isa = PBXFileReference; lastKnownFileType = sourcecode.swift; path = ResourceLoadingView.swift; sourceTree = "<group>"; };
		62CCA318297146F90027B16F /* en */ = {isa = PBXFileReference; lastKnownFileType = text.plist.strings; name = en; path = en.lproj/Shared.strings; sourceTree = "<group>"; };
		62CCA31A297146FC0027B16F /* el */ = {isa = PBXFileReference; lastKnownFileType = text.plist.strings; name = el; path = el.lproj/Shared.strings; sourceTree = "<group>"; };
		62CCA31B297146FC0027B16F /* pt-BR */ = {isa = PBXFileReference; lastKnownFileType = text.plist.strings; name = "pt-BR"; path = "pt-BR.lproj/Shared.strings"; sourceTree = "<group>"; };
		62CCA31C297147AF0027B16F /* SharedLocalizationTestHelpers.swift */ = {isa = PBXFileReference; lastKnownFileType = sourcecode.swift; path = SharedLocalizationTestHelpers.swift; sourceTree = "<group>"; };
		62CCA31F297148A40027B16F /* LoadResourcePresenterTests.swift */ = {isa = PBXFileReference; lastKnownFileType = sourcecode.swift; path = LoadResourcePresenterTests.swift; sourceTree = "<group>"; };
		62CCA321297148CB0027B16F /* SharedLocalizationTests.swift */ = {isa = PBXFileReference; lastKnownFileType = sourcecode.swift; path = SharedLocalizationTests.swift; sourceTree = "<group>"; };
		62CCA3262975475C0027B16F /* ImageCommentsPresenter.swift */ = {isa = PBXFileReference; lastKnownFileType = sourcecode.swift; path = ImageCommentsPresenter.swift; sourceTree = "<group>"; };
		62CCA32B297547BE0027B16F /* en */ = {isa = PBXFileReference; lastKnownFileType = text.plist.strings; name = en; path = en.lproj/ImageComments.strings; sourceTree = "<group>"; };
		62CCA32D297547BF0027B16F /* el */ = {isa = PBXFileReference; lastKnownFileType = text.plist.strings; name = el; path = el.lproj/ImageComments.strings; sourceTree = "<group>"; };
		62CCA32E297547BF0027B16F /* pt-BR */ = {isa = PBXFileReference; lastKnownFileType = text.plist.strings; name = "pt-BR"; path = "pt-BR.lproj/ImageComments.strings"; sourceTree = "<group>"; };
		62CCA330297548F30027B16F /* ImageCommentsLocalizationTests.swift */ = {isa = PBXFileReference; lastKnownFileType = sourcecode.swift; path = ImageCommentsLocalizationTests.swift; sourceTree = "<group>"; };
		62CCA3322975491B0027B16F /* ImageCommentsPresenterTests.swift */ = {isa = PBXFileReference; lastKnownFileType = sourcecode.swift; path = ImageCommentsPresenterTests.swift; sourceTree = "<group>"; };
		62DA667928523E320026302F /* URLSessionHTTPClientTests.swift */ = {isa = PBXFileReference; lastKnownFileType = sourcecode.swift; path = URLSessionHTTPClientTests.swift; sourceTree = "<group>"; };
		62DA6700285772E10026302F /* XCTestCaseMemoryTracking.swift */ = {isa = PBXFileReference; lastKnownFileType = sourcecode.swift; path = XCTestCaseMemoryTracking.swift; sourceTree = "<group>"; };
		62DB74B42847987E00748AF5 /* HTTPClient.swift */ = {isa = PBXFileReference; lastKnownFileType = sourcecode.swift; path = HTTPClient.swift; sourceTree = "<group>"; };
		62DB74B6284798E800748AF5 /* FeedItemsMapper.swift */ = {isa = PBXFileReference; lastKnownFileType = sourcecode.swift; path = FeedItemsMapper.swift; sourceTree = "<group>"; };
		62DE3293294708CF0062EBE1 /* FeedImageDataStore.swift */ = {isa = PBXFileReference; lastKnownFileType = sourcecode.swift; path = FeedImageDataStore.swift; sourceTree = "<group>"; };
		62DE3295294708FC0062EBE1 /* CoreDataFeedStore+FeedImageDataLoader.swift */ = {isa = PBXFileReference; lastKnownFileType = sourcecode.swift; path = "CoreDataFeedStore+FeedImageDataLoader.swift"; sourceTree = "<group>"; };
		62DE3297294709170062EBE1 /* CoreDataFeedStore+FeedStore.swift */ = {isa = PBXFileReference; lastKnownFileType = sourcecode.swift; path = "CoreDataFeedStore+FeedStore.swift"; sourceTree = "<group>"; };
		62DE329929470A310062EBE1 /* LocalFeedImageDataLoader.swift */ = {isa = PBXFileReference; lastKnownFileType = sourcecode.swift; path = LocalFeedImageDataLoader.swift; sourceTree = "<group>"; };
		62DE329B29470B7E0062EBE1 /* CacheFeedImageDataUseCaseTests.swift */ = {isa = PBXFileReference; lastKnownFileType = sourcecode.swift; path = CacheFeedImageDataUseCaseTests.swift; sourceTree = "<group>"; };
		62DE329D29470B990062EBE1 /* CoreDataFeedImageDataStoreTests.swift */ = {isa = PBXFileReference; lastKnownFileType = sourcecode.swift; path = CoreDataFeedImageDataStoreTests.swift; sourceTree = "<group>"; };
		62DE329F29470C3A0062EBE1 /* FeedImageDataStoreSpy.swift */ = {isa = PBXFileReference; lastKnownFileType = sourcecode.swift; path = FeedImageDataStoreSpy.swift; sourceTree = "<group>"; };
		62DE32A129470C690062EBE1 /* LoadFeedImageDataFromCacheUseCaseTests.swift */ = {isa = PBXFileReference; lastKnownFileType = sourcecode.swift; path = LoadFeedImageDataFromCacheUseCaseTests.swift; sourceTree = "<group>"; };
		62DE32A429470D830062EBE1 /* FeedStore2.xcdatamodel */ = {isa = PBXFileReference; lastKnownFileType = wrapper.xcdatamodel; path = FeedStore2.xcdatamodel; sourceTree = "<group>"; };
		62DE32A529470D830062EBE1 /* FeedStore.xcdatamodel */ = {isa = PBXFileReference; lastKnownFileType = wrapper.xcdatamodel; path = FeedStore.xcdatamodel; sourceTree = "<group>"; };
		62E616A2291E30A700C4E686 /* UIView+Shimmering.swift */ = {isa = PBXFileReference; lastKnownFileType = sourcecode.swift; path = "UIView+Shimmering.swift"; sourceTree = "<group>"; };
		62E70952294C57FB002C46FE /* FeedCache.swift */ = {isa = PBXFileReference; lastKnownFileType = sourcecode.swift; path = FeedCache.swift; sourceTree = "<group>"; };
		62E70954294C5814002C46FE /* FeedImageDataCache.swift */ = {isa = PBXFileReference; lastKnownFileType = sourcecode.swift; path = FeedImageDataCache.swift; sourceTree = "<group>"; };
		62F18D7828FFD26600D3DD04 /* EssentialDeveloperFeedCacheIntegrationTests.xctest */ = {isa = PBXFileReference; explicitFileType = wrapper.cfbundle; includeInIndex = 0; path = EssentialDeveloperFeedCacheIntegrationTests.xctest; sourceTree = BUILT_PRODUCTS_DIR; };
		62F18D7A28FFD26600D3DD04 /* EssentialDeveloperFeedCacheIntegrationTests.swift */ = {isa = PBXFileReference; lastKnownFileType = sourcecode.swift; path = EssentialDeveloperFeedCacheIntegrationTests.swift; sourceTree = "<group>"; };
		62F5946E2864450F00FE48B8 /* EssentialFeedApiEndToEndTest.xctest */ = {isa = PBXFileReference; explicitFileType = wrapper.cfbundle; includeInIndex = 0; path = EssentialFeedApiEndToEndTest.xctest; sourceTree = BUILT_PRODUCTS_DIR; };
		62F594702864450F00FE48B8 /* EssentialFeedApiEndToEndTest.swift */ = {isa = PBXFileReference; lastKnownFileType = sourcecode.swift; path = EssentialFeedApiEndToEndTest.swift; sourceTree = "<group>"; };
		62FE2EF0292F5985000FA2D6 /* en */ = {isa = PBXFileReference; lastKnownFileType = text.plist.strings; name = en; path = en.lproj/Feed.strings; sourceTree = "<group>"; };
		62FE2EF2292F5A22000FA2D6 /* el */ = {isa = PBXFileReference; lastKnownFileType = text.plist.strings; name = el; path = el.lproj/Feed.strings; sourceTree = "<group>"; };
		62FE2EF3292F5A30000FA2D6 /* pt-BR */ = {isa = PBXFileReference; lastKnownFileType = text.plist.strings; name = "pt-BR"; path = "pt-BR.lproj/Feed.strings"; sourceTree = "<group>"; };
/* End PBXFileReference section */

/* Begin PBXFrameworksBuildPhase section */
		6217EF3A29543C420050BC45 /* Frameworks */ = {
			isa = PBXFrameworksBuildPhase;
			buildActionMask = 2147483647;
			files = (
				6217EF4129543C420050BC45 /* EssentialFeediOS.framework in Frameworks */,
			);
			runOnlyForDeploymentPostprocessing = 0;
		};
		62469022283768EE006C4046 /* Frameworks */ = {
			isa = PBXFrameworksBuildPhase;
			buildActionMask = 2147483647;
			files = (
			);
			runOnlyForDeploymentPostprocessing = 0;
		};
		6246902C283768EE006C4046 /* Frameworks */ = {
			isa = PBXFrameworksBuildPhase;
			buildActionMask = 2147483647;
			files = (
				62469030283768EE006C4046 /* EssentialDeveloperFeed.framework in Frameworks */,
			);
			runOnlyForDeploymentPostprocessing = 0;
		};
		62601FA129168BD3008CBA90 /* Frameworks */ = {
			isa = PBXFrameworksBuildPhase;
			buildActionMask = 2147483647;
			files = (
				62601FBD2918EAC2008CBA90 /* EssentialDeveloperFeed.framework in Frameworks */,
			);
			runOnlyForDeploymentPostprocessing = 0;
		};
		62F18D7528FFD26600D3DD04 /* Frameworks */ = {
			isa = PBXFrameworksBuildPhase;
			buildActionMask = 2147483647;
			files = (
				62F18D7C28FFD26600D3DD04 /* EssentialDeveloperFeed.framework in Frameworks */,
			);
			runOnlyForDeploymentPostprocessing = 0;
		};
		62F5946B2864450F00FE48B8 /* Frameworks */ = {
			isa = PBXFrameworksBuildPhase;
			buildActionMask = 2147483647;
			files = (
				62F59477286457F300FE48B8 /* EssentialDeveloperFeed.framework in Frameworks */,
			);
			runOnlyForDeploymentPostprocessing = 0;
		};
/* End PBXFrameworksBuildPhase section */

/* Begin PBXGroup section */
		6217EF3E29543C420050BC45 /* EssentialFeediOSTests */ = {
			isa = PBXGroup;
			children = (
				6253DA322922246A0028B552 /* Helpers */,
				62698277297DF32400D6A419 /* Shared UI */,
				62698276297DF31900D6A419 /* Image Comments UI */,
				62698264297DF24500D6A419 /* Feed UI */,
			);
			path = EssentialFeediOSTests;
			sourceTree = "<group>";
		};
		621E1E63283E02780042FBB4 /* EssentialFeed */ = {
			isa = PBXGroup;
			children = (
				627F04EC296CA2D000345BB0 /* Shared API Infra */,
				627F04EB296CA2C300345BB0 /* Shared API */,
				62CCA30C297145D10027B16F /* Shared Presentation */,
				627F04E8296CA29600345BB0 /* Image Comments Feature */,
				627F04E5296CA24600345BB0 /* Image Comments API */,
				62CCA3252975473D0027B16F /* Image Comments Presentation */,
				626D614728E208F300AFCA13 /* Feed Cache */,
				6246903F28376A89006C4046 /* Feed Feature */,
				621E1E64283E028D0042FBB4 /* Feed API */,
				6232D3B4293EA2E30065FAAF /* Feed Presentation */,
			);
			path = EssentialFeed;
			sourceTree = "<group>";
		};
		621E1E64283E028D0042FBB4 /* Feed API */ = {
			isa = PBXGroup;
			children = (
				625118E82943213F00EC5527 /* Helpers */,
				62DB74B6284798E800748AF5 /* FeedItemsMapper.swift */,
				627F04E3296CA1BE00345BB0 /* FeedImageDataMapper.swift */,
				62592EAA2981107E00C1982F /* FeedEndpoint.swift */,
			);
			path = "Feed API";
			sourceTree = "<group>";
		};
		6232D3B1293E9F3B0065FAAF /* Helper */ = {
			isa = PBXGroup;
			children = (
				62E616A2291E30A700C4E686 /* UIView+Shimmering.swift */,
				629AA4A7292D7E0900E3AA31 /* UIImageView+Animations.swift */,
			);
			path = Helper;
			sourceTree = "<group>";
		};
		6232D3B4293EA2E30065FAAF /* Feed Presentation */ = {
			isa = PBXGroup;
			children = (
				62224025292B5F8600096617 /* FeedPresenter.swift */,
				6230B0712927A17E00F9666A /* FeedImageViewModel.swift */,
				62AE669C292CAE6B009BB99B /* FeedImagePresenter.swift */,
				62AE66A0292CAFED009BB99B /* FeedViewModel.swift */,
				62FE2EF1292F5985000FA2D6 /* Feed.strings */,
			);
			path = "Feed Presentation";
			sourceTree = "<group>";
		};
		6232D3BC293EA4560065FAAF /* Feed Presentation */ = {
			isa = PBXGroup;
			children = (
				623A0C612930A840009A1E6B /* FeedLocalizationTests.swift */,
				6232D3BD293EA4610065FAAF /* FeedImagePresenterTests.swift */,
				6232D3C0293EA4BB0065FAAF /* FeedPresenterTests.swift */,
			);
			path = "Feed Presentation";
			sourceTree = "<group>";
		};
		6246901B283768EE006C4046 = {
			isa = PBXGroup;
			children = (
				621E1E63283E02780042FBB4 /* EssentialFeed */,
				62469033283768EE006C4046 /* EssentialDeveloperFeedTests */,
				62F5946F2864450F00FE48B8 /* EssentialFeedApiEndToEndTest */,
				62F18D7928FFD26600D3DD04 /* EssentialDeveloperFeedCacheIntegrationTests */,
				62469027283768EE006C4046 /* EssentialDeveloperFeed */,
				62601FA529168BD3008CBA90 /* EssentialFeediOS */,
				6217EF3E29543C420050BC45 /* EssentialFeediOSTests */,
				62469026283768EE006C4046 /* Products */,
				62F594752864569F00FE48B8 /* Frameworks */,
			);
			sourceTree = "<group>";
		};
		62469026283768EE006C4046 /* Products */ = {
			isa = PBXGroup;
			children = (
				62469025283768EE006C4046 /* EssentialDeveloperFeed.framework */,
				6246902F283768EE006C4046 /* EssentialDeveloperFeedTests.xctest */,
				62F5946E2864450F00FE48B8 /* EssentialFeedApiEndToEndTest.xctest */,
				62F18D7828FFD26600D3DD04 /* EssentialDeveloperFeedCacheIntegrationTests.xctest */,
				62601FA429168BD3008CBA90 /* EssentialFeediOS.framework */,
				6217EF3D29543C420050BC45 /* EssentialFeediOSTests.xctest */,
			);
			name = Products;
			sourceTree = "<group>";
		};
		62469027283768EE006C4046 /* EssentialDeveloperFeed */ = {
			isa = PBXGroup;
			children = (
				62469028283768EE006C4046 /* EssentialDeveloperFeed.h */,
				62469029283768EE006C4046 /* EssentialDeveloperFeed.docc */,
			);
			path = EssentialDeveloperFeed;
			sourceTree = "<group>";
		};
		62469033283768EE006C4046 /* EssentialDeveloperFeedTests */ = {
			isa = PBXGroup;
			children = (
				62469034283768EE006C4046 /* EssentialDeveloperFeedTests.swift */,
				62CCA31E297148960027B16F /* Shared Presentation */,
				627F04F4296CA43100345BB0 /* Shared API Infra */,
				62DA66FF285772C60026302F /* Helpers */,
				625C6D1A28DCB6E4004016D8 /* Feed Cache */,
				62DB74B828479EDC00748AF5 /* Feed API */,
				6232D3BC293EA4560065FAAF /* Feed Presentation */,
				627F04F1296CA3DD00345BB0 /* Image Comments API */,
				62CCA32F297548D30027B16F /* Image Comments Presentation */,
			);
			path = EssentialDeveloperFeedTests;
			sourceTree = "<group>";
		};
		6246903F28376A89006C4046 /* Feed Feature */ = {
			isa = PBXGroup;
			children = (
				6246904028376A9B006C4046 /* FeedImage.swift */,
				6253DA36292224E80028B552 /* FeedImageDataLoader.swift */,
				62E70952294C57FB002C46FE /* FeedCache.swift */,
				62E70954294C5814002C46FE /* FeedImageDataCache.swift */,
			);
			path = "Feed Feature";
			sourceTree = "<group>";
		};
		625118E82943213F00EC5527 /* Helpers */ = {
			isa = PBXGroup;
			children = (
				625118E92943214D00EC5527 /* HTTPURLResponse+StatusCode.swift */,
			);
			path = Helpers;
			sourceTree = "<group>";
		};
		625118EE2943234500EC5527 /* Helpers */ = {
			isa = PBXGroup;
			children = (
				625118F12943237600EC5527 /* URLProtocolStub.swift */,
			);
			path = Helpers;
			sourceTree = "<group>";
		};
		6253DA2E2922241C0028B552 /* Feed UI */ = {
			isa = PBXGroup;
			children = (
				6253DA2F2922242A0028B552 /* Controllers */,
				6253DA302922243D0028B552 /* Views */,
			);
			path = "Feed UI";
			sourceTree = "<group>";
		};
		6253DA2F2922242A0028B552 /* Controllers */ = {
			isa = PBXGroup;
			children = (
				6230B0692926179500F9666A /* FeedImageCellController.swift */,
			);
			path = Controllers;
			sourceTree = "<group>";
		};
		6253DA302922243D0028B552 /* Views */ = {
			isa = PBXGroup;
			children = (
				6232D3B1293E9F3B0065FAAF /* Helper */,
				629D0EC3291A3C70001A0B21 /* FeedImageCell.swift */,
				629AA4A3292D7D7600E3AA31 /* Feed.storyboard */,
				629AA4A5292D7DF800E3AA31 /* Feed.xcassets */,
			);
			path = Views;
			sourceTree = "<group>";
		};
		6253DA322922246A0028B552 /* Helpers */ = {
			isa = PBXGroup;
			children = (
				6217EF3329543A110050BC45 /* UIImage+TestHelpers.swift */,
				6217EF3529543A3E0050BC45 /* UIViewController+Snapshot.swift */,
				6217EF3729543A510050BC45 /* XCTestCase+Snapshot.swift */,
			);
			path = Helpers;
			sourceTree = "<group>";
		};
		625C6D1A28DCB6E4004016D8 /* Feed Cache */ = {
			isa = PBXGroup;
			children = (
				6293BAD128FDBB840078DCAE /* FeedStoreSpecs */,
				62B0780528E4228F003FDE12 /* Helpers */,
				625C6D1B28DCB717004016D8 /* CacheFeedUseCaseTest.swift */,
				62DE329B29470B7E0062EBE1 /* CacheFeedImageDataUseCaseTests.swift */,
				62DE329D29470B990062EBE1 /* CoreDataFeedImageDataStoreTests.swift */,
				62B0780328E42140003FDE12 /* LoadFeedFromCacheUseCaseTest.swift */,
				62B0781028E5713C003FDE12 /* ValidateFeedCacheUseCaseTests.swift */,
				6293BADA28FE7F3E0078DCAE /* CoreDataFeedStoreTests.swift */,
				62DE32A129470C690062EBE1 /* LoadFeedImageDataFromCacheUseCaseTests.swift */,
			);
			path = "Feed Cache";
			sourceTree = "<group>";
		};
		62601FA529168BD3008CBA90 /* EssentialFeediOS */ = {
			isa = PBXGroup;
			children = (
				62601FA629168BD3008CBA90 /* EssentialFeediOS.h */,
				62601FA729168BD3008CBA90 /* EssentialFeediOS.docc */,
				6253DA2E2922241C0028B552 /* Feed UI */,
				62698250297DF08C00D6A419 /* Image Comments UI */,
				62698258297DF13F00D6A419 /* Shared UI */,
			);
			path = EssentialFeediOS;
			sourceTree = "<group>";
		};
		62698250297DF08C00D6A419 /* Image Comments UI */ = {
			isa = PBXGroup;
			children = (
				62698251297DF0B500D6A419 /* Controllers */,
				62698252297DF0BE00D6A419 /* View */,
			);
			path = "Image Comments UI";
			sourceTree = "<group>";
		};
		62698251297DF0B500D6A419 /* Controllers */ = {
			isa = PBXGroup;
			children = (
				62698253297DF0D600D6A419 /* ImageCommentCellController.swift */,
			);
			path = Controllers;
			sourceTree = "<group>";
		};
		62698252297DF0BE00D6A419 /* View */ = {
			isa = PBXGroup;
			children = (
				62698255297DF0ED00D6A419 /* ImageCommentCell.swift */,
				62698256297DF10E00D6A419 /* ImageComments.storyboard */,
			);
			path = View;
			sourceTree = "<group>";
		};
		62698258297DF13F00D6A419 /* Shared UI */ = {
			isa = PBXGroup;
			children = (
				62698259297DF15000D6A419 /* Controllers */,
				6269825A297DF15800D6A419 /* View */,
			);
			path = "Shared UI";
			sourceTree = "<group>";
		};
		62698259297DF15000D6A419 /* Controllers */ = {
			isa = PBXGroup;
			children = (
				6269825B297DF16A00D6A419 /* CellController.swift */,
				6269825D297DF18000D6A419 /* ListViewController.swift */,
			);
			path = Controllers;
			sourceTree = "<group>";
		};
		6269825A297DF15800D6A419 /* View */ = {
			isa = PBXGroup;
			children = (
				6269825F297DF19E00D6A419 /* Helpers */,
				62698260297DF1A900D6A419 /* ErrorView.swift */,
			);
			path = View;
			sourceTree = "<group>";
		};
		6269825F297DF19E00D6A419 /* Helpers */ = {
			isa = PBXGroup;
			children = (
				629AA4A9292D7E2600E3AA31 /* UITableView+Dequeueing.swift */,
				6232D3B2293E9F8B0065FAAF /* UIRefreshControl+Helpers.swift */,
				6217EF2F2954395D0050BC45 /* UITableView+HeaderSizing.swift */,
				62698262297DF1CE00D6A419 /* UIView+Container.swift */,
			);
			path = Helpers;
			sourceTree = "<group>";
		};
		62698264297DF24500D6A419 /* Feed UI */ = {
			isa = PBXGroup;
			children = (
				6217EF31295439C30050BC45 /* FeedSnapshotTests.swift */,
				62698265297DF29100D6A419 /* snapshots */,
			);
			path = "Feed UI";
			sourceTree = "<group>";
		};
		62698265297DF29100D6A419 /* snapshots */ = {
			isa = PBXGroup;
			children = (
				62698288297DF44D00D6A419 /* FEED_WITH_CONTENT_dark.png */,
				62698287297DF44D00D6A419 /* FEED_WITH_CONTENT_light_extraExtraExtraLarge.png */,
				62698289297DF44D00D6A419 /* FEED_WITH_CONTENT_light.png */,
				6269828A297DF44D00D6A419 /* FEED_WITH_FAILED_IMAGE_LOADING_dark.png */,
				62698286297DF44D00D6A419 /* FEED_WITH_FAILED_IMAGE_LOADING_light.png */,
			);
			path = snapshots;
			sourceTree = "<group>";
		};
		62698276297DF31900D6A419 /* Image Comments UI */ = {
			isa = PBXGroup;
			children = (
				62698278297DF35B00D6A419 /* ImageCommentsSnapshotTests.swift */,
				6269827C297DF3BA00D6A419 /* snapshots */,
			);
			path = "Image Comments UI";
			sourceTree = "<group>";
		};
		62698277297DF32400D6A419 /* Shared UI */ = {
			isa = PBXGroup;
			children = (
				6269827A297DF3B100D6A419 /* ListSnapshotTests.swift */,
				6269827D297DF3BF00D6A419 /* snapshots */,
			);
			path = "Shared UI";
			sourceTree = "<group>";
		};
		6269827C297DF3BA00D6A419 /* snapshots */ = {
			isa = PBXGroup;
			children = (
				62698283297DF44200D6A419 /* IMAGE_COMMENTS_dark.png */,
				62698284297DF44200D6A419 /* IMAGE_COMMENTS_light_extraExtraExtraLarge.png */,
				62698285297DF44200D6A419 /* IMAGE_COMMENTS_light.png */,
			);
			path = snapshots;
			sourceTree = "<group>";
		};
		6269827D297DF3BF00D6A419 /* snapshots */ = {
			isa = PBXGroup;
			children = (
				62698281297DF43200D6A419 /* EMPTY_LIST_dark.png */,
				6269827F297DF43200D6A419 /* EMPTY_LIST_light.png */,
				62698280297DF43200D6A419 /* LIST_WITH_ERROR_MESSAGE_dark.png */,
				62698282297DF43200D6A419 /* LIST_WITH_ERROR_MESSAGE_light_extraExtraExtraLarge.png */,
				6269827E297DF43200D6A419 /* LIST_WITH_ERROR_MESSAGE_light.png */,
			);
			path = snapshots;
			sourceTree = "<group>";
		};
		626D614728E208F300AFCA13 /* Feed Cache */ = {
			isa = PBXGroup;
			children = (
				6293BADC28FE7F660078DCAE /* Infrastructure */,
				626D614828E2090400AFCA13 /* LocalFeedLoader.swift */,
				626D614A28E2096C00AFCA13 /* FeedStore.swift */,
				626D614E28E2D39F00AFCA13 /* LocalFeedImage.swift */,
				62B0781628E6C360003FDE12 /* FeedCachePolicy.swift */,
				62DE3293294708CF0062EBE1 /* FeedImageDataStore.swift */,
			);
			path = "Feed Cache";
			sourceTree = "<group>";
		};
		627F04E5296CA24600345BB0 /* Image Comments API */ = {
			isa = PBXGroup;
			children = (
				627F04E6296CA26C00345BB0 /* ImageCommentsMapper.swift */,
				62592EAC298110A800C1982F /* ImageCommentsEndpoint.swift */,
			);
			path = "Image Comments API";
			sourceTree = "<group>";
		};
		627F04E8296CA29600345BB0 /* Image Comments Feature */ = {
			isa = PBXGroup;
			children = (
				627F04E9296CA2AA00345BB0 /* ImageComment.swift */,
			);
			path = "Image Comments Feature";
			sourceTree = "<group>";
		};
		627F04EB296CA2C300345BB0 /* Shared API */ = {
			isa = PBXGroup;
			children = (
				62DB74B42847987E00748AF5 /* HTTPClient.swift */,
			);
			path = "Shared API";
			sourceTree = "<group>";
		};
		627F04EC296CA2D000345BB0 /* Shared API Infra */ = {
			isa = PBXGroup;
			children = (
				6200693F2857B58300BD2EB9 /* URLSessionHTTPClient.swift */,
			);
			path = "Shared API Infra";
			sourceTree = "<group>";
		};
		627F04F1296CA3DD00345BB0 /* Image Comments API */ = {
			isa = PBXGroup;
			children = (
				627F04F2296CA3EE00345BB0 /* ImageCommentsMapperTests.swift */,
				62592EB02981112300C1982F /* ImageCommentsEndpointTests.swift */,
			);
			path = "Image Comments API";
			sourceTree = "<group>";
		};
		627F04F4296CA43100345BB0 /* Shared API Infra */ = {
			isa = PBXGroup;
			children = (
				625118EE2943234500EC5527 /* Helpers */,
				62DA667928523E320026302F /* URLSessionHTTPClientTests.swift */,
			);
			path = "Shared API Infra";
			sourceTree = "<group>";
		};
		6293BAD128FDBB840078DCAE /* FeedStoreSpecs */ = {
			isa = PBXGroup;
			children = (
				6293BACD28FDA0AA0078DCAE /* FeedStoreSpecs.swift */,
				6293BAD828FDBBED0078DCAE /* XCTestCase+FeedStoreSpecs.swift */,
				6293BAD428FDBBBD0078DCAE /* XCTestCase+FailableInsertFeedStoreSpecs.swift */,
				6293BAD628FDBBD50078DCAE /* XCTestCase+FailableRetrieveFeedStoreSpecs.swift */,
				6293BAD228FDBB9E0078DCAE /* XCTestCase+FailableDeleteFeedStoreSpecs.swift */,
			);
			path = FeedStoreSpecs;
			sourceTree = "<group>";
		};
		6293BADC28FE7F660078DCAE /* Infrastructure */ = {
			isa = PBXGroup;
			children = (
				6293BADD28FE7F9D0078DCAE /* CoreData */,
			);
			path = Infrastructure;
			sourceTree = "<group>";
		};
		6293BADD28FE7F9D0078DCAE /* CoreData */ = {
			isa = PBXGroup;
			children = (
				6293BADE28FE7FD40078DCAE /* CoreDataFeedStore.swift */,
				6293BAE028FE7FE90078DCAE /* CoreDataHelpers.swift */,
				6293BAE528FE81410078DCAE /* ManagedCache.swift */,
				6293BAE728FE815D0078DCAE /* ManagedFeedImage.swift */,
				62DE3295294708FC0062EBE1 /* CoreDataFeedStore+FeedImageDataLoader.swift */,
				62DE3297294709170062EBE1 /* CoreDataFeedStore+FeedStore.swift */,
				62DE329929470A310062EBE1 /* LocalFeedImageDataLoader.swift */,
				62DE32A329470D830062EBE1 /* FeedStore.xcdatamodeld */,
			);
			path = CoreData;
			sourceTree = "<group>";
		};
		62B0780528E4228F003FDE12 /* Helpers */ = {
			isa = PBXGroup;
			children = (
				62B0780628E422A5003FDE12 /* FeedStoreSpy.swift */,
				62B0781228E57588003FDE12 /* FeedCacheTestHelper.swift */,
				62DE329F29470C3A0062EBE1 /* FeedImageDataStoreSpy.swift */,
			);
			path = Helpers;
			sourceTree = "<group>";
		};
		62CCA30C297145D10027B16F /* Shared Presentation */ = {
			isa = PBXGroup;
			children = (
				62CCA30D297145E60027B16F /* LoadResourcePresenter.swift */,
				62CCA30F297145F80027B16F /* ResourceErrorView.swift */,
				62CCA311297146040027B16F /* ResourceErrorViewModel.swift */,
				62CCA3132971460C0027B16F /* ResourceLoadingView.swift */,
				62AE669E292CAFBE009BB99B /* ResourceLoadingViewModel.swift */,
				62CCA319297146F90027B16F /* Shared.strings */,
			);
			path = "Shared Presentation";
			sourceTree = "<group>";
		};
		62CCA31E297148960027B16F /* Shared Presentation */ = {
			isa = PBXGroup;
			children = (
				62CCA31F297148A40027B16F /* LoadResourcePresenterTests.swift */,
				62CCA321297148CB0027B16F /* SharedLocalizationTests.swift */,
			);
			path = "Shared Presentation";
			sourceTree = "<group>";
		};
		62CCA3252975473D0027B16F /* Image Comments Presentation */ = {
			isa = PBXGroup;
			children = (
				62CCA3262975475C0027B16F /* ImageCommentsPresenter.swift */,
				62CCA32C297547BE0027B16F /* ImageComments.strings */,
			);
			path = "Image Comments Presentation";
			sourceTree = "<group>";
		};
		62CCA32F297548D30027B16F /* Image Comments Presentation */ = {
			isa = PBXGroup;
			children = (
				62CCA330297548F30027B16F /* ImageCommentsLocalizationTests.swift */,
				62CCA3322975491B0027B16F /* ImageCommentsPresenterTests.swift */,
			);
			path = "Image Comments Presentation";
			sourceTree = "<group>";
		};
		62DA66FF285772C60026302F /* Helpers */ = {
			isa = PBXGroup;
			children = (
				62DA6700285772E10026302F /* XCTestCaseMemoryTracking.swift */,
				62B0781428E57612003FDE12 /* ShareTestHelpers.swift */,
				62CCA31C297147AF0027B16F /* SharedLocalizationTestHelpers.swift */,
			);
			path = Helpers;
			sourceTree = "<group>";
		};
		62DB74B828479EDC00748AF5 /* Feed API */ = {
			isa = PBXGroup;
			children = (
				627F04ED296CA36400345BB0 /* FeedImageDataMapperTests.swift */,
				627F04EF296CA36C00345BB0 /* FeedItemsMapperTests.swift */,
				62592EAE298110FB00C1982F /* FeedEndpointTests.swift */,
			);
			path = "Feed API";
			sourceTree = "<group>";
		};
		62F18D7928FFD26600D3DD04 /* EssentialDeveloperFeedCacheIntegrationTests */ = {
			isa = PBXGroup;
			children = (
				62F18D7A28FFD26600D3DD04 /* EssentialDeveloperFeedCacheIntegrationTests.swift */,
			);
			path = EssentialDeveloperFeedCacheIntegrationTests;
			sourceTree = "<group>";
		};
		62F5946F2864450F00FE48B8 /* EssentialFeedApiEndToEndTest */ = {
			isa = PBXGroup;
			children = (
				62F594702864450F00FE48B8 /* EssentialFeedApiEndToEndTest.swift */,
			);
			path = EssentialFeedApiEndToEndTest;
			sourceTree = "<group>";
		};
		62F594752864569F00FE48B8 /* Frameworks */ = {
			isa = PBXGroup;
			children = (
			);
			name = Frameworks;
			sourceTree = "<group>";
		};
/* End PBXGroup section */

/* Begin PBXHeadersBuildPhase section */
		62469020283768EE006C4046 /* Headers */ = {
			isa = PBXHeadersBuildPhase;
			buildActionMask = 2147483647;
			files = (
				62469036283768EE006C4046 /* EssentialDeveloperFeed.h in Headers */,
			);
			runOnlyForDeploymentPostprocessing = 0;
		};
		62601F9F29168BD3008CBA90 /* Headers */ = {
			isa = PBXHeadersBuildPhase;
			buildActionMask = 2147483647;
			files = (
				62601FB429168BD4008CBA90 /* EssentialFeediOS.h in Headers */,
			);
			runOnlyForDeploymentPostprocessing = 0;
		};
/* End PBXHeadersBuildPhase section */

/* Begin PBXNativeTarget section */
		6217EF3C29543C420050BC45 /* EssentialFeediOSTests */ = {
			isa = PBXNativeTarget;
			buildConfigurationList = 6217EF4429543C420050BC45 /* Build configuration list for PBXNativeTarget "EssentialFeediOSTests" */;
			buildPhases = (
				6217EF3929543C420050BC45 /* Sources */,
				6217EF3A29543C420050BC45 /* Frameworks */,
				6217EF3B29543C420050BC45 /* Resources */,
			);
			buildRules = (
			);
			dependencies = (
				6217EF4329543C420050BC45 /* PBXTargetDependency */,
			);
			name = EssentialFeediOSTests;
			productName = EssentialFeediOSTests;
			productReference = 6217EF3D29543C420050BC45 /* EssentialFeediOSTests.xctest */;
			productType = "com.apple.product-type.bundle.unit-test";
		};
		62469024283768EE006C4046 /* EssentialDeveloperFeed */ = {
			isa = PBXNativeTarget;
			buildConfigurationList = 62469039283768EE006C4046 /* Build configuration list for PBXNativeTarget "EssentialDeveloperFeed" */;
			buildPhases = (
				62469020283768EE006C4046 /* Headers */,
				62469021283768EE006C4046 /* Sources */,
				62469022283768EE006C4046 /* Frameworks */,
				62469023283768EE006C4046 /* Resources */,
			);
			buildRules = (
			);
			dependencies = (
			);
			name = EssentialDeveloperFeed;
			productName = EssentialDeveloperFeed;
			productReference = 62469025283768EE006C4046 /* EssentialDeveloperFeed.framework */;
			productType = "com.apple.product-type.framework";
		};
		6246902E283768EE006C4046 /* EssentialDeveloperFeedTests */ = {
			isa = PBXNativeTarget;
			buildConfigurationList = 6246903C283768EE006C4046 /* Build configuration list for PBXNativeTarget "EssentialDeveloperFeedTests" */;
			buildPhases = (
				6246902B283768EE006C4046 /* Sources */,
				6246902C283768EE006C4046 /* Frameworks */,
				6246902D283768EE006C4046 /* Resources */,
			);
			buildRules = (
			);
			dependencies = (
				62469032283768EE006C4046 /* PBXTargetDependency */,
			);
			name = EssentialDeveloperFeedTests;
			productName = EssentialDeveloperFeedTests;
			productReference = 6246902F283768EE006C4046 /* EssentialDeveloperFeedTests.xctest */;
			productType = "com.apple.product-type.bundle.unit-test";
		};
		62601FA329168BD3008CBA90 /* EssentialFeediOS */ = {
			isa = PBXNativeTarget;
			buildConfigurationList = 62601FB529168BD4008CBA90 /* Build configuration list for PBXNativeTarget "EssentialFeediOS" */;
			buildPhases = (
				62601F9F29168BD3008CBA90 /* Headers */,
				62601FA029168BD3008CBA90 /* Sources */,
				62601FA129168BD3008CBA90 /* Frameworks */,
				62601FA229168BD3008CBA90 /* Resources */,
				62601FC12918EAC2008CBA90 /* Embed Frameworks */,
			);
			buildRules = (
			);
			dependencies = (
				62601FC02918EAC2008CBA90 /* PBXTargetDependency */,
			);
			name = EssentialFeediOS;
			productName = EssentialFeediOS;
			productReference = 62601FA429168BD3008CBA90 /* EssentialFeediOS.framework */;
			productType = "com.apple.product-type.framework";
		};
		62F18D7728FFD26600D3DD04 /* EssentialDeveloperFeedCacheIntegrationTests */ = {
			isa = PBXNativeTarget;
			buildConfigurationList = 62F18D8128FFD26600D3DD04 /* Build configuration list for PBXNativeTarget "EssentialDeveloperFeedCacheIntegrationTests" */;
			buildPhases = (
				62F18D7428FFD26600D3DD04 /* Sources */,
				62F18D7528FFD26600D3DD04 /* Frameworks */,
				62F18D7628FFD26600D3DD04 /* Resources */,
			);
			buildRules = (
			);
			dependencies = (
				62F18D7E28FFD26600D3DD04 /* PBXTargetDependency */,
			);
			name = EssentialDeveloperFeedCacheIntegrationTests;
			productName = EssentialDeveloperFeedCacheIntegrationTests;
			productReference = 62F18D7828FFD26600D3DD04 /* EssentialDeveloperFeedCacheIntegrationTests.xctest */;
			productType = "com.apple.product-type.bundle.unit-test";
		};
		62F5946D2864450F00FE48B8 /* EssentialFeedApiEndToEndTest */ = {
			isa = PBXNativeTarget;
			buildConfigurationList = 62F594742864450F00FE48B8 /* Build configuration list for PBXNativeTarget "EssentialFeedApiEndToEndTest" */;
			buildPhases = (
				62F5946A2864450F00FE48B8 /* Sources */,
				62F5946B2864450F00FE48B8 /* Frameworks */,
				62F5946C2864450F00FE48B8 /* Resources */,
			);
			buildRules = (
			);
			dependencies = (
			);
			name = EssentialFeedApiEndToEndTest;
			productName = EssentialFeedApiEndToEndTest;
			productReference = 62F5946E2864450F00FE48B8 /* EssentialFeedApiEndToEndTest.xctest */;
			productType = "com.apple.product-type.bundle.unit-test";
		};
/* End PBXNativeTarget section */

/* Begin PBXProject section */
		6246901C283768EE006C4046 /* Project object */ = {
			isa = PBXProject;
			attributes = {
				BuildIndependentTargetsInParallel = 1;
				LastSwiftUpdateCheck = 1410;
				LastUpgradeCheck = 1340;
				TargetAttributes = {
					6217EF3C29543C420050BC45 = {
						CreatedOnToolsVersion = 14.1;
					};
					62469024283768EE006C4046 = {
						CreatedOnToolsVersion = 13.4;
					};
					6246902E283768EE006C4046 = {
						CreatedOnToolsVersion = 13.4;
					};
					62601FA329168BD3008CBA90 = {
						CreatedOnToolsVersion = 14.1;
					};
					62F18D7728FFD26600D3DD04 = {
						CreatedOnToolsVersion = 14.0.1;
					};
					62F5946D2864450F00FE48B8 = {
						CreatedOnToolsVersion = 13.4.1;
					};
				};
			};
			buildConfigurationList = 6246901F283768EE006C4046 /* Build configuration list for PBXProject "EssentialDeveloperFeed" */;
			compatibilityVersion = "Xcode 13.0";
			developmentRegion = en;
			hasScannedForEncodings = 0;
			knownRegions = (
				en,
				Base,
				el,
				"pt-BR",
			);
			mainGroup = 6246901B283768EE006C4046;
			productRefGroup = 62469026283768EE006C4046 /* Products */;
			projectDirPath = "";
			projectRoot = "";
			targets = (
				62469024283768EE006C4046 /* EssentialDeveloperFeed */,
				6246902E283768EE006C4046 /* EssentialDeveloperFeedTests */,
				62F5946D2864450F00FE48B8 /* EssentialFeedApiEndToEndTest */,
				62F18D7728FFD26600D3DD04 /* EssentialDeveloperFeedCacheIntegrationTests */,
				62601FA329168BD3008CBA90 /* EssentialFeediOS */,
				6217EF3C29543C420050BC45 /* EssentialFeediOSTests */,
			);
		};
/* End PBXProject section */

/* Begin PBXResourcesBuildPhase section */
		6217EF3B29543C420050BC45 /* Resources */ = {
			isa = PBXResourcesBuildPhase;
			buildActionMask = 2147483647;
			files = (
			);
			runOnlyForDeploymentPostprocessing = 0;
		};
		62469023283768EE006C4046 /* Resources */ = {
			isa = PBXResourcesBuildPhase;
			buildActionMask = 2147483647;
			files = (
				6232D3BB293EA4120065FAAF /* Feed.strings in Resources */,
				62CCA317297146F90027B16F /* Shared.strings in Resources */,
				62CCA32A297547BE0027B16F /* ImageComments.strings in Resources */,
			);
			runOnlyForDeploymentPostprocessing = 0;
		};
		6246902D283768EE006C4046 /* Resources */ = {
			isa = PBXResourcesBuildPhase;
			buildActionMask = 2147483647;
			files = (
			);
			runOnlyForDeploymentPostprocessing = 0;
		};
		62601FA229168BD3008CBA90 /* Resources */ = {
			isa = PBXResourcesBuildPhase;
			buildActionMask = 2147483647;
			files = (
				629AA4A4292D7D7600E3AA31 /* Feed.storyboard in Resources */,
				629AA4A6292D7DF800E3AA31 /* Feed.xcassets in Resources */,
				62698257297DF10E00D6A419 /* ImageComments.storyboard in Resources */,
			);
			runOnlyForDeploymentPostprocessing = 0;
		};
		62F18D7628FFD26600D3DD04 /* Resources */ = {
			isa = PBXResourcesBuildPhase;
			buildActionMask = 2147483647;
			files = (
			);
			runOnlyForDeploymentPostprocessing = 0;
		};
		62F5946C2864450F00FE48B8 /* Resources */ = {
			isa = PBXResourcesBuildPhase;
			buildActionMask = 2147483647;
			files = (
			);
			runOnlyForDeploymentPostprocessing = 0;
		};
/* End PBXResourcesBuildPhase section */

/* Begin PBXSourcesBuildPhase section */
		6217EF3929543C420050BC45 /* Sources */ = {
			isa = PBXSourcesBuildPhase;
			buildActionMask = 2147483647;
			files = (
				6217EF4729543C520050BC45 /* FeedSnapshotTests.swift in Sources */,
				6269827B297DF3B100D6A419 /* ListSnapshotTests.swift in Sources */,
				62698279297DF35B00D6A419 /* ImageCommentsSnapshotTests.swift in Sources */,
				6217EF4929543C950050BC45 /* UIViewController+Snapshot.swift in Sources */,
				6217EF4A29543C970050BC45 /* XCTestCase+Snapshot.swift in Sources */,
				6217EF4829543C920050BC45 /* UIImage+TestHelpers.swift in Sources */,
			);
			runOnlyForDeploymentPostprocessing = 0;
		};
		62469021283768EE006C4046 /* Sources */ = {
			isa = PBXSourcesBuildPhase;
			buildActionMask = 2147483647;
			files = (
				62DE32A629470D840062EBE1 /* FeedStore.xcdatamodeld in Sources */,
				62CCA312297146040027B16F /* ResourceErrorViewModel.swift in Sources */,
				6293BAEA28FE81E60078DCAE /* CoreDataFeedStore.swift in Sources */,
				626D614F28E2D39F00AFCA13 /* LocalFeedImage.swift in Sources */,
				626D614B28E2096C00AFCA13 /* FeedStore.swift in Sources */,
				6232D3B9293EA40E0065FAAF /* ResourceLoadingViewModel.swift in Sources */,
				627F04E4296CA1BE00345BB0 /* FeedImageDataMapper.swift in Sources */,
				62DE3298294709170062EBE1 /* CoreDataFeedStore+FeedStore.swift in Sources */,
				620069402857B58300BD2EB9 /* URLSessionHTTPClient.swift in Sources */,
				62CCA30E297145E60027B16F /* LoadResourcePresenter.swift in Sources */,
				627F04EA296CA2AA00345BB0 /* ImageComment.swift in Sources */,
				6293BAEB28FE81E60078DCAE /* ManagedFeedImage.swift in Sources */,
				625118ED294322DB00EC5527 /* FeedImageDataLoader.swift in Sources */,
				62DE3296294708FC0062EBE1 /* CoreDataFeedStore+FeedImageDataLoader.swift in Sources */,
				6293BAEE28FE823A0078DCAE /* ManagedCache.swift in Sources */,
				6293BAE928FE81E60078DCAE /* CoreDataHelpers.swift in Sources */,
				6232D3B5293EA40E0065FAAF /* FeedViewModel.swift in Sources */,
				6232D3B7293EA40E0065FAAF /* FeedPresenter.swift in Sources */,
				62592EAB2981107E00C1982F /* FeedEndpoint.swift in Sources */,
				626D614928E2090400AFCA13 /* LocalFeedLoader.swift in Sources */,
				625118EA2943214D00EC5527 /* HTTPURLResponse+StatusCode.swift in Sources */,
				62E70953294C57FB002C46FE /* FeedCache.swift in Sources */,
				62CCA3142971460C0027B16F /* ResourceLoadingView.swift in Sources */,
				62DE3294294708CF0062EBE1 /* FeedImageDataStore.swift in Sources */,
				62DB74B52847987E00748AF5 /* HTTPClient.swift in Sources */,
				62B0781728E6C360003FDE12 /* FeedCachePolicy.swift in Sources */,
				62CCA310297145F80027B16F /* ResourceErrorView.swift in Sources */,
				62592EAD298110A800C1982F /* ImageCommentsEndpoint.swift in Sources */,
				62E70955294C5814002C46FE /* FeedImageDataCache.swift in Sources */,
				62DB74B7284798E800748AF5 /* FeedItemsMapper.swift in Sources */,
				62DE329A29470A310062EBE1 /* LocalFeedImageDataLoader.swift in Sources */,
				627F04E7296CA26C00345BB0 /* ImageCommentsMapper.swift in Sources */,
				62CCA3272975475C0027B16F /* ImageCommentsPresenter.swift in Sources */,
				6232D3BA293EA40E0065FAAF /* FeedImageViewModel.swift in Sources */,
				6246904128376A9B006C4046 /* FeedImage.swift in Sources */,
				6232D3B8293EA40E0065FAAF /* FeedImagePresenter.swift in Sources */,
				6246902A283768EE006C4046 /* EssentialDeveloperFeed.docc in Sources */,
			);
			runOnlyForDeploymentPostprocessing = 0;
		};
		6246902B283768EE006C4046 /* Sources */ = {
			isa = PBXSourcesBuildPhase;
			buildActionMask = 2147483647;
			files = (
				62B0780428E42140003FDE12 /* LoadFeedFromCacheUseCaseTest.swift in Sources */,
				62DA6701285772E10026302F /* XCTestCaseMemoryTracking.swift in Sources */,
				6232D3BF293EA4930065FAAF /* FeedLocalizationTests.swift in Sources */,
				62DE329E29470B990062EBE1 /* CoreDataFeedImageDataStoreTests.swift in Sources */,
				6293BADB28FE7F3E0078DCAE /* CoreDataFeedStoreTests.swift in Sources */,
				62DE32A029470C3A0062EBE1 /* FeedImageDataStoreSpy.swift in Sources */,
				625C6D1C28DCB717004016D8 /* CacheFeedUseCaseTest.swift in Sources */,
				62DE32A229470C690062EBE1 /* LoadFeedImageDataFromCacheUseCaseTests.swift in Sources */,
				6293BAD528FDBBBD0078DCAE /* XCTestCase+FailableInsertFeedStoreSpecs.swift in Sources */,
				62B0781128E5713C003FDE12 /* ValidateFeedCacheUseCaseTests.swift in Sources */,
				6293BAD328FDBB9E0078DCAE /* XCTestCase+FailableDeleteFeedStoreSpecs.swift in Sources */,
				6293BAD728FDBBD50078DCAE /* XCTestCase+FailableRetrieveFeedStoreSpecs.swift in Sources */,
				62CCA320297148A40027B16F /* LoadResourcePresenterTests.swift in Sources */,
				62592EB12981112300C1982F /* ImageCommentsEndpointTests.swift in Sources */,
				62CCA322297148CB0027B16F /* SharedLocalizationTests.swift in Sources */,
				6232D3C1293EA4BB0065FAAF /* FeedPresenterTests.swift in Sources */,
				62CCA31D297147AF0027B16F /* SharedLocalizationTestHelpers.swift in Sources */,
				627F04F0296CA36C00345BB0 /* FeedItemsMapperTests.swift in Sources */,
				627F04EE296CA36400345BB0 /* FeedImageDataMapperTests.swift in Sources */,
				62B0780728E422A5003FDE12 /* FeedStoreSpy.swift in Sources */,
				62CCA3332975491B0027B16F /* ImageCommentsPresenterTests.swift in Sources */,
				62B0781328E57588003FDE12 /* FeedCacheTestHelper.swift in Sources */,
				6232D3BE293EA4610065FAAF /* FeedImagePresenterTests.swift in Sources */,
				6293BAD928FDBBED0078DCAE /* XCTestCase+FeedStoreSpecs.swift in Sources */,
				625118F22943237600EC5527 /* URLProtocolStub.swift in Sources */,
				62DE329C29470B7E0062EBE1 /* CacheFeedImageDataUseCaseTests.swift in Sources */,
				62B0781528E57612003FDE12 /* ShareTestHelpers.swift in Sources */,
				62592EAF298110FB00C1982F /* FeedEndpointTests.swift in Sources */,
				62CCA331297548F30027B16F /* ImageCommentsLocalizationTests.swift in Sources */,
				62DA667A28523E320026302F /* URLSessionHTTPClientTests.swift in Sources */,
				627F04F3296CA3EE00345BB0 /* ImageCommentsMapperTests.swift in Sources */,
				6293BACE28FDA0AA0078DCAE /* FeedStoreSpecs.swift in Sources */,
				62469035283768EE006C4046 /* EssentialDeveloperFeedTests.swift in Sources */,
			);
			runOnlyForDeploymentPostprocessing = 0;
		};
		62601FA029168BD3008CBA90 /* Sources */ = {
			isa = PBXSourcesBuildPhase;
			buildActionMask = 2147483647;
			files = (
				62698254297DF0D600D6A419 /* ImageCommentCellController.swift in Sources */,
				62601FA829168BD3008CBA90 /* EssentialFeediOS.docc in Sources */,
				6230B06A2926179500F9666A /* FeedImageCellController.swift in Sources */,
				62698263297DF1CE00D6A419 /* UIView+Container.swift in Sources */,
				6232D3B3293E9F8B0065FAAF /* UIRefreshControl+Helpers.swift in Sources */,
				629AA4A8292D7E0900E3AA31 /* UIImageView+Animations.swift in Sources */,
				6269825E297DF18000D6A419 /* ListViewController.swift in Sources */,
				6217EF302954395D0050BC45 /* UITableView+HeaderSizing.swift in Sources */,
				62698261297DF1A900D6A419 /* ErrorView.swift in Sources */,
				62E616A3291E30A700C4E686 /* UIView+Shimmering.swift in Sources */,
				629D0EC4291A3C70001A0B21 /* FeedImageCell.swift in Sources */,
				6269828B297DF6EC00D6A419 /* ImageCommentCell.swift in Sources */,
				629AA4AA292D7E2600E3AA31 /* UITableView+Dequeueing.swift in Sources */,
				6269825C297DF16A00D6A419 /* CellController.swift in Sources */,
			);
			runOnlyForDeploymentPostprocessing = 0;
		};
		62F18D7428FFD26600D3DD04 /* Sources */ = {
			isa = PBXSourcesBuildPhase;
			buildActionMask = 2147483647;
			files = (
				62F18D8428FFD6D800D3DD04 /* FeedCacheTestHelper.swift in Sources */,
				62F18D8228FFD50400D3DD04 /* XCTestCaseMemoryTracking.swift in Sources */,
				62F18D7B28FFD26600D3DD04 /* EssentialDeveloperFeedCacheIntegrationTests.swift in Sources */,
				62F18D8528FFD6E200D3DD04 /* ShareTestHelpers.swift in Sources */,
			);
			runOnlyForDeploymentPostprocessing = 0;
		};
		62F5946A2864450F00FE48B8 /* Sources */ = {
			isa = PBXSourcesBuildPhase;
			buildActionMask = 2147483647;
			files = (
				62F59478286458A700FE48B8 /* XCTestCaseMemoryTracking.swift in Sources */,
				62F594712864450F00FE48B8 /* EssentialFeedApiEndToEndTest.swift in Sources */,
			);
			runOnlyForDeploymentPostprocessing = 0;
		};
/* End PBXSourcesBuildPhase section */

/* Begin PBXTargetDependency section */
		6217EF4329543C420050BC45 /* PBXTargetDependency */ = {
			isa = PBXTargetDependency;
			platformFilter = ios;
			target = 62601FA329168BD3008CBA90 /* EssentialFeediOS */;
			targetProxy = 6217EF4229543C420050BC45 /* PBXContainerItemProxy */;
		};
		62469032283768EE006C4046 /* PBXTargetDependency */ = {
			isa = PBXTargetDependency;
			target = 62469024283768EE006C4046 /* EssentialDeveloperFeed */;
			targetProxy = 62469031283768EE006C4046 /* PBXContainerItemProxy */;
		};
		62601FC02918EAC2008CBA90 /* PBXTargetDependency */ = {
			isa = PBXTargetDependency;
			target = 62469024283768EE006C4046 /* EssentialDeveloperFeed */;
			targetProxy = 62601FBF2918EAC2008CBA90 /* PBXContainerItemProxy */;
		};
		62F18D7E28FFD26600D3DD04 /* PBXTargetDependency */ = {
			isa = PBXTargetDependency;
			target = 62469024283768EE006C4046 /* EssentialDeveloperFeed */;
			targetProxy = 62F18D7D28FFD26600D3DD04 /* PBXContainerItemProxy */;
		};
/* End PBXTargetDependency section */

/* Begin PBXVariantGroup section */
		62CCA319297146F90027B16F /* Shared.strings */ = {
			isa = PBXVariantGroup;
			children = (
				62CCA318297146F90027B16F /* en */,
				62CCA31A297146FC0027B16F /* el */,
				62CCA31B297146FC0027B16F /* pt-BR */,
			);
			name = Shared.strings;
			sourceTree = "<group>";
		};
		62CCA32C297547BE0027B16F /* ImageComments.strings */ = {
			isa = PBXVariantGroup;
			children = (
				62CCA32B297547BE0027B16F /* en */,
				62CCA32D297547BF0027B16F /* el */,
				62CCA32E297547BF0027B16F /* pt-BR */,
			);
			name = ImageComments.strings;
			sourceTree = "<group>";
		};
		62FE2EF1292F5985000FA2D6 /* Feed.strings */ = {
			isa = PBXVariantGroup;
			children = (
				62FE2EF0292F5985000FA2D6 /* en */,
				62FE2EF2292F5A22000FA2D6 /* el */,
				62FE2EF3292F5A30000FA2D6 /* pt-BR */,
			);
			name = Feed.strings;
			sourceTree = "<group>";
		};
/* End PBXVariantGroup section */

/* Begin XCBuildConfiguration section */
		6217EF4529543C420050BC45 /* Debug */ = {
			isa = XCBuildConfiguration;
			buildSettings = {
				CLANG_CXX_LANGUAGE_STANDARD = "gnu++20";
				CODE_SIGN_STYLE = Automatic;
				CURRENT_PROJECT_VERSION = 1;
				DEVELOPMENT_TEAM = RGD5MKD799;
				GENERATE_INFOPLIST_FILE = YES;
				IPHONEOS_DEPLOYMENT_TARGET = 16.1;
				MARKETING_VERSION = 1.0;
				PRODUCT_BUNDLE_IDENTIFIER = com.study.EssentialFeediOSTests;
				PRODUCT_NAME = "$(TARGET_NAME)";
				SWIFT_EMIT_LOC_STRINGS = NO;
				SWIFT_VERSION = 5.0;
				TARGETED_DEVICE_FAMILY = "1,2";
			};
			name = Debug;
		};
		6217EF4629543C420050BC45 /* Release */ = {
			isa = XCBuildConfiguration;
			buildSettings = {
				CLANG_CXX_LANGUAGE_STANDARD = "gnu++20";
				CODE_SIGN_STYLE = Automatic;
				CURRENT_PROJECT_VERSION = 1;
				DEVELOPMENT_TEAM = RGD5MKD799;
				GENERATE_INFOPLIST_FILE = YES;
				IPHONEOS_DEPLOYMENT_TARGET = 16.1;
				MARKETING_VERSION = 1.0;
				PRODUCT_BUNDLE_IDENTIFIER = com.study.EssentialFeediOSTests;
				PRODUCT_NAME = "$(TARGET_NAME)";
				SWIFT_EMIT_LOC_STRINGS = NO;
				SWIFT_VERSION = 5.0;
				TARGETED_DEVICE_FAMILY = "1,2";
			};
			name = Release;
		};
		62469037283768EE006C4046 /* Debug */ = {
			isa = XCBuildConfiguration;
			buildSettings = {
				ALWAYS_SEARCH_USER_PATHS = NO;
				CLANG_ANALYZER_LOCALIZABILITY_NONLOCALIZED = YES;
				CLANG_ANALYZER_NONNULL = YES;
				CLANG_ANALYZER_NUMBER_OBJECT_CONVERSION = YES_AGGRESSIVE;
				CLANG_CXX_LANGUAGE_STANDARD = "gnu++17";
				CLANG_ENABLE_MODULES = YES;
				CLANG_ENABLE_OBJC_ARC = YES;
				CLANG_ENABLE_OBJC_WEAK = YES;
				CLANG_WARN_BLOCK_CAPTURE_AUTORELEASING = YES;
				CLANG_WARN_BOOL_CONVERSION = YES;
				CLANG_WARN_COMMA = YES;
				CLANG_WARN_CONSTANT_CONVERSION = YES;
				CLANG_WARN_DEPRECATED_OBJC_IMPLEMENTATIONS = YES;
				CLANG_WARN_DIRECT_OBJC_ISA_USAGE = YES_ERROR;
				CLANG_WARN_DOCUMENTATION_COMMENTS = YES;
				CLANG_WARN_EMPTY_BODY = YES;
				CLANG_WARN_ENUM_CONVERSION = YES;
				CLANG_WARN_INFINITE_RECURSION = YES;
				CLANG_WARN_INT_CONVERSION = YES;
				CLANG_WARN_NON_LITERAL_NULL_CONVERSION = YES;
				CLANG_WARN_OBJC_IMPLICIT_RETAIN_SELF = YES;
				CLANG_WARN_OBJC_LITERAL_CONVERSION = YES;
				CLANG_WARN_OBJC_ROOT_CLASS = YES_ERROR;
				CLANG_WARN_QUOTED_INCLUDE_IN_FRAMEWORK_HEADER = YES;
				CLANG_WARN_RANGE_LOOP_ANALYSIS = YES;
				CLANG_WARN_STRICT_PROTOTYPES = YES;
				CLANG_WARN_SUSPICIOUS_MOVE = YES;
				CLANG_WARN_UNGUARDED_AVAILABILITY = YES_AGGRESSIVE;
				CLANG_WARN_UNREACHABLE_CODE = YES;
				CLANG_WARN__DUPLICATE_METHOD_MATCH = YES;
				COPY_PHASE_STRIP = NO;
				CURRENT_PROJECT_VERSION = 1;
				DEBUG_INFORMATION_FORMAT = dwarf;
				ENABLE_STRICT_OBJC_MSGSEND = YES;
				ENABLE_TESTABILITY = YES;
				GCC_C_LANGUAGE_STANDARD = gnu11;
				GCC_DYNAMIC_NO_PIC = NO;
				GCC_NO_COMMON_BLOCKS = YES;
				GCC_OPTIMIZATION_LEVEL = 0;
				GCC_PREPROCESSOR_DEFINITIONS = (
					"DEBUG=1",
					"$(inherited)",
				);
				GCC_WARN_64_TO_32_BIT_CONVERSION = YES;
				GCC_WARN_ABOUT_RETURN_TYPE = YES_ERROR;
				GCC_WARN_UNDECLARED_SELECTOR = YES;
				GCC_WARN_UNINITIALIZED_AUTOS = YES_AGGRESSIVE;
				GCC_WARN_UNUSED_FUNCTION = YES;
				GCC_WARN_UNUSED_VARIABLE = YES;
				IPHONEOS_DEPLOYMENT_TARGET = 15.5;
				MTL_ENABLE_DEBUG_INFO = INCLUDE_SOURCE;
				MTL_FAST_MATH = YES;
				ONLY_ACTIVE_ARCH = YES;
				SDKROOT = iphoneos;
				SWIFT_ACTIVE_COMPILATION_CONDITIONS = DEBUG;
				SWIFT_OPTIMIZATION_LEVEL = "-Onone";
				VERSIONING_SYSTEM = "apple-generic";
				VERSION_INFO_PREFIX = "";
			};
			name = Debug;
		};
		62469038283768EE006C4046 /* Release */ = {
			isa = XCBuildConfiguration;
			buildSettings = {
				ALWAYS_SEARCH_USER_PATHS = NO;
				CLANG_ANALYZER_LOCALIZABILITY_NONLOCALIZED = YES;
				CLANG_ANALYZER_NONNULL = YES;
				CLANG_ANALYZER_NUMBER_OBJECT_CONVERSION = YES_AGGRESSIVE;
				CLANG_CXX_LANGUAGE_STANDARD = "gnu++17";
				CLANG_ENABLE_MODULES = YES;
				CLANG_ENABLE_OBJC_ARC = YES;
				CLANG_ENABLE_OBJC_WEAK = YES;
				CLANG_WARN_BLOCK_CAPTURE_AUTORELEASING = YES;
				CLANG_WARN_BOOL_CONVERSION = YES;
				CLANG_WARN_COMMA = YES;
				CLANG_WARN_CONSTANT_CONVERSION = YES;
				CLANG_WARN_DEPRECATED_OBJC_IMPLEMENTATIONS = YES;
				CLANG_WARN_DIRECT_OBJC_ISA_USAGE = YES_ERROR;
				CLANG_WARN_DOCUMENTATION_COMMENTS = YES;
				CLANG_WARN_EMPTY_BODY = YES;
				CLANG_WARN_ENUM_CONVERSION = YES;
				CLANG_WARN_INFINITE_RECURSION = YES;
				CLANG_WARN_INT_CONVERSION = YES;
				CLANG_WARN_NON_LITERAL_NULL_CONVERSION = YES;
				CLANG_WARN_OBJC_IMPLICIT_RETAIN_SELF = YES;
				CLANG_WARN_OBJC_LITERAL_CONVERSION = YES;
				CLANG_WARN_OBJC_ROOT_CLASS = YES_ERROR;
				CLANG_WARN_QUOTED_INCLUDE_IN_FRAMEWORK_HEADER = YES;
				CLANG_WARN_RANGE_LOOP_ANALYSIS = YES;
				CLANG_WARN_STRICT_PROTOTYPES = YES;
				CLANG_WARN_SUSPICIOUS_MOVE = YES;
				CLANG_WARN_UNGUARDED_AVAILABILITY = YES_AGGRESSIVE;
				CLANG_WARN_UNREACHABLE_CODE = YES;
				CLANG_WARN__DUPLICATE_METHOD_MATCH = YES;
				COPY_PHASE_STRIP = NO;
				CURRENT_PROJECT_VERSION = 1;
				DEBUG_INFORMATION_FORMAT = "dwarf-with-dsym";
				ENABLE_NS_ASSERTIONS = NO;
				ENABLE_STRICT_OBJC_MSGSEND = YES;
				GCC_C_LANGUAGE_STANDARD = gnu11;
				GCC_NO_COMMON_BLOCKS = YES;
				GCC_WARN_64_TO_32_BIT_CONVERSION = YES;
				GCC_WARN_ABOUT_RETURN_TYPE = YES_ERROR;
				GCC_WARN_UNDECLARED_SELECTOR = YES;
				GCC_WARN_UNINITIALIZED_AUTOS = YES_AGGRESSIVE;
				GCC_WARN_UNUSED_FUNCTION = YES;
				GCC_WARN_UNUSED_VARIABLE = YES;
				IPHONEOS_DEPLOYMENT_TARGET = 15.5;
				MTL_ENABLE_DEBUG_INFO = NO;
				MTL_FAST_MATH = YES;
				SDKROOT = iphoneos;
				SWIFT_COMPILATION_MODE = wholemodule;
				SWIFT_OPTIMIZATION_LEVEL = "-O";
				VALIDATE_PRODUCT = YES;
				VERSIONING_SYSTEM = "apple-generic";
				VERSION_INFO_PREFIX = "";
			};
			name = Release;
		};
		6246903A283768EE006C4046 /* Debug */ = {
			isa = XCBuildConfiguration;
			buildSettings = {
				CODE_SIGN_STYLE = Automatic;
				CURRENT_PROJECT_VERSION = 1;
				DEFINES_MODULE = YES;
				DEVELOPMENT_TEAM = RGD5MKD799;
				DYLIB_COMPATIBILITY_VERSION = 1;
				DYLIB_CURRENT_VERSION = 1;
				DYLIB_INSTALL_NAME_BASE = "@rpath";
				GENERATE_INFOPLIST_FILE = YES;
				INFOPLIST_KEY_NSHumanReadableCopyright = "";
				INSTALL_PATH = "$(LOCAL_LIBRARY_DIR)/Frameworks";
				LD_RUNPATH_SEARCH_PATHS = (
					"$(inherited)",
					"@executable_path/Frameworks",
					"@loader_path/Frameworks",
				);
				MARKETING_VERSION = 1.0;
				PRODUCT_BUNDLE_IDENTIFIER = study.EssentialDeveloperFeed;
				PRODUCT_NAME = "$(TARGET_NAME:c99extidentifier)";
				SKIP_INSTALL = YES;
				SUPPORTED_PLATFORMS = "iphonesimulator iphoneos macOS";
				SWIFT_EMIT_LOC_STRINGS = YES;
				SWIFT_VERSION = 5.0;
				TARGETED_DEVICE_FAMILY = "1,2";
			};
			name = Debug;
		};
		6246903B283768EE006C4046 /* Release */ = {
			isa = XCBuildConfiguration;
			buildSettings = {
				CODE_SIGN_STYLE = Automatic;
				CURRENT_PROJECT_VERSION = 1;
				DEFINES_MODULE = YES;
				DEVELOPMENT_TEAM = RGD5MKD799;
				DYLIB_COMPATIBILITY_VERSION = 1;
				DYLIB_CURRENT_VERSION = 1;
				DYLIB_INSTALL_NAME_BASE = "@rpath";
				GENERATE_INFOPLIST_FILE = YES;
				INFOPLIST_KEY_NSHumanReadableCopyright = "";
				INSTALL_PATH = "$(LOCAL_LIBRARY_DIR)/Frameworks";
				LD_RUNPATH_SEARCH_PATHS = (
					"$(inherited)",
					"@executable_path/Frameworks",
					"@loader_path/Frameworks",
				);
				MARKETING_VERSION = 1.0;
				PRODUCT_BUNDLE_IDENTIFIER = study.EssentialDeveloperFeed;
				PRODUCT_NAME = "$(TARGET_NAME:c99extidentifier)";
				SKIP_INSTALL = YES;
				SUPPORTED_PLATFORMS = "iphonesimulator iphoneos macOS";
				SWIFT_EMIT_LOC_STRINGS = YES;
				SWIFT_VERSION = 5.0;
				TARGETED_DEVICE_FAMILY = "1,2";
			};
			name = Release;
		};
		6246903D283768EE006C4046 /* Debug */ = {
			isa = XCBuildConfiguration;
			buildSettings = {
				ALWAYS_EMBED_SWIFT_STANDARD_LIBRARIES = YES;
				CODE_SIGN_STYLE = Automatic;
				CURRENT_PROJECT_VERSION = 1;
				DEVELOPMENT_TEAM = RGD5MKD799;
				GENERATE_INFOPLIST_FILE = YES;
				MARKETING_VERSION = 1.0;
				PRODUCT_BUNDLE_IDENTIFIER = study.EssentialDeveloperFeedTests;
				PRODUCT_NAME = "$(TARGET_NAME)";
				SUPPORTED_PLATFORMS = "iphonesimulator iphoneos macOS";
				SWIFT_EMIT_LOC_STRINGS = NO;
				SWIFT_VERSION = 5.0;
				TARGETED_DEVICE_FAMILY = "1,2";
			};
			name = Debug;
		};
		6246903E283768EE006C4046 /* Release */ = {
			isa = XCBuildConfiguration;
			buildSettings = {
				ALWAYS_EMBED_SWIFT_STANDARD_LIBRARIES = YES;
				CODE_SIGN_STYLE = Automatic;
				CURRENT_PROJECT_VERSION = 1;
				DEVELOPMENT_TEAM = RGD5MKD799;
				GENERATE_INFOPLIST_FILE = YES;
				MARKETING_VERSION = 1.0;
				PRODUCT_BUNDLE_IDENTIFIER = study.EssentialDeveloperFeedTests;
				PRODUCT_NAME = "$(TARGET_NAME)";
				SUPPORTED_PLATFORMS = "iphonesimulator iphoneos macOS";
				SWIFT_EMIT_LOC_STRINGS = NO;
				SWIFT_VERSION = 5.0;
				TARGETED_DEVICE_FAMILY = "1,2";
			};
			name = Release;
		};
		62601FB629168BD4008CBA90 /* Debug */ = {
			isa = XCBuildConfiguration;
			buildSettings = {
				CLANG_CXX_LANGUAGE_STANDARD = "gnu++20";
				CODE_SIGN_STYLE = Automatic;
				CURRENT_PROJECT_VERSION = 1;
				DEFINES_MODULE = YES;
				DEVELOPMENT_TEAM = RGD5MKD799;
				DYLIB_COMPATIBILITY_VERSION = 1;
				DYLIB_CURRENT_VERSION = 1;
				DYLIB_INSTALL_NAME_BASE = "@rpath";
				GENERATE_INFOPLIST_FILE = YES;
				INFOPLIST_KEY_NSHumanReadableCopyright = "";
				INSTALL_PATH = "$(LOCAL_LIBRARY_DIR)/Frameworks";
				IPHONEOS_DEPLOYMENT_TARGET = 16.1;
				LD_RUNPATH_SEARCH_PATHS = (
					"$(inherited)",
					"@executable_path/Frameworks",
					"@loader_path/Frameworks",
				);
				MARKETING_VERSION = 1.0;
				PRODUCT_BUNDLE_IDENTIFIER = com.study.EssentialFeediOS;
				PRODUCT_NAME = "$(TARGET_NAME:c99extidentifier)";
				SKIP_INSTALL = YES;
				SUPPORTED_PLATFORMS = "iphoneos iphonesimulator";
				SUPPORTS_MACCATALYST = NO;
				SUPPORTS_MAC_DESIGNED_FOR_IPHONE_IPAD = NO;
				SWIFT_EMIT_LOC_STRINGS = YES;
				SWIFT_VERSION = 5.0;
				TARGETED_DEVICE_FAMILY = "1,2";
			};
			name = Debug;
		};
		62601FB729168BD4008CBA90 /* Release */ = {
			isa = XCBuildConfiguration;
			buildSettings = {
				CLANG_CXX_LANGUAGE_STANDARD = "gnu++20";
				CODE_SIGN_STYLE = Automatic;
				CURRENT_PROJECT_VERSION = 1;
				DEFINES_MODULE = YES;
				DEVELOPMENT_TEAM = RGD5MKD799;
				DYLIB_COMPATIBILITY_VERSION = 1;
				DYLIB_CURRENT_VERSION = 1;
				DYLIB_INSTALL_NAME_BASE = "@rpath";
				GENERATE_INFOPLIST_FILE = YES;
				INFOPLIST_KEY_NSHumanReadableCopyright = "";
				INSTALL_PATH = "$(LOCAL_LIBRARY_DIR)/Frameworks";
				IPHONEOS_DEPLOYMENT_TARGET = 16.1;
				LD_RUNPATH_SEARCH_PATHS = (
					"$(inherited)",
					"@executable_path/Frameworks",
					"@loader_path/Frameworks",
				);
				MARKETING_VERSION = 1.0;
				PRODUCT_BUNDLE_IDENTIFIER = com.study.EssentialFeediOS;
				PRODUCT_NAME = "$(TARGET_NAME:c99extidentifier)";
				SKIP_INSTALL = YES;
				SUPPORTED_PLATFORMS = "iphoneos iphonesimulator";
				SUPPORTS_MACCATALYST = NO;
				SUPPORTS_MAC_DESIGNED_FOR_IPHONE_IPAD = NO;
				SWIFT_EMIT_LOC_STRINGS = YES;
				SWIFT_VERSION = 5.0;
				TARGETED_DEVICE_FAMILY = "1,2";
			};
			name = Release;
		};
		62F18D7F28FFD26600D3DD04 /* Debug */ = {
			isa = XCBuildConfiguration;
			buildSettings = {
				CLANG_CXX_LANGUAGE_STANDARD = "gnu++20";
				CODE_SIGN_STYLE = Automatic;
				CURRENT_PROJECT_VERSION = 1;
				DEVELOPMENT_TEAM = RGD5MKD799;
				GENERATE_INFOPLIST_FILE = YES;
				IPHONEOS_DEPLOYMENT_TARGET = 16.0;
				MARKETING_VERSION = 1.0;
				PRODUCT_BUNDLE_IDENTIFIER = com.study.EssentialDeveloperFeedCacheIntegrationTests;
				PRODUCT_NAME = "$(TARGET_NAME)";
				SUPPORTED_PLATFORMS = "iphonesimulator iphoneos macOS";
				SWIFT_EMIT_LOC_STRINGS = NO;
				SWIFT_VERSION = 5.0;
				TARGETED_DEVICE_FAMILY = "1,2";
			};
			name = Debug;
		};
		62F18D8028FFD26600D3DD04 /* Release */ = {
			isa = XCBuildConfiguration;
			buildSettings = {
				CLANG_CXX_LANGUAGE_STANDARD = "gnu++20";
				CODE_SIGN_STYLE = Automatic;
				CURRENT_PROJECT_VERSION = 1;
				DEVELOPMENT_TEAM = RGD5MKD799;
				GENERATE_INFOPLIST_FILE = YES;
				IPHONEOS_DEPLOYMENT_TARGET = 16.0;
				MARKETING_VERSION = 1.0;
				PRODUCT_BUNDLE_IDENTIFIER = com.study.EssentialDeveloperFeedCacheIntegrationTests;
				PRODUCT_NAME = "$(TARGET_NAME)";
				SUPPORTED_PLATFORMS = "iphonesimulator iphoneos macOS";
				SWIFT_EMIT_LOC_STRINGS = NO;
				SWIFT_VERSION = 5.0;
				TARGETED_DEVICE_FAMILY = "1,2";
			};
			name = Release;
		};
		62F594722864450F00FE48B8 /* Debug */ = {
			isa = XCBuildConfiguration;
			buildSettings = {
				CODE_SIGN_STYLE = Automatic;
				CURRENT_PROJECT_VERSION = 1;
				DEVELOPMENT_TEAM = RGD5MKD799;
				GENERATE_INFOPLIST_FILE = YES;
				MACOSX_DEPLOYMENT_TARGET = 12.3;
				MARKETING_VERSION = 1.0;
				PRODUCT_BUNDLE_IDENTIFIER = com.study.EssentialFeedApiEndToEndTest;
				PRODUCT_NAME = "$(TARGET_NAME)";
				SDKROOT = iphoneos;
				SUPPORTED_PLATFORMS = "iphonesimulator iphoneos macOS";
				SWIFT_EMIT_LOC_STRINGS = NO;
				SWIFT_VERSION = 5.0;
			};
			name = Debug;
		};
		62F594732864450F00FE48B8 /* Release */ = {
			isa = XCBuildConfiguration;
			buildSettings = {
				CODE_SIGN_STYLE = Automatic;
				CURRENT_PROJECT_VERSION = 1;
				DEVELOPMENT_TEAM = RGD5MKD799;
				GENERATE_INFOPLIST_FILE = YES;
				MACOSX_DEPLOYMENT_TARGET = 12.3;
				MARKETING_VERSION = 1.0;
				PRODUCT_BUNDLE_IDENTIFIER = com.study.EssentialFeedApiEndToEndTest;
				PRODUCT_NAME = "$(TARGET_NAME)";
				SDKROOT = iphoneos;
				SUPPORTED_PLATFORMS = "iphonesimulator iphoneos macOS";
				SWIFT_EMIT_LOC_STRINGS = NO;
				SWIFT_VERSION = 5.0;
			};
			name = Release;
		};
/* End XCBuildConfiguration section */

/* Begin XCConfigurationList section */
		6217EF4429543C420050BC45 /* Build configuration list for PBXNativeTarget "EssentialFeediOSTests" */ = {
			isa = XCConfigurationList;
			buildConfigurations = (
				6217EF4529543C420050BC45 /* Debug */,
				6217EF4629543C420050BC45 /* Release */,
			);
			defaultConfigurationIsVisible = 0;
			defaultConfigurationName = Release;
		};
		6246901F283768EE006C4046 /* Build configuration list for PBXProject "EssentialDeveloperFeed" */ = {
			isa = XCConfigurationList;
			buildConfigurations = (
				62469037283768EE006C4046 /* Debug */,
				62469038283768EE006C4046 /* Release */,
			);
			defaultConfigurationIsVisible = 0;
			defaultConfigurationName = Release;
		};
		62469039283768EE006C4046 /* Build configuration list for PBXNativeTarget "EssentialDeveloperFeed" */ = {
			isa = XCConfigurationList;
			buildConfigurations = (
				6246903A283768EE006C4046 /* Debug */,
				6246903B283768EE006C4046 /* Release */,
			);
			defaultConfigurationIsVisible = 0;
			defaultConfigurationName = Release;
		};
		6246903C283768EE006C4046 /* Build configuration list for PBXNativeTarget "EssentialDeveloperFeedTests" */ = {
			isa = XCConfigurationList;
			buildConfigurations = (
				6246903D283768EE006C4046 /* Debug */,
				6246903E283768EE006C4046 /* Release */,
			);
			defaultConfigurationIsVisible = 0;
			defaultConfigurationName = Release;
		};
		62601FB529168BD4008CBA90 /* Build configuration list for PBXNativeTarget "EssentialFeediOS" */ = {
			isa = XCConfigurationList;
			buildConfigurations = (
				62601FB629168BD4008CBA90 /* Debug */,
				62601FB729168BD4008CBA90 /* Release */,
			);
			defaultConfigurationIsVisible = 0;
			defaultConfigurationName = Release;
		};
		62F18D8128FFD26600D3DD04 /* Build configuration list for PBXNativeTarget "EssentialDeveloperFeedCacheIntegrationTests" */ = {
			isa = XCConfigurationList;
			buildConfigurations = (
				62F18D7F28FFD26600D3DD04 /* Debug */,
				62F18D8028FFD26600D3DD04 /* Release */,
			);
			defaultConfigurationIsVisible = 0;
			defaultConfigurationName = Release;
		};
		62F594742864450F00FE48B8 /* Build configuration list for PBXNativeTarget "EssentialFeedApiEndToEndTest" */ = {
			isa = XCConfigurationList;
			buildConfigurations = (
				62F594722864450F00FE48B8 /* Debug */,
				62F594732864450F00FE48B8 /* Release */,
			);
			defaultConfigurationIsVisible = 0;
			defaultConfigurationName = Release;
		};
/* End XCConfigurationList section */

/* Begin XCVersionGroup section */
		62DE32A329470D830062EBE1 /* FeedStore.xcdatamodeld */ = {
			isa = XCVersionGroup;
			children = (
				62DE32A429470D830062EBE1 /* FeedStore2.xcdatamodel */,
				62DE32A529470D830062EBE1 /* FeedStore.xcdatamodel */,
			);
			currentVersion = 62DE32A429470D830062EBE1 /* FeedStore2.xcdatamodel */;
			path = FeedStore.xcdatamodeld;
			sourceTree = "<group>";
			versionGroupType = wrapper.xcdatamodel;
		};
/* End XCVersionGroup section */
	};
	rootObject = 6246901C283768EE006C4046 /* Project object */;
}
